PODS:
  - DACircularProgress (2.2.0)
  - Mixpanel (2.6.2):
    - Mixpanel/MPCategoryHelpers (= 2.6.2)
  - Mixpanel/MPCategoryHelpers (2.6.2)

DEPENDENCIES:
  - DACircularProgress
  - Mixpanel

SPEC CHECKSUMS:
  DACircularProgress: 3b41941891a56dc6aa17971f5322a9a38a6f446e
  Mixpanel: c075cedebda3328ce1ee29a18429e265ce967cd8

COCOAPODS: 0.35.0
