// !$*UTF8*$!
{
	archiveVersion = 1;
	classes = {
	};
	objectVersion = 46;
	objects = {

/* Begin PBXBuildFile section */
		D70241831746D7F1008954FD /* VaavudIcon114.png in Resources */ = {isa = PBXBuildFile; fileRef = D70241821746D7F1008954FD /* VaavudIcon114.png */; };
		D70241851746D7F6008954FD /* VaavudIcon57.png in Resources */ = {isa = PBXBuildFile; fileRef = D70241841746D7F6008954FD /* VaavudIcon57.png */; };
		D70241DA17478B7A008954FD /* libCorePlot-CocoaTouch.a in Frameworks */ = {isa = PBXBuildFile; fileRef = D70241D917478B7A008954FD /* libCorePlot-CocoaTouch.a */; };
		D7092E8A1748FE9C00993235 /* vaavudDynamicsController.m in Sources */ = {isa = PBXBuildFile; fileRef = D7092E891748FE9C00993235 /* vaavudDynamicsController.m */; };
		D71BE13717439AA000B38E34 /* vaavudFFT.m in Sources */ = {isa = PBXBuildFile; fileRef = D71BE13617439AA000B38E34 /* vaavudFFT.m */; };
		D7409DAA1769C1A900890CC9 /* startButton.png in Resources */ = {isa = PBXBuildFile; fileRef = D7409DA61769C1A900890CC9 /* startButton.png */; };
		D7409DAB1769C1A900890CC9 /* startButton@2x.png in Resources */ = {isa = PBXBuildFile; fileRef = D7409DA71769C1A900890CC9 /* startButton@2x.png */; };
		D7409DAC1769C1A900890CC9 /* stopButton.png in Resources */ = {isa = PBXBuildFile; fileRef = D7409DA81769C1A900890CC9 /* stopButton.png */; };
		D7409DAD1769C1A900890CC9 /* stopButton@2x.png in Resources */ = {isa = PBXBuildFile; fileRef = D7409DA91769C1A900890CC9 /* stopButton@2x.png */; };
		D7A4F1CB173A8DDB00D1ACEE /* UIKit.framework in Frameworks */ = {isa = PBXBuildFile; fileRef = D7A4F1CA173A8DDB00D1ACEE /* UIKit.framework */; };
		D7A4F1CD173A8DDB00D1ACEE /* Foundation.framework in Frameworks */ = {isa = PBXBuildFile; fileRef = D7A4F1CC173A8DDB00D1ACEE /* Foundation.framework */; };
		D7A4F1CF173A8DDB00D1ACEE /* CoreGraphics.framework in Frameworks */ = {isa = PBXBuildFile; fileRef = D7A4F1CE173A8DDB00D1ACEE /* CoreGraphics.framework */; };
		D7A4F1D5173A8DDB00D1ACEE /* InfoPlist.strings in Resources */ = {isa = PBXBuildFile; fileRef = D7A4F1D3173A8DDB00D1ACEE /* InfoPlist.strings */; };
		D7A4F1D7173A8DDB00D1ACEE /* main.m in Sources */ = {isa = PBXBuildFile; fileRef = D7A4F1D6173A8DDB00D1ACEE /* main.m */; };
		D7A4F1DB173A8DDB00D1ACEE /* vaavudAppDelegate.m in Sources */ = {isa = PBXBuildFile; fileRef = D7A4F1DA173A8DDB00D1ACEE /* vaavudAppDelegate.m */; };
		D7A4F1DD173A8DDB00D1ACEE /* Default.png in Resources */ = {isa = PBXBuildFile; fileRef = D7A4F1DC173A8DDB00D1ACEE /* Default.png */; };
		D7A4F1DF173A8DDB00D1ACEE /* Default@2x.png in Resources */ = {isa = PBXBuildFile; fileRef = D7A4F1DE173A8DDB00D1ACEE /* Default@2x.png */; };
		D7A4F1E1173A8DDB00D1ACEE /* Default-568h@2x.png in Resources */ = {isa = PBXBuildFile; fileRef = D7A4F1E0173A8DDB00D1ACEE /* Default-568h@2x.png */; };
		D7A4F1E4173A8DDB00D1ACEE /* MainStoryboard.storyboard in Resources */ = {isa = PBXBuildFile; fileRef = D7A4F1E2173A8DDB00D1ACEE /* MainStoryboard.storyboard */; };
		D7A4F1E7173A8DDB00D1ACEE /* vaavudViewController.m in Sources */ = {isa = PBXBuildFile; fileRef = D7A4F1E6173A8DDB00D1ACEE /* vaavudViewController.m */; };
		D7A4F1F2173A8FAB00D1ACEE /* VaavudCoreController.m in Sources */ = {isa = PBXBuildFile; fileRef = D7A4F1F1173A8FAB00D1ACEE /* VaavudCoreController.m */; };
		D7A4F1F4173A9FC200D1ACEE /* CoreMotion.framework in Frameworks */ = {isa = PBXBuildFile; fileRef = D7A4F1F3173A9FC200D1ACEE /* CoreMotion.framework */; };
		D7B5BD4B17574E8C0069F739 /* VaavudTransparent100px.png in Resources */ = {isa = PBXBuildFile; fileRef = D7B5BD4A17574E8C0069F739 /* VaavudTransparent100px.png */; };
		D7B5BD4D17574E970069F739 /* VaavudTransparent100px@2x.png in Resources */ = {isa = PBXBuildFile; fileRef = D7B5BD4C17574E970069F739 /* VaavudTransparent100px@2x.png */; };
		D7B5BD51175775EB0069F739 /* vaavudGraphHostingView.m in Sources */ = {isa = PBXBuildFile; fileRef = D7B5BD50175775EB0069F739 /* vaavudGraphHostingView.m */; };
		D7B5BD531757A23C0069F739 /* CoreLocation.framework in Frameworks */ = {isa = PBXBuildFile; fileRef = D7B5BD521757A23C0069F739 /* CoreLocation.framework */; };
		D7C860EE173AD08F005E9946 /* QuartzCore.framework in Frameworks */ = {isa = PBXBuildFile; fileRef = D7C860ED173AD08F005E9946 /* QuartzCore.framework */; };
		D7C860FA173B061E005E9946 /* VaavudMagneticFieldDataManager.m in Sources */ = {isa = PBXBuildFile; fileRef = D7C860F9173B061E005E9946 /* VaavudMagneticFieldDataManager.m */; };
		D7DA72411743C1CD00DFE962 /* Accelerate.framework in Frameworks */ = {isa = PBXBuildFile; fileRef = D7DA72401743C1CD00DFE962 /* Accelerate.framework */; };
		E9B627AC17707AF2004678D5 /* MeasurementSession.m in Sources */ = {isa = PBXBuildFile; fileRef = E9B627AB17707AF2004678D5 /* MeasurementSession.m */; };
		E9DC26D8176F44B3003BACE8 /* MagicalImportFunctions.m in Sources */ = {isa = PBXBuildFile; fileRef = E9DC26A0176F44B3003BACE8 /* MagicalImportFunctions.m */; };
		E9DC26D9176F44B3003BACE8 /* NSAttributeDescription+MagicalDataImport.m in Sources */ = {isa = PBXBuildFile; fileRef = E9DC26A2176F44B3003BACE8 /* NSAttributeDescription+MagicalDataImport.m */; };
		E9DC26DA176F44B3003BACE8 /* NSEntityDescription+MagicalDataImport.m in Sources */ = {isa = PBXBuildFile; fileRef = E9DC26A4176F44B3003BACE8 /* NSEntityDescription+MagicalDataImport.m */; };
		E9DC26DB176F44B3003BACE8 /* NSNumber+MagicalDataImport.m in Sources */ = {isa = PBXBuildFile; fileRef = E9DC26A6176F44B3003BACE8 /* NSNumber+MagicalDataImport.m */; };
		E9DC26DC176F44B3003BACE8 /* NSObject+MagicalDataImport.m in Sources */ = {isa = PBXBuildFile; fileRef = E9DC26A8176F44B3003BACE8 /* NSObject+MagicalDataImport.m */; };
		E9DC26DD176F44B3003BACE8 /* NSRelationshipDescription+MagicalDataImport.m in Sources */ = {isa = PBXBuildFile; fileRef = E9DC26AA176F44B3003BACE8 /* NSRelationshipDescription+MagicalDataImport.m */; };
		E9DC26DE176F44B3003BACE8 /* NSString+MagicalDataImport.m in Sources */ = {isa = PBXBuildFile; fileRef = E9DC26AC176F44B3003BACE8 /* NSString+MagicalDataImport.m */; };
		E9DC26DF176F44B3003BACE8 /* NSManagedObject+MagicalAggregation.m in Sources */ = {isa = PBXBuildFile; fileRef = E9DC26AF176F44B3003BACE8 /* NSManagedObject+MagicalAggregation.m */; };
		E9DC26E0176F44B3003BACE8 /* NSManagedObject+MagicalDataImport.m in Sources */ = {isa = PBXBuildFile; fileRef = E9DC26B1176F44B3003BACE8 /* NSManagedObject+MagicalDataImport.m */; };
		E9DC26E1176F44B3003BACE8 /* NSManagedObject+MagicalFinders.m in Sources */ = {isa = PBXBuildFile; fileRef = E9DC26B3176F44B3003BACE8 /* NSManagedObject+MagicalFinders.m */; };
		E9DC26E2176F44B3003BACE8 /* NSManagedObject+MagicalRecord.m in Sources */ = {isa = PBXBuildFile; fileRef = E9DC26B5176F44B3003BACE8 /* NSManagedObject+MagicalRecord.m */; };
		E9DC26E3176F44B3003BACE8 /* NSManagedObject+MagicalRequests.m in Sources */ = {isa = PBXBuildFile; fileRef = E9DC26B7176F44B3003BACE8 /* NSManagedObject+MagicalRequests.m */; };
		E9DC26E4176F44B3003BACE8 /* NSManagedObjectContext+MagicalObserving.m in Sources */ = {isa = PBXBuildFile; fileRef = E9DC26BA176F44B3003BACE8 /* NSManagedObjectContext+MagicalObserving.m */; };
		E9DC26E5176F44B3003BACE8 /* NSManagedObjectContext+MagicalRecord.m in Sources */ = {isa = PBXBuildFile; fileRef = E9DC26BC176F44B3003BACE8 /* NSManagedObjectContext+MagicalRecord.m */; };
		E9DC26E6176F44B3003BACE8 /* NSManagedObjectContext+MagicalSaves.m in Sources */ = {isa = PBXBuildFile; fileRef = E9DC26BE176F44B3003BACE8 /* NSManagedObjectContext+MagicalSaves.m */; };
		E9DC26E7176F44B3003BACE8 /* NSManagedObjectContext+MagicalThreading.m in Sources */ = {isa = PBXBuildFile; fileRef = E9DC26C0176F44B3003BACE8 /* NSManagedObjectContext+MagicalThreading.m */; };
		E9DC26E8176F44B3003BACE8 /* NSManagedObjectModel+MagicalRecord.m in Sources */ = {isa = PBXBuildFile; fileRef = E9DC26C2176F44B3003BACE8 /* NSManagedObjectModel+MagicalRecord.m */; };
		E9DC26E9176F44B3003BACE8 /* NSPersistentStore+MagicalRecord.m in Sources */ = {isa = PBXBuildFile; fileRef = E9DC26C4176F44B3003BACE8 /* NSPersistentStore+MagicalRecord.m */; };
		E9DC26EA176F44B3003BACE8 /* NSPersistentStoreCoordinator+MagicalRecord.m in Sources */ = {isa = PBXBuildFile; fileRef = E9DC26C6176F44B3003BACE8 /* NSPersistentStoreCoordinator+MagicalRecord.m */; };
		E9DC26EB176F44B3003BACE8 /* MagicalRecord+Actions.m in Sources */ = {isa = PBXBuildFile; fileRef = E9DC26C9176F44B3003BACE8 /* MagicalRecord+Actions.m */; };
		E9DC26EC176F44B3003BACE8 /* MagicalRecord+ErrorHandling.m in Sources */ = {isa = PBXBuildFile; fileRef = E9DC26CB176F44B3003BACE8 /* MagicalRecord+ErrorHandling.m */; };
		E9DC26ED176F44B3003BACE8 /* MagicalRecord+iCloud.m in Sources */ = {isa = PBXBuildFile; fileRef = E9DC26CD176F44B3003BACE8 /* MagicalRecord+iCloud.m */; };
		E9DC26EE176F44B3003BACE8 /* MagicalRecord+Options.m in Sources */ = {isa = PBXBuildFile; fileRef = E9DC26CF176F44B3003BACE8 /* MagicalRecord+Options.m */; };
		E9DC26EF176F44B3003BACE8 /* MagicalRecord+Setup.m in Sources */ = {isa = PBXBuildFile; fileRef = E9DC26D1176F44B3003BACE8 /* MagicalRecord+Setup.m */; };
		E9DC26F0176F44B3003BACE8 /* MagicalRecord+ShorthandSupport.m in Sources */ = {isa = PBXBuildFile; fileRef = E9DC26D3176F44B3003BACE8 /* MagicalRecord+ShorthandSupport.m */; };
		E9DC26F1176F44B3003BACE8 /* MagicalRecord.m in Sources */ = {isa = PBXBuildFile; fileRef = E9DC26D5176F44B3003BACE8 /* MagicalRecord.m */; };
		E9EE1FA41769E54E00D1F006 /* Model.xcdatamodeld in Sources */ = {isa = PBXBuildFile; fileRef = E9EE1FA21769E54E00D1F006 /* Model.xcdatamodeld */; };
		E9EE1FB41769F9BA00D1F006 /* MeasurementPoint.m in Sources */ = {isa = PBXBuildFile; fileRef = E9EE1FB31769F9BA00D1F006 /* MeasurementPoint.m */; };
		E9EE1FB9176A024B00D1F006 /* CoreData.framework in Frameworks */ = {isa = PBXBuildFile; fileRef = E9EE1FB8176A024B00D1F006 /* CoreData.framework */; };
/* End PBXBuildFile section */

/* Begin PBXFileReference section */
		D70241821746D7F1008954FD /* VaavudIcon114.png */ = {isa = PBXFileReference; lastKnownFileType = image.png; path = VaavudIcon114.png; sourceTree = "<group>"; };
		D70241841746D7F6008954FD /* VaavudIcon57.png */ = {isa = PBXFileReference; lastKnownFileType = image.png; path = VaavudIcon57.png; sourceTree = "<group>"; };
		D702418C17478B79008954FD /* CorePlot-CocoaTouch.h */ = {isa = PBXFileReference; fileEncoding = 4; lastKnownFileType = sourcecode.c.h; path = "CorePlot-CocoaTouch.h"; sourceTree = "<group>"; };
		D702418D17478B79008954FD /* CPTAnimation.h */ = {isa = PBXFileReference; fileEncoding = 4; lastKnownFileType = sourcecode.c.h; path = CPTAnimation.h; sourceTree = "<group>"; };
		D702418E17478B79008954FD /* CPTAnimationOperation.h */ = {isa = PBXFileReference; fileEncoding = 4; lastKnownFileType = sourcecode.c.h; path = CPTAnimationOperation.h; sourceTree = "<group>"; };
		D702418F17478B79008954FD /* CPTAnimationPeriod.h */ = {isa = PBXFileReference; fileEncoding = 4; lastKnownFileType = sourcecode.c.h; path = CPTAnimationPeriod.h; sourceTree = "<group>"; };
		D702419017478B79008954FD /* CPTAnnotation.h */ = {isa = PBXFileReference; fileEncoding = 4; lastKnownFileType = sourcecode.c.h; path = CPTAnnotation.h; sourceTree = "<group>"; };
		D702419117478B79008954FD /* CPTAnnotationHostLayer.h */ = {isa = PBXFileReference; fileEncoding = 4; lastKnownFileType = sourcecode.c.h; path = CPTAnnotationHostLayer.h; sourceTree = "<group>"; };
		D702419217478B79008954FD /* CPTAxis.h */ = {isa = PBXFileReference; fileEncoding = 4; lastKnownFileType = sourcecode.c.h; path = CPTAxis.h; sourceTree = "<group>"; };
		D702419317478B79008954FD /* CPTAxisLabel.h */ = {isa = PBXFileReference; fileEncoding = 4; lastKnownFileType = sourcecode.c.h; path = CPTAxisLabel.h; sourceTree = "<group>"; };
		D702419417478B79008954FD /* CPTAxisLabelGroup.h */ = {isa = PBXFileReference; fileEncoding = 4; lastKnownFileType = sourcecode.c.h; path = CPTAxisLabelGroup.h; sourceTree = "<group>"; };
		D702419517478B79008954FD /* CPTAxisSet.h */ = {isa = PBXFileReference; fileEncoding = 4; lastKnownFileType = sourcecode.c.h; path = CPTAxisSet.h; sourceTree = "<group>"; };
		D702419617478B79008954FD /* CPTAxisTitle.h */ = {isa = PBXFileReference; fileEncoding = 4; lastKnownFileType = sourcecode.c.h; path = CPTAxisTitle.h; sourceTree = "<group>"; };
		D702419717478B79008954FD /* CPTBarPlot.h */ = {isa = PBXFileReference; fileEncoding = 4; lastKnownFileType = sourcecode.c.h; path = CPTBarPlot.h; sourceTree = "<group>"; };
		D702419817478B79008954FD /* CPTBorderedLayer.h */ = {isa = PBXFileReference; fileEncoding = 4; lastKnownFileType = sourcecode.c.h; path = CPTBorderedLayer.h; sourceTree = "<group>"; };
		D702419917478B79008954FD /* CPTCalendarFormatter.h */ = {isa = PBXFileReference; fileEncoding = 4; lastKnownFileType = sourcecode.c.h; path = CPTCalendarFormatter.h; sourceTree = "<group>"; };
		D702419A17478B79008954FD /* CPTColor.h */ = {isa = PBXFileReference; fileEncoding = 4; lastKnownFileType = sourcecode.c.h; path = CPTColor.h; sourceTree = "<group>"; };
		D702419B17478B79008954FD /* CPTColorSpace.h */ = {isa = PBXFileReference; fileEncoding = 4; lastKnownFileType = sourcecode.c.h; path = CPTColorSpace.h; sourceTree = "<group>"; };
		D702419C17478B79008954FD /* CPTConstraints.h */ = {isa = PBXFileReference; fileEncoding = 4; lastKnownFileType = sourcecode.c.h; path = CPTConstraints.h; sourceTree = "<group>"; };
		D702419D17478B79008954FD /* CPTDataSourceTestCase.h */ = {isa = PBXFileReference; fileEncoding = 4; lastKnownFileType = sourcecode.c.h; path = CPTDataSourceTestCase.h; sourceTree = "<group>"; };
		D702419E17478B79008954FD /* CPTDefinitions.h */ = {isa = PBXFileReference; fileEncoding = 4; lastKnownFileType = sourcecode.c.h; path = CPTDefinitions.h; sourceTree = "<group>"; };
		D702419F17478B79008954FD /* CPTDerivedXYGraph.h */ = {isa = PBXFileReference; fileEncoding = 4; lastKnownFileType = sourcecode.c.h; path = CPTDerivedXYGraph.h; sourceTree = "<group>"; };
		D70241A017478B79008954FD /* CPTExceptions.h */ = {isa = PBXFileReference; fileEncoding = 4; lastKnownFileType = sourcecode.c.h; path = CPTExceptions.h; sourceTree = "<group>"; };
		D70241A117478B79008954FD /* CPTFill.h */ = {isa = PBXFileReference; fileEncoding = 4; lastKnownFileType = sourcecode.c.h; path = CPTFill.h; sourceTree = "<group>"; };
		D70241A217478B79008954FD /* CPTGradient.h */ = {isa = PBXFileReference; fileEncoding = 4; lastKnownFileType = sourcecode.c.h; path = CPTGradient.h; sourceTree = "<group>"; };
		D70241A317478B79008954FD /* CPTGraph.h */ = {isa = PBXFileReference; fileEncoding = 4; lastKnownFileType = sourcecode.c.h; path = CPTGraph.h; sourceTree = "<group>"; };
		D70241A417478B79008954FD /* CPTGraphHostingView.h */ = {isa = PBXFileReference; fileEncoding = 4; lastKnownFileType = sourcecode.c.h; path = CPTGraphHostingView.h; sourceTree = "<group>"; };
		D70241A517478B79008954FD /* CPTGridLineGroup.h */ = {isa = PBXFileReference; fileEncoding = 4; lastKnownFileType = sourcecode.c.h; path = CPTGridLineGroup.h; sourceTree = "<group>"; };
		D70241A617478B79008954FD /* CPTGridLines.h */ = {isa = PBXFileReference; fileEncoding = 4; lastKnownFileType = sourcecode.c.h; path = CPTGridLines.h; sourceTree = "<group>"; };
		D70241A717478B79008954FD /* CPTImage.h */ = {isa = PBXFileReference; fileEncoding = 4; lastKnownFileType = sourcecode.c.h; path = CPTImage.h; sourceTree = "<group>"; };
		D70241A817478B79008954FD /* CPTLayer.h */ = {isa = PBXFileReference; fileEncoding = 4; lastKnownFileType = sourcecode.c.h; path = CPTLayer.h; sourceTree = "<group>"; };
		D70241A917478B79008954FD /* CPTLayerAnnotation.h */ = {isa = PBXFileReference; fileEncoding = 4; lastKnownFileType = sourcecode.c.h; path = CPTLayerAnnotation.h; sourceTree = "<group>"; };
		D70241AA17478B79008954FD /* CPTLegend.h */ = {isa = PBXFileReference; fileEncoding = 4; lastKnownFileType = sourcecode.c.h; path = CPTLegend.h; sourceTree = "<group>"; };
		D70241AB17478B79008954FD /* CPTLegendEntry.h */ = {isa = PBXFileReference; fileEncoding = 4; lastKnownFileType = sourcecode.c.h; path = CPTLegendEntry.h; sourceTree = "<group>"; };
		D70241AC17478B79008954FD /* CPTLimitBand.h */ = {isa = PBXFileReference; fileEncoding = 4; lastKnownFileType = sourcecode.c.h; path = CPTLimitBand.h; sourceTree = "<group>"; };
		D70241AD17478B79008954FD /* CPTLineCap.h */ = {isa = PBXFileReference; fileEncoding = 4; lastKnownFileType = sourcecode.c.h; path = CPTLineCap.h; sourceTree = "<group>"; };
		D70241AE17478B79008954FD /* CPTLineStyle.h */ = {isa = PBXFileReference; fileEncoding = 4; lastKnownFileType = sourcecode.c.h; path = CPTLineStyle.h; sourceTree = "<group>"; };
		D70241AF17478B79008954FD /* CPTMutableLineStyle.h */ = {isa = PBXFileReference; fileEncoding = 4; lastKnownFileType = sourcecode.c.h; path = CPTMutableLineStyle.h; sourceTree = "<group>"; };
		D70241B017478B79008954FD /* CPTMutableNumericData+TypeConversion.h */ = {isa = PBXFileReference; fileEncoding = 4; lastKnownFileType = sourcecode.c.h; path = "CPTMutableNumericData+TypeConversion.h"; sourceTree = "<group>"; };
		D70241B117478B79008954FD /* CPTMutableNumericData.h */ = {isa = PBXFileReference; fileEncoding = 4; lastKnownFileType = sourcecode.c.h; path = CPTMutableNumericData.h; sourceTree = "<group>"; };
		D70241B217478B79008954FD /* CPTMutablePlotRange.h */ = {isa = PBXFileReference; fileEncoding = 4; lastKnownFileType = sourcecode.c.h; path = CPTMutablePlotRange.h; sourceTree = "<group>"; };
		D70241B317478B79008954FD /* CPTMutableShadow.h */ = {isa = PBXFileReference; fileEncoding = 4; lastKnownFileType = sourcecode.c.h; path = CPTMutableShadow.h; sourceTree = "<group>"; };
		D70241B417478B79008954FD /* CPTMutableTextStyle.h */ = {isa = PBXFileReference; fileEncoding = 4; lastKnownFileType = sourcecode.c.h; path = CPTMutableTextStyle.h; sourceTree = "<group>"; };
		D70241B517478B79008954FD /* CPTNumericData+TypeConversion.h */ = {isa = PBXFileReference; fileEncoding = 4; lastKnownFileType = sourcecode.c.h; path = "CPTNumericData+TypeConversion.h"; sourceTree = "<group>"; };
		D70241B617478B79008954FD /* CPTNumericData.h */ = {isa = PBXFileReference; fileEncoding = 4; lastKnownFileType = sourcecode.c.h; path = CPTNumericData.h; sourceTree = "<group>"; };
		D70241B717478B79008954FD /* CPTNumericDataType.h */ = {isa = PBXFileReference; fileEncoding = 4; lastKnownFileType = sourcecode.c.h; path = CPTNumericDataType.h; sourceTree = "<group>"; };
		D70241B817478B79008954FD /* CPTPathExtensions.h */ = {isa = PBXFileReference; fileEncoding = 4; lastKnownFileType = sourcecode.c.h; path = CPTPathExtensions.h; sourceTree = "<group>"; };
		D70241B917478B79008954FD /* CPTPieChart.h */ = {isa = PBXFileReference; fileEncoding = 4; lastKnownFileType = sourcecode.c.h; path = CPTPieChart.h; sourceTree = "<group>"; };
		D70241BA17478B79008954FD /* CPTPlatformSpecificCategories.h */ = {isa = PBXFileReference; fileEncoding = 4; lastKnownFileType = sourcecode.c.h; path = CPTPlatformSpecificCategories.h; sourceTree = "<group>"; };
		D70241BB17478B79008954FD /* CPTPlatformSpecificDefines.h */ = {isa = PBXFileReference; fileEncoding = 4; lastKnownFileType = sourcecode.c.h; path = CPTPlatformSpecificDefines.h; sourceTree = "<group>"; };
		D70241BC17478B79008954FD /* CPTPlatformSpecificFunctions.h */ = {isa = PBXFileReference; fileEncoding = 4; lastKnownFileType = sourcecode.c.h; path = CPTPlatformSpecificFunctions.h; sourceTree = "<group>"; };
		D70241BD17478B79008954FD /* CPTPlot.h */ = {isa = PBXFileReference; fileEncoding = 4; lastKnownFileType = sourcecode.c.h; path = CPTPlot.h; sourceTree = "<group>"; };
		D70241BE17478B79008954FD /* CPTPlotArea.h */ = {isa = PBXFileReference; fileEncoding = 4; lastKnownFileType = sourcecode.c.h; path = CPTPlotArea.h; sourceTree = "<group>"; };
		D70241BF17478B79008954FD /* CPTPlotAreaFrame.h */ = {isa = PBXFileReference; fileEncoding = 4; lastKnownFileType = sourcecode.c.h; path = CPTPlotAreaFrame.h; sourceTree = "<group>"; };
		D70241C017478B79008954FD /* CPTPlotGroup.h */ = {isa = PBXFileReference; fileEncoding = 4; lastKnownFileType = sourcecode.c.h; path = CPTPlotGroup.h; sourceTree = "<group>"; };
		D70241C117478B79008954FD /* CPTPlotRange.h */ = {isa = PBXFileReference; fileEncoding = 4; lastKnownFileType = sourcecode.c.h; path = CPTPlotRange.h; sourceTree = "<group>"; };
		D70241C217478B79008954FD /* CPTPlotSpace.h */ = {isa = PBXFileReference; fileEncoding = 4; lastKnownFileType = sourcecode.c.h; path = CPTPlotSpace.h; sourceTree = "<group>"; };
		D70241C317478B79008954FD /* CPTPlotSpaceAnnotation.h */ = {isa = PBXFileReference; fileEncoding = 4; lastKnownFileType = sourcecode.c.h; path = CPTPlotSpaceAnnotation.h; sourceTree = "<group>"; };
		D70241C417478B79008954FD /* CPTPlotSymbol.h */ = {isa = PBXFileReference; fileEncoding = 4; lastKnownFileType = sourcecode.c.h; path = CPTPlotSymbol.h; sourceTree = "<group>"; };
		D70241C517478B79008954FD /* CPTRangePlot.h */ = {isa = PBXFileReference; fileEncoding = 4; lastKnownFileType = sourcecode.c.h; path = CPTRangePlot.h; sourceTree = "<group>"; };
		D70241C617478B79008954FD /* CPTResponder.h */ = {isa = PBXFileReference; fileEncoding = 4; lastKnownFileType = sourcecode.c.h; path = CPTResponder.h; sourceTree = "<group>"; };
		D70241C717478B79008954FD /* CPTScatterPlot.h */ = {isa = PBXFileReference; fileEncoding = 4; lastKnownFileType = sourcecode.c.h; path = CPTScatterPlot.h; sourceTree = "<group>"; };
		D70241C817478B79008954FD /* CPTShadow.h */ = {isa = PBXFileReference; fileEncoding = 4; lastKnownFileType = sourcecode.c.h; path = CPTShadow.h; sourceTree = "<group>"; };
		D70241C917478B79008954FD /* CPTTestCase.h */ = {isa = PBXFileReference; fileEncoding = 4; lastKnownFileType = sourcecode.c.h; path = CPTTestCase.h; sourceTree = "<group>"; };
		D70241CA17478B79008954FD /* CPTTextLayer.h */ = {isa = PBXFileReference; fileEncoding = 4; lastKnownFileType = sourcecode.c.h; path = CPTTextLayer.h; sourceTree = "<group>"; };
		D70241CB17478B79008954FD /* CPTTextStyle.h */ = {isa = PBXFileReference; fileEncoding = 4; lastKnownFileType = sourcecode.c.h; path = CPTTextStyle.h; sourceTree = "<group>"; };
		D70241CC17478B79008954FD /* CPTTextStylePlatformSpecific.h */ = {isa = PBXFileReference; fileEncoding = 4; lastKnownFileType = sourcecode.c.h; path = CPTTextStylePlatformSpecific.h; sourceTree = "<group>"; };
		D70241CD17478B79008954FD /* CPTTheme.h */ = {isa = PBXFileReference; fileEncoding = 4; lastKnownFileType = sourcecode.c.h; path = CPTTheme.h; sourceTree = "<group>"; };
		D70241CE17478B79008954FD /* CPTTimeFormatter.h */ = {isa = PBXFileReference; fileEncoding = 4; lastKnownFileType = sourcecode.c.h; path = CPTTimeFormatter.h; sourceTree = "<group>"; };
		D70241CF17478B79008954FD /* CPTTradingRangePlot.h */ = {isa = PBXFileReference; fileEncoding = 4; lastKnownFileType = sourcecode.c.h; path = CPTTradingRangePlot.h; sourceTree = "<group>"; };
		D70241D017478B79008954FD /* CPTUtilities.h */ = {isa = PBXFileReference; fileEncoding = 4; lastKnownFileType = sourcecode.c.h; path = CPTUtilities.h; sourceTree = "<group>"; };
		D70241D117478B79008954FD /* CPTXYAxis.h */ = {isa = PBXFileReference; fileEncoding = 4; lastKnownFileType = sourcecode.c.h; path = CPTXYAxis.h; sourceTree = "<group>"; };
		D70241D217478B79008954FD /* CPTXYAxisSet.h */ = {isa = PBXFileReference; fileEncoding = 4; lastKnownFileType = sourcecode.c.h; path = CPTXYAxisSet.h; sourceTree = "<group>"; };
		D70241D317478B79008954FD /* CPTXYGraph.h */ = {isa = PBXFileReference; fileEncoding = 4; lastKnownFileType = sourcecode.c.h; path = CPTXYGraph.h; sourceTree = "<group>"; };
		D70241D417478B7A008954FD /* CPTXYPlotSpace.h */ = {isa = PBXFileReference; fileEncoding = 4; lastKnownFileType = sourcecode.c.h; path = CPTXYPlotSpace.h; sourceTree = "<group>"; };
		D70241D517478B7A008954FD /* mainpage.h */ = {isa = PBXFileReference; fileEncoding = 4; lastKnownFileType = sourcecode.c.h; path = mainpage.h; sourceTree = "<group>"; };
		D70241D617478B7A008954FD /* NSCoderExtensions.h */ = {isa = PBXFileReference; fileEncoding = 4; lastKnownFileType = sourcecode.c.h; path = NSCoderExtensions.h; sourceTree = "<group>"; };
		D70241D717478B7A008954FD /* NSDecimalNumberExtensions.h */ = {isa = PBXFileReference; fileEncoding = 4; lastKnownFileType = sourcecode.c.h; path = NSDecimalNumberExtensions.h; sourceTree = "<group>"; };
		D70241D817478B7A008954FD /* NSNumberExtensions.h */ = {isa = PBXFileReference; fileEncoding = 4; lastKnownFileType = sourcecode.c.h; path = NSNumberExtensions.h; sourceTree = "<group>"; };
		D70241D917478B7A008954FD /* libCorePlot-CocoaTouch.a */ = {isa = PBXFileReference; lastKnownFileType = archive.ar; path = "libCorePlot-CocoaTouch.a"; sourceTree = "<group>"; };
		D7092E881748FE9C00993235 /* vaavudDynamicsController.h */ = {isa = PBXFileReference; fileEncoding = 4; lastKnownFileType = sourcecode.c.h; path = vaavudDynamicsController.h; sourceTree = "<group>"; };
		D7092E891748FE9C00993235 /* vaavudDynamicsController.m */ = {isa = PBXFileReference; fileEncoding = 4; lastKnownFileType = sourcecode.c.objc; path = vaavudDynamicsController.m; sourceTree = "<group>"; };
		D71BE13517439AA000B38E34 /* vaavudFFT.h */ = {isa = PBXFileReference; fileEncoding = 4; lastKnownFileType = sourcecode.c.h; path = vaavudFFT.h; sourceTree = "<group>"; };
		D71BE13617439AA000B38E34 /* vaavudFFT.m */ = {isa = PBXFileReference; fileEncoding = 4; lastKnownFileType = sourcecode.c.objc; path = vaavudFFT.m; sourceTree = "<group>"; };
		D7409DA61769C1A900890CC9 /* startButton.png */ = {isa = PBXFileReference; lastKnownFileType = image.png; path = startButton.png; sourceTree = "<group>"; };
		D7409DA71769C1A900890CC9 /* startButton@2x.png */ = {isa = PBXFileReference; lastKnownFileType = image.png; path = "startButton@2x.png"; sourceTree = "<group>"; };
		D7409DA81769C1A900890CC9 /* stopButton.png */ = {isa = PBXFileReference; lastKnownFileType = image.png; path = stopButton.png; sourceTree = "<group>"; };
		D7409DA91769C1A900890CC9 /* stopButton@2x.png */ = {isa = PBXFileReference; lastKnownFileType = image.png; path = "stopButton@2x.png"; sourceTree = "<group>"; };
		D7A4F1C7173A8DDB00D1ACEE /* Vaavud.app */ = {isa = PBXFileReference; explicitFileType = wrapper.application; includeInIndex = 0; path = Vaavud.app; sourceTree = BUILT_PRODUCTS_DIR; };
		D7A4F1CA173A8DDB00D1ACEE /* UIKit.framework */ = {isa = PBXFileReference; lastKnownFileType = wrapper.framework; name = UIKit.framework; path = System/Library/Frameworks/UIKit.framework; sourceTree = SDKROOT; };
		D7A4F1CC173A8DDB00D1ACEE /* Foundation.framework */ = {isa = PBXFileReference; lastKnownFileType = wrapper.framework; name = Foundation.framework; path = System/Library/Frameworks/Foundation.framework; sourceTree = SDKROOT; };
		D7A4F1CE173A8DDB00D1ACEE /* CoreGraphics.framework */ = {isa = PBXFileReference; lastKnownFileType = wrapper.framework; name = CoreGraphics.framework; path = System/Library/Frameworks/CoreGraphics.framework; sourceTree = SDKROOT; };
		D7A4F1D2173A8DDB00D1ACEE /* Vaavud-Info.plist */ = {isa = PBXFileReference; lastKnownFileType = text.plist.xml; path = "Vaavud-Info.plist"; sourceTree = "<group>"; };
		D7A4F1D4173A8DDB00D1ACEE /* en */ = {isa = PBXFileReference; lastKnownFileType = text.plist.strings; name = en; path = en.lproj/InfoPlist.strings; sourceTree = "<group>"; };
		D7A4F1D6173A8DDB00D1ACEE /* main.m */ = {isa = PBXFileReference; lastKnownFileType = sourcecode.c.objc; path = main.m; sourceTree = "<group>"; };
		D7A4F1D8173A8DDB00D1ACEE /* Vaavud-Prefix.pch */ = {isa = PBXFileReference; lastKnownFileType = sourcecode.c.h; path = "Vaavud-Prefix.pch"; sourceTree = "<group>"; };
		D7A4F1D9173A8DDB00D1ACEE /* vaavudAppDelegate.h */ = {isa = PBXFileReference; lastKnownFileType = sourcecode.c.h; path = vaavudAppDelegate.h; sourceTree = "<group>"; };
		D7A4F1DA173A8DDB00D1ACEE /* vaavudAppDelegate.m */ = {isa = PBXFileReference; lastKnownFileType = sourcecode.c.objc; path = vaavudAppDelegate.m; sourceTree = "<group>"; };
		D7A4F1DC173A8DDB00D1ACEE /* Default.png */ = {isa = PBXFileReference; lastKnownFileType = image.png; path = Default.png; sourceTree = "<group>"; };
		D7A4F1DE173A8DDB00D1ACEE /* Default@2x.png */ = {isa = PBXFileReference; lastKnownFileType = image.png; path = "Default@2x.png"; sourceTree = "<group>"; };
		D7A4F1E0173A8DDB00D1ACEE /* Default-568h@2x.png */ = {isa = PBXFileReference; lastKnownFileType = image.png; path = "Default-568h@2x.png"; sourceTree = "<group>"; };
		D7A4F1E3173A8DDB00D1ACEE /* en */ = {isa = PBXFileReference; lastKnownFileType = file.storyboard; name = en; path = en.lproj/MainStoryboard.storyboard; sourceTree = "<group>"; };
		D7A4F1E5173A8DDB00D1ACEE /* vaavudViewController.h */ = {isa = PBXFileReference; lastKnownFileType = sourcecode.c.h; path = vaavudViewController.h; sourceTree = "<group>"; };
		D7A4F1E6173A8DDB00D1ACEE /* vaavudViewController.m */ = {isa = PBXFileReference; lastKnownFileType = sourcecode.c.objc; path = vaavudViewController.m; sourceTree = "<group>"; };
		D7A4F1F0173A8FAB00D1ACEE /* VaavudCoreController.h */ = {isa = PBXFileReference; fileEncoding = 4; lastKnownFileType = sourcecode.c.h; path = VaavudCoreController.h; sourceTree = "<group>"; };
		D7A4F1F1173A8FAB00D1ACEE /* VaavudCoreController.m */ = {isa = PBXFileReference; fileEncoding = 4; lastKnownFileType = sourcecode.c.objc; path = VaavudCoreController.m; sourceTree = "<group>"; };
		D7A4F1F3173A9FC200D1ACEE /* CoreMotion.framework */ = {isa = PBXFileReference; lastKnownFileType = wrapper.framework; name = CoreMotion.framework; path = System/Library/Frameworks/CoreMotion.framework; sourceTree = SDKROOT; };
		D7A4F1F5173AA16700D1ACEE /* Constants.h */ = {isa = PBXFileReference; lastKnownFileType = sourcecode.c.h; path = Constants.h; sourceTree = "<group>"; };
		D7B5BD4A17574E8C0069F739 /* VaavudTransparent100px.png */ = {isa = PBXFileReference; lastKnownFileType = image.png; path = VaavudTransparent100px.png; sourceTree = "<group>"; };
		D7B5BD4C17574E970069F739 /* VaavudTransparent100px@2x.png */ = {isa = PBXFileReference; lastKnownFileType = image.png; path = "VaavudTransparent100px@2x.png"; sourceTree = "<group>"; };
		D7B5BD4F175775EB0069F739 /* vaavudGraphHostingView.h */ = {isa = PBXFileReference; fileEncoding = 4; lastKnownFileType = sourcecode.c.h; path = vaavudGraphHostingView.h; sourceTree = "<group>"; };
		D7B5BD50175775EB0069F739 /* vaavudGraphHostingView.m */ = {isa = PBXFileReference; fileEncoding = 4; lastKnownFileType = sourcecode.c.objc; path = vaavudGraphHostingView.m; sourceTree = "<group>"; };
		D7B5BD521757A23C0069F739 /* CoreLocation.framework */ = {isa = PBXFileReference; lastKnownFileType = wrapper.framework; name = CoreLocation.framework; path = System/Library/Frameworks/CoreLocation.framework; sourceTree = SDKROOT; };
		D7C860ED173AD08F005E9946 /* QuartzCore.framework */ = {isa = PBXFileReference; lastKnownFileType = wrapper.framework; name = QuartzCore.framework; path = System/Library/Frameworks/QuartzCore.framework; sourceTree = SDKROOT; };
		D7C860F8173B061E005E9946 /* VaavudMagneticFieldDataManager.h */ = {isa = PBXFileReference; fileEncoding = 4; lastKnownFileType = sourcecode.c.h; path = VaavudMagneticFieldDataManager.h; sourceTree = "<group>"; };
		D7C860F9173B061E005E9946 /* VaavudMagneticFieldDataManager.m */ = {isa = PBXFileReference; fileEncoding = 4; lastKnownFileType = sourcecode.c.objc; path = VaavudMagneticFieldDataManager.m; sourceTree = "<group>"; };
		D7DA72401743C1CD00DFE962 /* Accelerate.framework */ = {isa = PBXFileReference; lastKnownFileType = wrapper.framework; name = Accelerate.framework; path = System/Library/Frameworks/Accelerate.framework; sourceTree = SDKROOT; };
		E9B627AA17707AF2004678D5 /* MeasurementSession.h */ = {isa = PBXFileReference; fileEncoding = 4; lastKnownFileType = sourcecode.c.h; path = MeasurementSession.h; sourceTree = "<group>"; };
		E9B627AB17707AF2004678D5 /* MeasurementSession.m */ = {isa = PBXFileReference; fileEncoding = 4; lastKnownFileType = sourcecode.c.objc; path = MeasurementSession.m; sourceTree = "<group>"; };
		E9DC269F176F44B3003BACE8 /* MagicalImportFunctions.h */ = {isa = PBXFileReference; fileEncoding = 4; lastKnownFileType = sourcecode.c.h; path = MagicalImportFunctions.h; sourceTree = "<group>"; };
		E9DC26A0176F44B3003BACE8 /* MagicalImportFunctions.m */ = {isa = PBXFileReference; fileEncoding = 4; lastKnownFileType = sourcecode.c.objc; path = MagicalImportFunctions.m; sourceTree = "<group>"; };
		E9DC26A1176F44B3003BACE8 /* NSAttributeDescription+MagicalDataImport.h */ = {isa = PBXFileReference; fileEncoding = 4; lastKnownFileType = sourcecode.c.h; path = "NSAttributeDescription+MagicalDataImport.h"; sourceTree = "<group>"; };
		E9DC26A2176F44B3003BACE8 /* NSAttributeDescription+MagicalDataImport.m */ = {isa = PBXFileReference; fileEncoding = 4; lastKnownFileType = sourcecode.c.objc; path = "NSAttributeDescription+MagicalDataImport.m"; sourceTree = "<group>"; };
		E9DC26A3176F44B3003BACE8 /* NSEntityDescription+MagicalDataImport.h */ = {isa = PBXFileReference; fileEncoding = 4; lastKnownFileType = sourcecode.c.h; path = "NSEntityDescription+MagicalDataImport.h"; sourceTree = "<group>"; };
		E9DC26A4176F44B3003BACE8 /* NSEntityDescription+MagicalDataImport.m */ = {isa = PBXFileReference; fileEncoding = 4; lastKnownFileType = sourcecode.c.objc; path = "NSEntityDescription+MagicalDataImport.m"; sourceTree = "<group>"; };
		E9DC26A5176F44B3003BACE8 /* NSNumber+MagicalDataImport.h */ = {isa = PBXFileReference; fileEncoding = 4; lastKnownFileType = sourcecode.c.h; path = "NSNumber+MagicalDataImport.h"; sourceTree = "<group>"; };
		E9DC26A6176F44B3003BACE8 /* NSNumber+MagicalDataImport.m */ = {isa = PBXFileReference; fileEncoding = 4; lastKnownFileType = sourcecode.c.objc; path = "NSNumber+MagicalDataImport.m"; sourceTree = "<group>"; };
		E9DC26A7176F44B3003BACE8 /* NSObject+MagicalDataImport.h */ = {isa = PBXFileReference; fileEncoding = 4; lastKnownFileType = sourcecode.c.h; path = "NSObject+MagicalDataImport.h"; sourceTree = "<group>"; };
		E9DC26A8176F44B3003BACE8 /* NSObject+MagicalDataImport.m */ = {isa = PBXFileReference; fileEncoding = 4; lastKnownFileType = sourcecode.c.objc; path = "NSObject+MagicalDataImport.m"; sourceTree = "<group>"; };
		E9DC26A9176F44B3003BACE8 /* NSRelationshipDescription+MagicalDataImport.h */ = {isa = PBXFileReference; fileEncoding = 4; lastKnownFileType = sourcecode.c.h; path = "NSRelationshipDescription+MagicalDataImport.h"; sourceTree = "<group>"; };
		E9DC26AA176F44B3003BACE8 /* NSRelationshipDescription+MagicalDataImport.m */ = {isa = PBXFileReference; fileEncoding = 4; lastKnownFileType = sourcecode.c.objc; path = "NSRelationshipDescription+MagicalDataImport.m"; sourceTree = "<group>"; };
		E9DC26AB176F44B3003BACE8 /* NSString+MagicalDataImport.h */ = {isa = PBXFileReference; fileEncoding = 4; lastKnownFileType = sourcecode.c.h; path = "NSString+MagicalDataImport.h"; sourceTree = "<group>"; };
		E9DC26AC176F44B3003BACE8 /* NSString+MagicalDataImport.m */ = {isa = PBXFileReference; fileEncoding = 4; lastKnownFileType = sourcecode.c.objc; path = "NSString+MagicalDataImport.m"; sourceTree = "<group>"; };
		E9DC26AE176F44B3003BACE8 /* NSManagedObject+MagicalAggregation.h */ = {isa = PBXFileReference; fileEncoding = 4; lastKnownFileType = sourcecode.c.h; path = "NSManagedObject+MagicalAggregation.h"; sourceTree = "<group>"; };
		E9DC26AF176F44B3003BACE8 /* NSManagedObject+MagicalAggregation.m */ = {isa = PBXFileReference; fileEncoding = 4; lastKnownFileType = sourcecode.c.objc; path = "NSManagedObject+MagicalAggregation.m"; sourceTree = "<group>"; };
		E9DC26B0176F44B3003BACE8 /* NSManagedObject+MagicalDataImport.h */ = {isa = PBXFileReference; fileEncoding = 4; lastKnownFileType = sourcecode.c.h; path = "NSManagedObject+MagicalDataImport.h"; sourceTree = "<group>"; };
		E9DC26B1176F44B3003BACE8 /* NSManagedObject+MagicalDataImport.m */ = {isa = PBXFileReference; fileEncoding = 4; lastKnownFileType = sourcecode.c.objc; path = "NSManagedObject+MagicalDataImport.m"; sourceTree = "<group>"; };
		E9DC26B2176F44B3003BACE8 /* NSManagedObject+MagicalFinders.h */ = {isa = PBXFileReference; fileEncoding = 4; lastKnownFileType = sourcecode.c.h; path = "NSManagedObject+MagicalFinders.h"; sourceTree = "<group>"; };
		E9DC26B3176F44B3003BACE8 /* NSManagedObject+MagicalFinders.m */ = {isa = PBXFileReference; fileEncoding = 4; lastKnownFileType = sourcecode.c.objc; path = "NSManagedObject+MagicalFinders.m"; sourceTree = "<group>"; };
		E9DC26B4176F44B3003BACE8 /* NSManagedObject+MagicalRecord.h */ = {isa = PBXFileReference; fileEncoding = 4; lastKnownFileType = sourcecode.c.h; path = "NSManagedObject+MagicalRecord.h"; sourceTree = "<group>"; };
		E9DC26B5176F44B3003BACE8 /* NSManagedObject+MagicalRecord.m */ = {isa = PBXFileReference; fileEncoding = 4; lastKnownFileType = sourcecode.c.objc; path = "NSManagedObject+MagicalRecord.m"; sourceTree = "<group>"; };
		E9DC26B6176F44B3003BACE8 /* NSManagedObject+MagicalRequests.h */ = {isa = PBXFileReference; fileEncoding = 4; lastKnownFileType = sourcecode.c.h; path = "NSManagedObject+MagicalRequests.h"; sourceTree = "<group>"; };
		E9DC26B7176F44B3003BACE8 /* NSManagedObject+MagicalRequests.m */ = {isa = PBXFileReference; fileEncoding = 4; lastKnownFileType = sourcecode.c.objc; path = "NSManagedObject+MagicalRequests.m"; sourceTree = "<group>"; };
		E9DC26B9176F44B3003BACE8 /* NSManagedObjectContext+MagicalObserving.h */ = {isa = PBXFileReference; fileEncoding = 4; lastKnownFileType = sourcecode.c.h; path = "NSManagedObjectContext+MagicalObserving.h"; sourceTree = "<group>"; };
		E9DC26BA176F44B3003BACE8 /* NSManagedObjectContext+MagicalObserving.m */ = {isa = PBXFileReference; fileEncoding = 4; lastKnownFileType = sourcecode.c.objc; path = "NSManagedObjectContext+MagicalObserving.m"; sourceTree = "<group>"; };
		E9DC26BB176F44B3003BACE8 /* NSManagedObjectContext+MagicalRecord.h */ = {isa = PBXFileReference; fileEncoding = 4; lastKnownFileType = sourcecode.c.h; path = "NSManagedObjectContext+MagicalRecord.h"; sourceTree = "<group>"; };
		E9DC26BC176F44B3003BACE8 /* NSManagedObjectContext+MagicalRecord.m */ = {isa = PBXFileReference; fileEncoding = 4; lastKnownFileType = sourcecode.c.objc; path = "NSManagedObjectContext+MagicalRecord.m"; sourceTree = "<group>"; };
		E9DC26BD176F44B3003BACE8 /* NSManagedObjectContext+MagicalSaves.h */ = {isa = PBXFileReference; fileEncoding = 4; lastKnownFileType = sourcecode.c.h; path = "NSManagedObjectContext+MagicalSaves.h"; sourceTree = "<group>"; };
		E9DC26BE176F44B3003BACE8 /* NSManagedObjectContext+MagicalSaves.m */ = {isa = PBXFileReference; fileEncoding = 4; lastKnownFileType = sourcecode.c.objc; path = "NSManagedObjectContext+MagicalSaves.m"; sourceTree = "<group>"; };
		E9DC26BF176F44B3003BACE8 /* NSManagedObjectContext+MagicalThreading.h */ = {isa = PBXFileReference; fileEncoding = 4; lastKnownFileType = sourcecode.c.h; path = "NSManagedObjectContext+MagicalThreading.h"; sourceTree = "<group>"; };
		E9DC26C0176F44B3003BACE8 /* NSManagedObjectContext+MagicalThreading.m */ = {isa = PBXFileReference; fileEncoding = 4; lastKnownFileType = sourcecode.c.objc; path = "NSManagedObjectContext+MagicalThreading.m"; sourceTree = "<group>"; };
		E9DC26C1176F44B3003BACE8 /* NSManagedObjectModel+MagicalRecord.h */ = {isa = PBXFileReference; fileEncoding = 4; lastKnownFileType = sourcecode.c.h; path = "NSManagedObjectModel+MagicalRecord.h"; sourceTree = "<group>"; };
		E9DC26C2176F44B3003BACE8 /* NSManagedObjectModel+MagicalRecord.m */ = {isa = PBXFileReference; fileEncoding = 4; lastKnownFileType = sourcecode.c.objc; path = "NSManagedObjectModel+MagicalRecord.m"; sourceTree = "<group>"; };
		E9DC26C3176F44B3003BACE8 /* NSPersistentStore+MagicalRecord.h */ = {isa = PBXFileReference; fileEncoding = 4; lastKnownFileType = sourcecode.c.h; path = "NSPersistentStore+MagicalRecord.h"; sourceTree = "<group>"; };
		E9DC26C4176F44B3003BACE8 /* NSPersistentStore+MagicalRecord.m */ = {isa = PBXFileReference; fileEncoding = 4; lastKnownFileType = sourcecode.c.objc; path = "NSPersistentStore+MagicalRecord.m"; sourceTree = "<group>"; };
		E9DC26C5176F44B3003BACE8 /* NSPersistentStoreCoordinator+MagicalRecord.h */ = {isa = PBXFileReference; fileEncoding = 4; lastKnownFileType = sourcecode.c.h; path = "NSPersistentStoreCoordinator+MagicalRecord.h"; sourceTree = "<group>"; };
		E9DC26C6176F44B3003BACE8 /* NSPersistentStoreCoordinator+MagicalRecord.m */ = {isa = PBXFileReference; fileEncoding = 4; lastKnownFileType = sourcecode.c.objc; path = "NSPersistentStoreCoordinator+MagicalRecord.m"; sourceTree = "<group>"; };
		E9DC26C8176F44B3003BACE8 /* MagicalRecord+Actions.h */ = {isa = PBXFileReference; fileEncoding = 4; lastKnownFileType = sourcecode.c.h; path = "MagicalRecord+Actions.h"; sourceTree = "<group>"; };
		E9DC26C9176F44B3003BACE8 /* MagicalRecord+Actions.m */ = {isa = PBXFileReference; fileEncoding = 4; lastKnownFileType = sourcecode.c.objc; path = "MagicalRecord+Actions.m"; sourceTree = "<group>"; };
		E9DC26CA176F44B3003BACE8 /* MagicalRecord+ErrorHandling.h */ = {isa = PBXFileReference; fileEncoding = 4; lastKnownFileType = sourcecode.c.h; path = "MagicalRecord+ErrorHandling.h"; sourceTree = "<group>"; };
		E9DC26CB176F44B3003BACE8 /* MagicalRecord+ErrorHandling.m */ = {isa = PBXFileReference; fileEncoding = 4; lastKnownFileType = sourcecode.c.objc; path = "MagicalRecord+ErrorHandling.m"; sourceTree = "<group>"; };
		E9DC26CC176F44B3003BACE8 /* MagicalRecord+iCloud.h */ = {isa = PBXFileReference; fileEncoding = 4; lastKnownFileType = sourcecode.c.h; path = "MagicalRecord+iCloud.h"; sourceTree = "<group>"; };
		E9DC26CD176F44B3003BACE8 /* MagicalRecord+iCloud.m */ = {isa = PBXFileReference; fileEncoding = 4; lastKnownFileType = sourcecode.c.objc; path = "MagicalRecord+iCloud.m"; sourceTree = "<group>"; };
		E9DC26CE176F44B3003BACE8 /* MagicalRecord+Options.h */ = {isa = PBXFileReference; fileEncoding = 4; lastKnownFileType = sourcecode.c.h; path = "MagicalRecord+Options.h"; sourceTree = "<group>"; };
		E9DC26CF176F44B3003BACE8 /* MagicalRecord+Options.m */ = {isa = PBXFileReference; fileEncoding = 4; lastKnownFileType = sourcecode.c.objc; path = "MagicalRecord+Options.m"; sourceTree = "<group>"; };
		E9DC26D0176F44B3003BACE8 /* MagicalRecord+Setup.h */ = {isa = PBXFileReference; fileEncoding = 4; lastKnownFileType = sourcecode.c.h; path = "MagicalRecord+Setup.h"; sourceTree = "<group>"; };
		E9DC26D1176F44B3003BACE8 /* MagicalRecord+Setup.m */ = {isa = PBXFileReference; fileEncoding = 4; lastKnownFileType = sourcecode.c.objc; path = "MagicalRecord+Setup.m"; sourceTree = "<group>"; };
		E9DC26D2176F44B3003BACE8 /* MagicalRecord+ShorthandSupport.h */ = {isa = PBXFileReference; fileEncoding = 4; lastKnownFileType = sourcecode.c.h; path = "MagicalRecord+ShorthandSupport.h"; sourceTree = "<group>"; };
		E9DC26D3176F44B3003BACE8 /* MagicalRecord+ShorthandSupport.m */ = {isa = PBXFileReference; fileEncoding = 4; lastKnownFileType = sourcecode.c.objc; path = "MagicalRecord+ShorthandSupport.m"; sourceTree = "<group>"; };
		E9DC26D4176F44B3003BACE8 /* MagicalRecord.h */ = {isa = PBXFileReference; fileEncoding = 4; lastKnownFileType = sourcecode.c.h; path = MagicalRecord.h; sourceTree = "<group>"; };
		E9DC26D5176F44B3003BACE8 /* MagicalRecord.m */ = {isa = PBXFileReference; fileEncoding = 4; lastKnownFileType = sourcecode.c.objc; path = MagicalRecord.m; sourceTree = "<group>"; };
		E9DC26D6176F44B3003BACE8 /* MagicalRecordShorthand.h */ = {isa = PBXFileReference; fileEncoding = 4; lastKnownFileType = sourcecode.c.h; path = MagicalRecordShorthand.h; sourceTree = "<group>"; };
		E9DC26D7176F44B3003BACE8 /* CoreData+MagicalRecord.h */ = {isa = PBXFileReference; fileEncoding = 4; lastKnownFileType = sourcecode.c.h; path = "CoreData+MagicalRecord.h"; sourceTree = "<group>"; };
		E9EE1FA31769E54E00D1F006 /* Model.xcdatamodel */ = {isa = PBXFileReference; lastKnownFileType = wrapper.xcdatamodel; path = Model.xcdatamodel; sourceTree = "<group>"; };
		E9EE1FAE1769F08400D1F006 /* SharedSingleton.h */ = {isa = PBXFileReference; lastKnownFileType = sourcecode.c.h; path = SharedSingleton.h; sourceTree = "<group>"; };
		E9EE1FB21769F9BA00D1F006 /* MeasurementPoint.h */ = {isa = PBXFileReference; fileEncoding = 4; lastKnownFileType = sourcecode.c.h; path = MeasurementPoint.h; sourceTree = "<group>"; };
		E9EE1FB31769F9BA00D1F006 /* MeasurementPoint.m */ = {isa = PBXFileReference; fileEncoding = 4; lastKnownFileType = sourcecode.c.objc; path = MeasurementPoint.m; sourceTree = "<group>"; };
		E9EE1FB8176A024B00D1F006 /* CoreData.framework */ = {isa = PBXFileReference; lastKnownFileType = wrapper.framework; name = CoreData.framework; path = System/Library/Frameworks/CoreData.framework; sourceTree = SDKROOT; };
/* End PBXFileReference section */

/* Begin PBXFrameworksBuildPhase section */
		D7A4F1C4173A8DDB00D1ACEE /* Frameworks */ = {
			isa = PBXFrameworksBuildPhase;
			buildActionMask = 2147483647;
			files = (
				E9EE1FB9176A024B00D1F006 /* CoreData.framework in Frameworks */,
				D7B5BD531757A23C0069F739 /* CoreLocation.framework in Frameworks */,
				D7DA72411743C1CD00DFE962 /* Accelerate.framework in Frameworks */,
				D7C860EE173AD08F005E9946 /* QuartzCore.framework in Frameworks */,
				D7A4F1F4173A9FC200D1ACEE /* CoreMotion.framework in Frameworks */,
				D7A4F1CB173A8DDB00D1ACEE /* UIKit.framework in Frameworks */,
				D7A4F1CD173A8DDB00D1ACEE /* Foundation.framework in Frameworks */,
				D7A4F1CF173A8DDB00D1ACEE /* CoreGraphics.framework in Frameworks */,
				D70241DA17478B7A008954FD /* libCorePlot-CocoaTouch.a in Frameworks */,
			);
			runOnlyForDeploymentPostprocessing = 0;
		};
/* End PBXFrameworksBuildPhase section */

/* Begin PBXGroup section */
		D702418A17478B16008954FD /* CorePlot */ = {
			isa = PBXGroup;
			children = (
				D702418B17478B79008954FD /* CorePlotHeaders */,
				D70241D917478B7A008954FD /* libCorePlot-CocoaTouch.a */,
			);
			name = CorePlot;
			path = ..;
			sourceTree = "<group>";
		};
		D702418B17478B79008954FD /* CorePlotHeaders */ = {
			isa = PBXGroup;
			children = (
				D702418C17478B79008954FD /* CorePlot-CocoaTouch.h */,
				D702418D17478B79008954FD /* CPTAnimation.h */,
				D702418E17478B79008954FD /* CPTAnimationOperation.h */,
				D702418F17478B79008954FD /* CPTAnimationPeriod.h */,
				D702419017478B79008954FD /* CPTAnnotation.h */,
				D702419117478B79008954FD /* CPTAnnotationHostLayer.h */,
				D702419217478B79008954FD /* CPTAxis.h */,
				D702419317478B79008954FD /* CPTAxisLabel.h */,
				D702419417478B79008954FD /* CPTAxisLabelGroup.h */,
				D702419517478B79008954FD /* CPTAxisSet.h */,
				D702419617478B79008954FD /* CPTAxisTitle.h */,
				D702419717478B79008954FD /* CPTBarPlot.h */,
				D702419817478B79008954FD /* CPTBorderedLayer.h */,
				D702419917478B79008954FD /* CPTCalendarFormatter.h */,
				D702419A17478B79008954FD /* CPTColor.h */,
				D702419B17478B79008954FD /* CPTColorSpace.h */,
				D702419C17478B79008954FD /* CPTConstraints.h */,
				D702419D17478B79008954FD /* CPTDataSourceTestCase.h */,
				D702419E17478B79008954FD /* CPTDefinitions.h */,
				D702419F17478B79008954FD /* CPTDerivedXYGraph.h */,
				D70241A017478B79008954FD /* CPTExceptions.h */,
				D70241A117478B79008954FD /* CPTFill.h */,
				D70241A217478B79008954FD /* CPTGradient.h */,
				D70241A317478B79008954FD /* CPTGraph.h */,
				D70241A417478B79008954FD /* CPTGraphHostingView.h */,
				D70241A517478B79008954FD /* CPTGridLineGroup.h */,
				D70241A617478B79008954FD /* CPTGridLines.h */,
				D70241A717478B79008954FD /* CPTImage.h */,
				D70241A817478B79008954FD /* CPTLayer.h */,
				D70241A917478B79008954FD /* CPTLayerAnnotation.h */,
				D70241AA17478B79008954FD /* CPTLegend.h */,
				D70241AB17478B79008954FD /* CPTLegendEntry.h */,
				D70241AC17478B79008954FD /* CPTLimitBand.h */,
				D70241AD17478B79008954FD /* CPTLineCap.h */,
				D70241AE17478B79008954FD /* CPTLineStyle.h */,
				D70241AF17478B79008954FD /* CPTMutableLineStyle.h */,
				D70241B017478B79008954FD /* CPTMutableNumericData+TypeConversion.h */,
				D70241B117478B79008954FD /* CPTMutableNumericData.h */,
				D70241B217478B79008954FD /* CPTMutablePlotRange.h */,
				D70241B317478B79008954FD /* CPTMutableShadow.h */,
				D70241B417478B79008954FD /* CPTMutableTextStyle.h */,
				D70241B517478B79008954FD /* CPTNumericData+TypeConversion.h */,
				D70241B617478B79008954FD /* CPTNumericData.h */,
				D70241B717478B79008954FD /* CPTNumericDataType.h */,
				D70241B817478B79008954FD /* CPTPathExtensions.h */,
				D70241B917478B79008954FD /* CPTPieChart.h */,
				D70241BA17478B79008954FD /* CPTPlatformSpecificCategories.h */,
				D70241BB17478B79008954FD /* CPTPlatformSpecificDefines.h */,
				D70241BC17478B79008954FD /* CPTPlatformSpecificFunctions.h */,
				D70241BD17478B79008954FD /* CPTPlot.h */,
				D70241BE17478B79008954FD /* CPTPlotArea.h */,
				D70241BF17478B79008954FD /* CPTPlotAreaFrame.h */,
				D70241C017478B79008954FD /* CPTPlotGroup.h */,
				D70241C117478B79008954FD /* CPTPlotRange.h */,
				D70241C217478B79008954FD /* CPTPlotSpace.h */,
				D70241C317478B79008954FD /* CPTPlotSpaceAnnotation.h */,
				D70241C417478B79008954FD /* CPTPlotSymbol.h */,
				D70241C517478B79008954FD /* CPTRangePlot.h */,
				D70241C617478B79008954FD /* CPTResponder.h */,
				D70241C717478B79008954FD /* CPTScatterPlot.h */,
				D70241C817478B79008954FD /* CPTShadow.h */,
				D70241C917478B79008954FD /* CPTTestCase.h */,
				D70241CA17478B79008954FD /* CPTTextLayer.h */,
				D70241CB17478B79008954FD /* CPTTextStyle.h */,
				D70241CC17478B79008954FD /* CPTTextStylePlatformSpecific.h */,
				D70241CD17478B79008954FD /* CPTTheme.h */,
				D70241CE17478B79008954FD /* CPTTimeFormatter.h */,
				D70241CF17478B79008954FD /* CPTTradingRangePlot.h */,
				D70241D017478B79008954FD /* CPTUtilities.h */,
				D70241D117478B79008954FD /* CPTXYAxis.h */,
				D70241D217478B79008954FD /* CPTXYAxisSet.h */,
				D70241D317478B79008954FD /* CPTXYGraph.h */,
				D70241D417478B7A008954FD /* CPTXYPlotSpace.h */,
				D70241D517478B7A008954FD /* mainpage.h */,
				D70241D617478B7A008954FD /* NSCoderExtensions.h */,
				D70241D717478B7A008954FD /* NSDecimalNumberExtensions.h */,
				D70241D817478B7A008954FD /* NSNumberExtensions.h */,
			);
			path = CorePlotHeaders;
			sourceTree = "<group>";
		};
		D7A4F1BE173A8DDB00D1ACEE = {
			isa = PBXGroup;
			children = (
				E9EE1FA21769E54E00D1F006 /* Model.xcdatamodeld */,
				D7A4F1D0173A8DDB00D1ACEE /* Classes */,
				D7A4F1C9173A8DDB00D1ACEE /* Frameworks */,
				E98853C7176868BE00F78128 /* Images */,
				D7A4F1C8173A8DDB00D1ACEE /* Products */,
				D7A4F1D1173A8DDB00D1ACEE /* Supporting Files */,
			);
			sourceTree = "<group>";
		};
		D7A4F1C8173A8DDB00D1ACEE /* Products */ = {
			isa = PBXGroup;
			children = (
				D7A4F1C7173A8DDB00D1ACEE /* Vaavud.app */,
			);
			name = Products;
			sourceTree = "<group>";
		};
		D7A4F1C9173A8DDB00D1ACEE /* Frameworks */ = {
			isa = PBXGroup;
			children = (
				D7DA72401743C1CD00DFE962 /* Accelerate.framework */,
				E9EE1FB8176A024B00D1F006 /* CoreData.framework */,
				D7A4F1CE173A8DDB00D1ACEE /* CoreGraphics.framework */,
				D7B5BD521757A23C0069F739 /* CoreLocation.framework */,
				D7A4F1F3173A9FC200D1ACEE /* CoreMotion.framework */,
				D7A4F1CC173A8DDB00D1ACEE /* Foundation.framework */,
				D7C860ED173AD08F005E9946 /* QuartzCore.framework */,
				D7A4F1CA173A8DDB00D1ACEE /* UIKit.framework */,
			);
			name = Frameworks;
			sourceTree = "<group>";
		};
		D7A4F1D0173A8DDB00D1ACEE /* Classes */ = {
			isa = PBXGroup;
			children = (
				D7A4F1E2173A8DDB00D1ACEE /* MainStoryboard.storyboard */,
				E9EE1FA51769EC7F00D1F006 /* Model */,
				E9DBD3BA17688E9C00CCDA57 /* ThirdParty */,
				E9EE1FAD1769F01800D1F006 /* Util */,
				D7A4F1D9173A8DDB00D1ACEE /* vaavudAppDelegate.h */,
				D7A4F1DA173A8DDB00D1ACEE /* vaavudAppDelegate.m */,
				D7A4F1EF173A8F4600D1ACEE /* VaavudCoreFiles */,
				D7B5BD4E175775BA0069F739 /* VaavudViewFiles */,
			);
			name = Classes;
			path = VaavudCore;
			sourceTree = "<group>";
		};
		D7A4F1D1173A8DDB00D1ACEE /* Supporting Files */ = {
			isa = PBXGroup;
			children = (
				D7409DA61769C1A900890CC9 /* startButton.png */,
				D7409DA71769C1A900890CC9 /* startButton@2x.png */,
				D7409DA81769C1A900890CC9 /* stopButton.png */,
				D7409DA91769C1A900890CC9 /* stopButton@2x.png */,
				D7B5BD4C17574E970069F739 /* VaavudTransparent100px@2x.png */,
				D7B5BD4A17574E8C0069F739 /* VaavudTransparent100px.png */,
				D7A4F1D2173A8DDB00D1ACEE /* Vaavud-Info.plist */,
				D7A4F1D3173A8DDB00D1ACEE /* InfoPlist.strings */,
				D7A4F1D6173A8DDB00D1ACEE /* main.m */,
				D7A4F1D8173A8DDB00D1ACEE /* Vaavud-Prefix.pch */,
				D7A4F1DC173A8DDB00D1ACEE /* Default.png */,
				D7A4F1DE173A8DDB00D1ACEE /* Default@2x.png */,
				D7A4F1E0173A8DDB00D1ACEE /* Default-568h@2x.png */,
			);
			name = "Supporting Files";
			path = VaavudCore;
			sourceTree = "<group>";
		};
		D7A4F1EF173A8F4600D1ACEE /* VaavudCoreFiles */ = {
			isa = PBXGroup;
			children = (
				D7A4F1F5173AA16700D1ACEE /* Constants.h */,
				D7A4F1F0173A8FAB00D1ACEE /* VaavudCoreController.h */,
				D7A4F1F1173A8FAB00D1ACEE /* VaavudCoreController.m */,
				D7092E881748FE9C00993235 /* vaavudDynamicsController.h */,
				D7092E891748FE9C00993235 /* vaavudDynamicsController.m */,
				D71BE13517439AA000B38E34 /* vaavudFFT.h */,
				D71BE13617439AA000B38E34 /* vaavudFFT.m */,
				D7C860F8173B061E005E9946 /* VaavudMagneticFieldDataManager.h */,
				D7C860F9173B061E005E9946 /* VaavudMagneticFieldDataManager.m */,
			);
			name = VaavudCoreFiles;
			sourceTree = "<group>";
		};
		D7B5BD4E175775BA0069F739 /* VaavudViewFiles */ = {
			isa = PBXGroup;
			children = (
				D7B5BD4F175775EB0069F739 /* vaavudGraphHostingView.h */,
				D7B5BD50175775EB0069F739 /* vaavudGraphHostingView.m */,
				D7A4F1E5173A8DDB00D1ACEE /* vaavudViewController.h */,
				D7A4F1E6173A8DDB00D1ACEE /* vaavudViewController.m */,
			);
			name = VaavudViewFiles;
			sourceTree = "<group>";
		};
		E98853C7176868BE00F78128 /* Images */ = {
			isa = PBXGroup;
			children = (
				D70241841746D7F6008954FD /* VaavudIcon57.png */,
				D70241821746D7F1008954FD /* VaavudIcon114.png */,
			);
			name = Images;
			sourceTree = "<group>";
		};
		E9DBD3BA17688E9C00CCDA57 /* ThirdParty */ = {
			isa = PBXGroup;
			children = (
				D702418A17478B16008954FD /* CorePlot */,
				E9DC269C176F44B3003BACE8 /* MagicalRecord */,
			);
			name = ThirdParty;
			sourceTree = "<group>";
		};
		E9DC269C176F44B3003BACE8 /* MagicalRecord */ = {
			isa = PBXGroup;
			children = (
				E9DC269D176F44B3003BACE8 /* Categories */,
				E9DC26C7176F44B3003BACE8 /* Core */,
				E9DC26D7176F44B3003BACE8 /* CoreData+MagicalRecord.h */,
			);
			name = MagicalRecord;
			path = ../MagicalRecord;
			sourceTree = "<group>";
		};
		E9DC269D176F44B3003BACE8 /* Categories */ = {
			isa = PBXGroup;
			children = (
				E9DC269E176F44B3003BACE8 /* DataImport */,
				E9DC26AD176F44B3003BACE8 /* NSManagedObject */,
				E9DC26B8176F44B3003BACE8 /* NSManagedObjectContext */,
				E9DC26C1176F44B3003BACE8 /* NSManagedObjectModel+MagicalRecord.h */,
				E9DC26C2176F44B3003BACE8 /* NSManagedObjectModel+MagicalRecord.m */,
				E9DC26C3176F44B3003BACE8 /* NSPersistentStore+MagicalRecord.h */,
				E9DC26C4176F44B3003BACE8 /* NSPersistentStore+MagicalRecord.m */,
				E9DC26C5176F44B3003BACE8 /* NSPersistentStoreCoordinator+MagicalRecord.h */,
				E9DC26C6176F44B3003BACE8 /* NSPersistentStoreCoordinator+MagicalRecord.m */,
			);
			path = Categories;
			sourceTree = "<group>";
		};
		E9DC269E176F44B3003BACE8 /* DataImport */ = {
			isa = PBXGroup;
			children = (
				E9DC269F176F44B3003BACE8 /* MagicalImportFunctions.h */,
				E9DC26A0176F44B3003BACE8 /* MagicalImportFunctions.m */,
				E9DC26A1176F44B3003BACE8 /* NSAttributeDescription+MagicalDataImport.h */,
				E9DC26A2176F44B3003BACE8 /* NSAttributeDescription+MagicalDataImport.m */,
				E9DC26A3176F44B3003BACE8 /* NSEntityDescription+MagicalDataImport.h */,
				E9DC26A4176F44B3003BACE8 /* NSEntityDescription+MagicalDataImport.m */,
				E9DC26A5176F44B3003BACE8 /* NSNumber+MagicalDataImport.h */,
				E9DC26A6176F44B3003BACE8 /* NSNumber+MagicalDataImport.m */,
				E9DC26A7176F44B3003BACE8 /* NSObject+MagicalDataImport.h */,
				E9DC26A8176F44B3003BACE8 /* NSObject+MagicalDataImport.m */,
				E9DC26A9176F44B3003BACE8 /* NSRelationshipDescription+MagicalDataImport.h */,
				E9DC26AA176F44B3003BACE8 /* NSRelationshipDescription+MagicalDataImport.m */,
				E9DC26AB176F44B3003BACE8 /* NSString+MagicalDataImport.h */,
				E9DC26AC176F44B3003BACE8 /* NSString+MagicalDataImport.m */,
			);
			path = DataImport;
			sourceTree = "<group>";
		};
		E9DC26AD176F44B3003BACE8 /* NSManagedObject */ = {
			isa = PBXGroup;
			children = (
				E9DC26AE176F44B3003BACE8 /* NSManagedObject+MagicalAggregation.h */,
				E9DC26AF176F44B3003BACE8 /* NSManagedObject+MagicalAggregation.m */,
				E9DC26B0176F44B3003BACE8 /* NSManagedObject+MagicalDataImport.h */,
				E9DC26B1176F44B3003BACE8 /* NSManagedObject+MagicalDataImport.m */,
				E9DC26B2176F44B3003BACE8 /* NSManagedObject+MagicalFinders.h */,
				E9DC26B3176F44B3003BACE8 /* NSManagedObject+MagicalFinders.m */,
				E9DC26B4176F44B3003BACE8 /* NSManagedObject+MagicalRecord.h */,
				E9DC26B5176F44B3003BACE8 /* NSManagedObject+MagicalRecord.m */,
				E9DC26B6176F44B3003BACE8 /* NSManagedObject+MagicalRequests.h */,
				E9DC26B7176F44B3003BACE8 /* NSManagedObject+MagicalRequests.m */,
			);
			path = NSManagedObject;
			sourceTree = "<group>";
		};
		E9DC26B8176F44B3003BACE8 /* NSManagedObjectContext */ = {
			isa = PBXGroup;
			children = (
				E9DC26B9176F44B3003BACE8 /* NSManagedObjectContext+MagicalObserving.h */,
				E9DC26BA176F44B3003BACE8 /* NSManagedObjectContext+MagicalObserving.m */,
				E9DC26BB176F44B3003BACE8 /* NSManagedObjectContext+MagicalRecord.h */,
				E9DC26BC176F44B3003BACE8 /* NSManagedObjectContext+MagicalRecord.m */,
				E9DC26BD176F44B3003BACE8 /* NSManagedObjectContext+MagicalSaves.h */,
				E9DC26BE176F44B3003BACE8 /* NSManagedObjectContext+MagicalSaves.m */,
				E9DC26BF176F44B3003BACE8 /* NSManagedObjectContext+MagicalThreading.h */,
				E9DC26C0176F44B3003BACE8 /* NSManagedObjectContext+MagicalThreading.m */,
			);
			path = NSManagedObjectContext;
			sourceTree = "<group>";
		};
		E9DC26C7176F44B3003BACE8 /* Core */ = {
			isa = PBXGroup;
			children = (
				E9DC26C8176F44B3003BACE8 /* MagicalRecord+Actions.h */,
				E9DC26C9176F44B3003BACE8 /* MagicalRecord+Actions.m */,
				E9DC26CA176F44B3003BACE8 /* MagicalRecord+ErrorHandling.h */,
				E9DC26CB176F44B3003BACE8 /* MagicalRecord+ErrorHandling.m */,
				E9DC26CC176F44B3003BACE8 /* MagicalRecord+iCloud.h */,
				E9DC26CD176F44B3003BACE8 /* MagicalRecord+iCloud.m */,
				E9DC26CE176F44B3003BACE8 /* MagicalRecord+Options.h */,
				E9DC26CF176F44B3003BACE8 /* MagicalRecord+Options.m */,
				E9DC26D0176F44B3003BACE8 /* MagicalRecord+Setup.h */,
				E9DC26D1176F44B3003BACE8 /* MagicalRecord+Setup.m */,
				E9DC26D2176F44B3003BACE8 /* MagicalRecord+ShorthandSupport.h */,
				E9DC26D3176F44B3003BACE8 /* MagicalRecord+ShorthandSupport.m */,
				E9DC26D4176F44B3003BACE8 /* MagicalRecord.h */,
				E9DC26D5176F44B3003BACE8 /* MagicalRecord.m */,
				E9DC26D6176F44B3003BACE8 /* MagicalRecordShorthand.h */,
			);
			path = Core;
			sourceTree = "<group>";
		};
		E9EE1FA51769EC7F00D1F006 /* Model */ = {
			isa = PBXGroup;
			children = (
				E9EE1FA61769EC9200D1F006 /* Data */,
			);
			name = Model;
			sourceTree = "<group>";
		};
		E9EE1FA61769EC9200D1F006 /* Data */ = {
			isa = PBXGroup;
			children = (
				E9EE1FB21769F9BA00D1F006 /* MeasurementPoint.h */,
				E9EE1FB31769F9BA00D1F006 /* MeasurementPoint.m */,
				E9B627AA17707AF2004678D5 /* MeasurementSession.h */,
				E9B627AB17707AF2004678D5 /* MeasurementSession.m */,
			);
			name = Data;
			sourceTree = "<group>";
		};
		E9EE1FAD1769F01800D1F006 /* Util */ = {
			isa = PBXGroup;
			children = (
				E9EE1FAE1769F08400D1F006 /* SharedSingleton.h */,
			);
			name = Util;
			sourceTree = "<group>";
		};
/* End PBXGroup section */

/* Begin PBXNativeTarget section */
		D7A4F1C6173A8DDB00D1ACEE /* Vaavud */ = {
			isa = PBXNativeTarget;
			buildConfigurationList = D7A4F1EA173A8DDB00D1ACEE /* Build configuration list for PBXNativeTarget "Vaavud" */;
			buildPhases = (
				D7A4F1C3173A8DDB00D1ACEE /* Sources */,
				D7A4F1C4173A8DDB00D1ACEE /* Frameworks */,
				D7A4F1C5173A8DDB00D1ACEE /* Resources */,
			);
			buildRules = (
			);
			dependencies = (
			);
			name = Vaavud;
			productName = VaavudCore;
			productReference = D7A4F1C7173A8DDB00D1ACEE /* Vaavud.app */;
			productType = "com.apple.product-type.application";
		};
/* End PBXNativeTarget section */

/* Begin PBXProject section */
		D7A4F1BF173A8DDB00D1ACEE /* Project object */ = {
			isa = PBXProject;
			attributes = {
				CLASSPREFIX = vaavud;
				LastUpgradeCheck = 0460;
				ORGANIZATIONNAME = "Andreas Okholm";
			};
			buildConfigurationList = D7A4F1C2173A8DDB00D1ACEE /* Build configuration list for PBXProject "Vaavud" */;
			compatibilityVersion = "Xcode 3.2";
			developmentRegion = English;
			hasScannedForEncodings = 0;
			knownRegions = (
				en,
			);
			mainGroup = D7A4F1BE173A8DDB00D1ACEE;
			productRefGroup = D7A4F1C8173A8DDB00D1ACEE /* Products */;
			projectDirPath = "";
			projectRoot = "";
			targets = (
				D7A4F1C6173A8DDB00D1ACEE /* Vaavud */,
			);
		};
/* End PBXProject section */

/* Begin PBXResourcesBuildPhase section */
		D7A4F1C5173A8DDB00D1ACEE /* Resources */ = {
			isa = PBXResourcesBuildPhase;
			buildActionMask = 2147483647;
			files = (
				D7A4F1D5173A8DDB00D1ACEE /* InfoPlist.strings in Resources */,
				D7A4F1DD173A8DDB00D1ACEE /* Default.png in Resources */,
				D7A4F1DF173A8DDB00D1ACEE /* Default@2x.png in Resources */,
				D7A4F1E1173A8DDB00D1ACEE /* Default-568h@2x.png in Resources */,
				D7A4F1E4173A8DDB00D1ACEE /* MainStoryboard.storyboard in Resources */,
				D70241831746D7F1008954FD /* VaavudIcon114.png in Resources */,
				D70241851746D7F6008954FD /* VaavudIcon57.png in Resources */,
				D7B5BD4B17574E8C0069F739 /* VaavudTransparent100px.png in Resources */,
				D7B5BD4D17574E970069F739 /* VaavudTransparent100px@2x.png in Resources */,
				D7409DAA1769C1A900890CC9 /* startButton.png in Resources */,
				D7409DAB1769C1A900890CC9 /* startButton@2x.png in Resources */,
				D7409DAC1769C1A900890CC9 /* stopButton.png in Resources */,
				D7409DAD1769C1A900890CC9 /* stopButton@2x.png in Resources */,
			);
			runOnlyForDeploymentPostprocessing = 0;
		};
/* End PBXResourcesBuildPhase section */

/* Begin PBXSourcesBuildPhase section */
		D7A4F1C3173A8DDB00D1ACEE /* Sources */ = {
			isa = PBXSourcesBuildPhase;
			buildActionMask = 2147483647;
			files = (
				D7A4F1D7173A8DDB00D1ACEE /* main.m in Sources */,
				D7A4F1DB173A8DDB00D1ACEE /* vaavudAppDelegate.m in Sources */,
				D7A4F1E7173A8DDB00D1ACEE /* vaavudViewController.m in Sources */,
				D7A4F1F2173A8FAB00D1ACEE /* VaavudCoreController.m in Sources */,
				D7C860FA173B061E005E9946 /* VaavudMagneticFieldDataManager.m in Sources */,
				D71BE13717439AA000B38E34 /* vaavudFFT.m in Sources */,
				D7092E8A1748FE9C00993235 /* vaavudDynamicsController.m in Sources */,
				D7B5BD51175775EB0069F739 /* vaavudGraphHostingView.m in Sources */,
				E9EE1FA41769E54E00D1F006 /* Model.xcdatamodeld in Sources */,
				E9EE1FB41769F9BA00D1F006 /* MeasurementPoint.m in Sources */,
				E9DC26D8176F44B3003BACE8 /* MagicalImportFunctions.m in Sources */,
				E9DC26D9176F44B3003BACE8 /* NSAttributeDescription+MagicalDataImport.m in Sources */,
				E9DC26DA176F44B3003BACE8 /* NSEntityDescription+MagicalDataImport.m in Sources */,
				E9DC26DB176F44B3003BACE8 /* NSNumber+MagicalDataImport.m in Sources */,
				E9DC26DC176F44B3003BACE8 /* NSObject+MagicalDataImport.m in Sources */,
				E9DC26DD176F44B3003BACE8 /* NSRelationshipDescription+MagicalDataImport.m in Sources */,
				E9DC26DE176F44B3003BACE8 /* NSString+MagicalDataImport.m in Sources */,
				E9DC26DF176F44B3003BACE8 /* NSManagedObject+MagicalAggregation.m in Sources */,
				E9DC26E0176F44B3003BACE8 /* NSManagedObject+MagicalDataImport.m in Sources */,
				E9DC26E1176F44B3003BACE8 /* NSManagedObject+MagicalFinders.m in Sources */,
				E9DC26E2176F44B3003BACE8 /* NSManagedObject+MagicalRecord.m in Sources */,
				E9DC26E3176F44B3003BACE8 /* NSManagedObject+MagicalRequests.m in Sources */,
				E9DC26E4176F44B3003BACE8 /* NSManagedObjectContext+MagicalObserving.m in Sources */,
				E9DC26E5176F44B3003BACE8 /* NSManagedObjectContext+MagicalRecord.m in Sources */,
				E9DC26E6176F44B3003BACE8 /* NSManagedObjectContext+MagicalSaves.m in Sources */,
				E9DC26E7176F44B3003BACE8 /* NSManagedObjectContext+MagicalThreading.m in Sources */,
				E9DC26E8176F44B3003BACE8 /* NSManagedObjectModel+MagicalRecord.m in Sources */,
				E9DC26E9176F44B3003BACE8 /* NSPersistentStore+MagicalRecord.m in Sources */,
				E9DC26EA176F44B3003BACE8 /* NSPersistentStoreCoordinator+MagicalRecord.m in Sources */,
				E9DC26EB176F44B3003BACE8 /* MagicalRecord+Actions.m in Sources */,
				E9DC26EC176F44B3003BACE8 /* MagicalRecord+ErrorHandling.m in Sources */,
				E9DC26ED176F44B3003BACE8 /* MagicalRecord+iCloud.m in Sources */,
				E9DC26EE176F44B3003BACE8 /* MagicalRecord+Options.m in Sources */,
				E9DC26EF176F44B3003BACE8 /* MagicalRecord+Setup.m in Sources */,
				E9DC26F0176F44B3003BACE8 /* MagicalRecord+ShorthandSupport.m in Sources */,
				E9DC26F1176F44B3003BACE8 /* MagicalRecord.m in Sources */,
				E9B627AC17707AF2004678D5 /* MeasurementSession.m in Sources */,
			);
			runOnlyForDeploymentPostprocessing = 0;
		};
/* End PBXSourcesBuildPhase section */

/* Begin PBXVariantGroup section */
		D7A4F1D3173A8DDB00D1ACEE /* InfoPlist.strings */ = {
			isa = PBXVariantGroup;
			children = (
				D7A4F1D4173A8DDB00D1ACEE /* en */,
			);
			name = InfoPlist.strings;
			sourceTree = "<group>";
		};
		D7A4F1E2173A8DDB00D1ACEE /* MainStoryboard.storyboard */ = {
			isa = PBXVariantGroup;
			children = (
				D7A4F1E3173A8DDB00D1ACEE /* en */,
			);
			name = MainStoryboard.storyboard;
			sourceTree = "<group>";
		};
/* End PBXVariantGroup section */

/* Begin XCBuildConfiguration section */
		D7A4F1E8173A8DDB00D1ACEE /* Debug */ = {
			isa = XCBuildConfiguration;
			buildSettings = {
				ALWAYS_SEARCH_USER_PATHS = NO;
				CLANG_CXX_LANGUAGE_STANDARD = "gnu++0x";
				CLANG_CXX_LIBRARY = "libc++";
				CLANG_ENABLE_OBJC_ARC = YES;
				CLANG_WARN_CONSTANT_CONVERSION = YES;
				CLANG_WARN_EMPTY_BODY = YES;
				CLANG_WARN_ENUM_CONVERSION = YES;
				CLANG_WARN_INT_CONVERSION = YES;
				CLANG_WARN__DUPLICATE_METHOD_MATCH = YES;
				"CODE_SIGN_IDENTITY[sdk=iphoneos*]" = "iPhone Developer";
				COPY_PHASE_STRIP = NO;
				GCC_C_LANGUAGE_STANDARD = gnu99;
				GCC_DYNAMIC_NO_PIC = NO;
				GCC_OPTIMIZATION_LEVEL = 0;
				GCC_PREPROCESSOR_DEFINITIONS = (
					"DEBUG=1",
					"$(inherited)",
				);
				GCC_SYMBOLS_PRIVATE_EXTERN = NO;
				GCC_WARN_ABOUT_RETURN_TYPE = YES;
				GCC_WARN_UNINITIALIZED_AUTOS = YES;
				GCC_WARN_UNUSED_VARIABLE = YES;
				IPHONEOS_DEPLOYMENT_TARGET = 6.1;
				ONLY_ACTIVE_ARCH = YES;
				SDKROOT = iphoneos;
			};
			name = Debug;
		};
		D7A4F1E9173A8DDB00D1ACEE /* Release */ = {
			isa = XCBuildConfiguration;
			buildSettings = {
				ALWAYS_SEARCH_USER_PATHS = NO;
				CLANG_CXX_LANGUAGE_STANDARD = "gnu++0x";
				CLANG_CXX_LIBRARY = "libc++";
				CLANG_ENABLE_OBJC_ARC = YES;
				CLANG_WARN_CONSTANT_CONVERSION = YES;
				CLANG_WARN_EMPTY_BODY = YES;
				CLANG_WARN_ENUM_CONVERSION = YES;
				CLANG_WARN_INT_CONVERSION = YES;
				CLANG_WARN__DUPLICATE_METHOD_MATCH = YES;
				"CODE_SIGN_IDENTITY[sdk=iphoneos*]" = "iPhone Developer";
				COPY_PHASE_STRIP = YES;
				GCC_C_LANGUAGE_STANDARD = gnu99;
				GCC_WARN_ABOUT_RETURN_TYPE = YES;
				GCC_WARN_UNINITIALIZED_AUTOS = YES;
				GCC_WARN_UNUSED_VARIABLE = YES;
				IPHONEOS_DEPLOYMENT_TARGET = 6.1;
				OTHER_CFLAGS = "-DNS_BLOCK_ASSERTIONS=1";
				SDKROOT = iphoneos;
				VALIDATE_PRODUCT = YES;
			};
			name = Release;
		};
		D7A4F1EB173A8DDB00D1ACEE /* Debug */ = {
			isa = XCBuildConfiguration;
			buildSettings = {
				CODE_SIGN_IDENTITY = "iPhone Developer";
				GCC_PRECOMPILE_PREFIX_HEADER = YES;
				GCC_PREFIX_HEADER = "VaavudCore/Vaavud-Prefix.pch";
				INFOPLIST_FILE = "VaavudCore/Vaavud-Info.plist";
				LIBRARY_SEARCH_PATHS = (
					"$(inherited)",
					"\"$(SRCROOT)\"",
				);
				OTHER_LDFLAGS = "-ObjC";
				PRODUCT_NAME = Vaavud;
				PROVISIONING_PROFILE = "";
				WRAPPER_EXTENSION = app;
			};
			name = Debug;
		};
		D7A4F1EC173A8DDB00D1ACEE /* Release */ = {
			isa = XCBuildConfiguration;
			buildSettings = {
				CODE_SIGN_IDENTITY = "iPhone Developer";
				GCC_PRECOMPILE_PREFIX_HEADER = YES;
				GCC_PREFIX_HEADER = "VaavudCore/Vaavud-Prefix.pch";
				INFOPLIST_FILE = "VaavudCore/Vaavud-Info.plist";
				LIBRARY_SEARCH_PATHS = (
					"$(inherited)",
					"\"$(SRCROOT)\"",
				);
				OTHER_LDFLAGS = "-ObjC";
				PRODUCT_NAME = Vaavud;
				PROVISIONING_PROFILE = "";
				WRAPPER_EXTENSION = app;
			};
			name = Release;
		};
/* End XCBuildConfiguration section */

/* Begin XCConfigurationList section */
		D7A4F1C2173A8DDB00D1ACEE /* Build configuration list for PBXProject "Vaavud" */ = {
			isa = XCConfigurationList;
			buildConfigurations = (
				D7A4F1E8173A8DDB00D1ACEE /* Debug */,
				D7A4F1E9173A8DDB00D1ACEE /* Release */,
			);
			defaultConfigurationIsVisible = 0;
			defaultConfigurationName = Release;
		};
		D7A4F1EA173A8DDB00D1ACEE /* Build configuration list for PBXNativeTarget "Vaavud" */ = {
			isa = XCConfigurationList;
			buildConfigurations = (
				D7A4F1EB173A8DDB00D1ACEE /* Debug */,
				D7A4F1EC173A8DDB00D1ACEE /* Release */,
			);
			defaultConfigurationIsVisible = 0;
			defaultConfigurationName = Release;
		};
/* End XCConfigurationList section */

/* Begin XCVersionGroup section */
		E9EE1FA21769E54E00D1F006 /* Model.xcdatamodeld */ = {
			isa = XCVersionGroup;
			children = (
				E9EE1FA31769E54E00D1F006 /* Model.xcdatamodel */,
			);
			currentVersion = E9EE1FA31769E54E00D1F006 /* Model.xcdatamodel */;
			path = Model.xcdatamodeld;
			sourceTree = "<group>";
			versionGroupType = wrapper.xcdatamodel;
		};
/* End XCVersionGroup section */
	};
	rootObject = D7A4F1BF173A8DDB00D1ACEE /* Project object */;
}
