// !$*UTF8*$!
{
	archiveVersion = 1;
	classes = {
	};
	objectVersion = 46;
	objects = {

/* Begin PBXBuildFile section */
		D70241831746D7F1008954FD /* VaavudIcon114.png in Resources */ = {isa = PBXBuildFile; fileRef = D70241821746D7F1008954FD /* VaavudIcon114.png */; };
		D70241851746D7F6008954FD /* VaavudIcon57.png in Resources */ = {isa = PBXBuildFile; fileRef = D70241841746D7F6008954FD /* VaavudIcon57.png */; };
		D70241DA17478B7A008954FD /* libCorePlot-CocoaTouch.a in Frameworks */ = {isa = PBXBuildFile; fileRef = D70241D917478B7A008954FD /* libCorePlot-CocoaTouch.a */; };
		D7092E8A1748FE9C00993235 /* vaavudDynamicsController.m in Sources */ = {isa = PBXBuildFile; fileRef = D7092E891748FE9C00993235 /* vaavudDynamicsController.m */; };
		D71BE13717439AA000B38E34 /* vaavudFFT.m in Sources */ = {isa = PBXBuildFile; fileRef = D71BE13617439AA000B38E34 /* vaavudFFT.m */; };
		D7409DAA1769C1A900890CC9 /* startButton.png in Resources */ = {isa = PBXBuildFile; fileRef = D7409DA61769C1A900890CC9 /* startButton.png */; };
		D7409DAB1769C1A900890CC9 /* startButton@2x.png in Resources */ = {isa = PBXBuildFile; fileRef = D7409DA71769C1A900890CC9 /* startButton@2x.png */; };
		D7409DAC1769C1A900890CC9 /* stopButton.png in Resources */ = {isa = PBXBuildFile; fileRef = D7409DA81769C1A900890CC9 /* stopButton.png */; };
		D7409DAD1769C1A900890CC9 /* stopButton@2x.png in Resources */ = {isa = PBXBuildFile; fileRef = D7409DA91769C1A900890CC9 /* stopButton@2x.png */; };
		D7A4F1CB173A8DDB00D1ACEE /* UIKit.framework in Frameworks */ = {isa = PBXBuildFile; fileRef = D7A4F1CA173A8DDB00D1ACEE /* UIKit.framework */; };
		D7A4F1CD173A8DDB00D1ACEE /* Foundation.framework in Frameworks */ = {isa = PBXBuildFile; fileRef = D7A4F1CC173A8DDB00D1ACEE /* Foundation.framework */; };
		D7A4F1CF173A8DDB00D1ACEE /* CoreGraphics.framework in Frameworks */ = {isa = PBXBuildFile; fileRef = D7A4F1CE173A8DDB00D1ACEE /* CoreGraphics.framework */; };
		D7A4F1D5173A8DDB00D1ACEE /* InfoPlist.strings in Resources */ = {isa = PBXBuildFile; fileRef = D7A4F1D3173A8DDB00D1ACEE /* InfoPlist.strings */; };
		D7A4F1D7173A8DDB00D1ACEE /* main.m in Sources */ = {isa = PBXBuildFile; fileRef = D7A4F1D6173A8DDB00D1ACEE /* main.m */; };
		D7A4F1DB173A8DDB00D1ACEE /* vaavudAppDelegate.m in Sources */ = {isa = PBXBuildFile; fileRef = D7A4F1DA173A8DDB00D1ACEE /* vaavudAppDelegate.m */; };
		D7A4F1E4173A8DDB00D1ACEE /* MainStoryboard.storyboard in Resources */ = {isa = PBXBuildFile; fileRef = D7A4F1E2173A8DDB00D1ACEE /* MainStoryboard.storyboard */; };
		D7A4F1E7173A8DDB00D1ACEE /* vaavudViewController.m in Sources */ = {isa = PBXBuildFile; fileRef = D7A4F1E6173A8DDB00D1ACEE /* vaavudViewController.m */; };
		D7A4F1F2173A8FAB00D1ACEE /* VaavudCoreController.m in Sources */ = {isa = PBXBuildFile; fileRef = D7A4F1F1173A8FAB00D1ACEE /* VaavudCoreController.m */; };
		D7A4F1F4173A9FC200D1ACEE /* CoreMotion.framework in Frameworks */ = {isa = PBXBuildFile; fileRef = D7A4F1F3173A9FC200D1ACEE /* CoreMotion.framework */; };
		D7B5BD4B17574E8C0069F739 /* VaavudTransparent100px.png in Resources */ = {isa = PBXBuildFile; fileRef = D7B5BD4A17574E8C0069F739 /* VaavudTransparent100px.png */; };
		D7B5BD4D17574E970069F739 /* VaavudTransparent100px@2x.png in Resources */ = {isa = PBXBuildFile; fileRef = D7B5BD4C17574E970069F739 /* VaavudTransparent100px@2x.png */; };
		D7B5BD51175775EB0069F739 /* vaavudGraphHostingView.m in Sources */ = {isa = PBXBuildFile; fileRef = D7B5BD50175775EB0069F739 /* vaavudGraphHostingView.m */; };
		D7B5BD531757A23C0069F739 /* CoreLocation.framework in Frameworks */ = {isa = PBXBuildFile; fileRef = D7B5BD521757A23C0069F739 /* CoreLocation.framework */; };
		D7C860EE173AD08F005E9946 /* QuartzCore.framework in Frameworks */ = {isa = PBXBuildFile; fileRef = D7C860ED173AD08F005E9946 /* QuartzCore.framework */; };
		D7C860FA173B061E005E9946 /* VaavudMagneticFieldDataManager.m in Sources */ = {isa = PBXBuildFile; fileRef = D7C860F9173B061E005E9946 /* VaavudMagneticFieldDataManager.m */; };
		D7DA72411743C1CD00DFE962 /* Accelerate.framework in Frameworks */ = {isa = PBXBuildFile; fileRef = D7DA72401743C1CD00DFE962 /* Accelerate.framework */; };
		E90F76CE1771EB2B00F51A4F /* ServerUploadManager.m in Sources */ = {isa = PBXBuildFile; fileRef = E90F76CD1771EB2B00F51A4F /* ServerUploadManager.m */; };
		E93338F7178C561B006E2314 /* ModelManager.m in Sources */ = {isa = PBXBuildFile; fileRef = E93338F6178C561B006E2314 /* ModelManager.m */; };
		E93C865A1781BE56005E4212 /* LocationManager.m in Sources */ = {isa = PBXBuildFile; fileRef = E93C86591781BE56005E4212 /* LocationManager.m */; };
		E93C86631781C764005E4212 /* Property+Util.m in Sources */ = {isa = PBXBuildFile; fileRef = E93C86621781C764005E4212 /* Property+Util.m */; };
		E93C86691781C88B005E4212 /* Property.m in Sources */ = {isa = PBXBuildFile; fileRef = E93C86681781C88B005E4212 /* Property.m */; };
		E93C866F1781D69A005E4212 /* MeasurementSession+Util.m in Sources */ = {isa = PBXBuildFile; fileRef = E93C866E1781D69A005E4212 /* MeasurementSession+Util.m */; };
		E93C86721781D727005E4212 /* MeasurementPoint+Util.m in Sources */ = {isa = PBXBuildFile; fileRef = E93C86711781D727005E4212 /* MeasurementPoint+Util.m */; };
		E94CBB5E177DB3050089D440 /* UUIDUtil.m in Sources */ = {isa = PBXBuildFile; fileRef = E94CBB5D177DB3050089D440 /* UUIDUtil.m */; };
		E995F0B2177C55A80011BF07 /* DictionarySerializationUtil.m in Sources */ = {isa = PBXBuildFile; fileRef = E995F0B1177C55A80011BF07 /* DictionarySerializationUtil.m */; };
		E995F0B8177C7A2A0011BF07 /* MeasurementPoint.m in Sources */ = {isa = PBXBuildFile; fileRef = E995F0B7177C7A2A0011BF07 /* MeasurementPoint.m */; };
		E99F8F71178EC5AD0090402C /* UnitUtil.m in Sources */ = {isa = PBXBuildFile; fileRef = E99F8F70178EC5AD0090402C /* UnitUtil.m */; };
		E99F8F77178F085F0090402C /* MeasurementSession.m in Sources */ = {isa = PBXBuildFile; fileRef = E99F8F76178F085F0090402C /* MeasurementSession.m */; };
		E9B47A031794217200E8A82E /* Terms.m in Sources */ = {isa = PBXBuildFile; fileRef = E9B47A021794217200E8A82E /* Terms.m */; };
		E9B47A0A1794315100E8A82E /* TermsViewController.m in Sources */ = {isa = PBXBuildFile; fileRef = E9B47A091794315100E8A82E /* TermsViewController.m */; };
		E9B47A0E179599E500E8A82E /* Default-568h@2x.png in Resources */ = {isa = PBXBuildFile; fileRef = E9B47A0D179599E500E8A82E /* Default-568h@2x.png */; };
		E9B47A1417959AFB00E8A82E /* Default.png in Resources */ = {isa = PBXBuildFile; fileRef = E9B47A1317959AFB00E8A82E /* Default.png */; };
		E9B47A1517959F3600E8A82E /* Default@2x.png in Resources */ = {isa = PBXBuildFile; fileRef = E9B47A1117959AC900E8A82E /* Default@2x.png */; };
		E9B627C117708E63004678D5 /* AFHTTPClient.m in Sources */ = {isa = PBXBuildFile; fileRef = E9B627AF17708E63004678D5 /* AFHTTPClient.m */; };
		E9B627C217708E63004678D5 /* AFHTTPRequestOperation.m in Sources */ = {isa = PBXBuildFile; fileRef = E9B627B117708E63004678D5 /* AFHTTPRequestOperation.m */; };
		E9B627C317708E63004678D5 /* AFImageRequestOperation.m in Sources */ = {isa = PBXBuildFile; fileRef = E9B627B317708E63004678D5 /* AFImageRequestOperation.m */; };
		E9B627C417708E63004678D5 /* AFJSONRequestOperation.m in Sources */ = {isa = PBXBuildFile; fileRef = E9B627B517708E63004678D5 /* AFJSONRequestOperation.m */; };
		E9B627C517708E63004678D5 /* AFNetworkActivityIndicatorManager.m in Sources */ = {isa = PBXBuildFile; fileRef = E9B627B717708E63004678D5 /* AFNetworkActivityIndicatorManager.m */; };
		E9B627C617708E63004678D5 /* AFPropertyListRequestOperation.m in Sources */ = {isa = PBXBuildFile; fileRef = E9B627BA17708E63004678D5 /* AFPropertyListRequestOperation.m */; };
		E9B627C717708E63004678D5 /* AFURLConnectionOperation.m in Sources */ = {isa = PBXBuildFile; fileRef = E9B627BC17708E63004678D5 /* AFURLConnectionOperation.m */; };
		E9B627C817708E63004678D5 /* AFXMLRequestOperation.m in Sources */ = {isa = PBXBuildFile; fileRef = E9B627BE17708E63004678D5 /* AFXMLRequestOperation.m */; };
		E9B627C917708E63004678D5 /* UIImageView+AFNetworking.m in Sources */ = {isa = PBXBuildFile; fileRef = E9B627C017708E63004678D5 /* UIImageView+AFNetworking.m */; };
		E9B627CB177092EF004678D5 /* SystemConfiguration.framework in Frameworks */ = {isa = PBXBuildFile; fileRef = E9B627CA177092EF004678D5 /* SystemConfiguration.framework */; };
		E9B627CD1770930D004678D5 /* MobileCoreServices.framework in Frameworks */ = {isa = PBXBuildFile; fileRef = E9B627CC1770930D004678D5 /* MobileCoreServices.framework */; };
		E9B627D1177096D6004678D5 /* VaavudAPIHTTPClient.m in Sources */ = {isa = PBXBuildFile; fileRef = E9B627D0177096D6004678D5 /* VaavudAPIHTTPClient.m */; };
		E9BB7A0D178DE2D9002E746F /* QueryStringUtil.m in Sources */ = {isa = PBXBuildFile; fileRef = E9BB7A0C178DE2D9002E746F /* QueryStringUtil.m */; };
		E9CD223B177B2AEA0054ED3F /* MagicalImportFunctions.m in Sources */ = {isa = PBXBuildFile; fileRef = E9CD2203177B2AEA0054ED3F /* MagicalImportFunctions.m */; };
		E9CD223C177B2AEA0054ED3F /* NSAttributeDescription+MagicalDataImport.m in Sources */ = {isa = PBXBuildFile; fileRef = E9CD2205177B2AEA0054ED3F /* NSAttributeDescription+MagicalDataImport.m */; };
		E9CD223D177B2AEA0054ED3F /* NSEntityDescription+MagicalDataImport.m in Sources */ = {isa = PBXBuildFile; fileRef = E9CD2207177B2AEA0054ED3F /* NSEntityDescription+MagicalDataImport.m */; };
		E9CD223E177B2AEA0054ED3F /* NSNumber+MagicalDataImport.m in Sources */ = {isa = PBXBuildFile; fileRef = E9CD2209177B2AEA0054ED3F /* NSNumber+MagicalDataImport.m */; };
		E9CD223F177B2AEA0054ED3F /* NSObject+MagicalDataImport.m in Sources */ = {isa = PBXBuildFile; fileRef = E9CD220B177B2AEA0054ED3F /* NSObject+MagicalDataImport.m */; };
		E9CD2240177B2AEA0054ED3F /* NSRelationshipDescription+MagicalDataImport.m in Sources */ = {isa = PBXBuildFile; fileRef = E9CD220D177B2AEA0054ED3F /* NSRelationshipDescription+MagicalDataImport.m */; };
		E9CD2241177B2AEA0054ED3F /* NSString+MagicalDataImport.m in Sources */ = {isa = PBXBuildFile; fileRef = E9CD220F177B2AEA0054ED3F /* NSString+MagicalDataImport.m */; };
		E9CD2242177B2AEA0054ED3F /* NSManagedObject+MagicalAggregation.m in Sources */ = {isa = PBXBuildFile; fileRef = E9CD2212177B2AEA0054ED3F /* NSManagedObject+MagicalAggregation.m */; };
		E9CD2243177B2AEA0054ED3F /* NSManagedObject+MagicalDataImport.m in Sources */ = {isa = PBXBuildFile; fileRef = E9CD2214177B2AEA0054ED3F /* NSManagedObject+MagicalDataImport.m */; };
		E9CD2244177B2AEA0054ED3F /* NSManagedObject+MagicalFinders.m in Sources */ = {isa = PBXBuildFile; fileRef = E9CD2216177B2AEA0054ED3F /* NSManagedObject+MagicalFinders.m */; };
		E9CD2245177B2AEA0054ED3F /* NSManagedObject+MagicalRecord.m in Sources */ = {isa = PBXBuildFile; fileRef = E9CD2218177B2AEA0054ED3F /* NSManagedObject+MagicalRecord.m */; };
		E9CD2246177B2AEA0054ED3F /* NSManagedObject+MagicalRequests.m in Sources */ = {isa = PBXBuildFile; fileRef = E9CD221A177B2AEA0054ED3F /* NSManagedObject+MagicalRequests.m */; };
		E9CD2247177B2AEA0054ED3F /* NSManagedObjectContext+MagicalObserving.m in Sources */ = {isa = PBXBuildFile; fileRef = E9CD221D177B2AEA0054ED3F /* NSManagedObjectContext+MagicalObserving.m */; };
		E9CD2248177B2AEA0054ED3F /* NSManagedObjectContext+MagicalRecord.m in Sources */ = {isa = PBXBuildFile; fileRef = E9CD221F177B2AEA0054ED3F /* NSManagedObjectContext+MagicalRecord.m */; };
		E9CD2249177B2AEA0054ED3F /* NSManagedObjectContext+MagicalSaves.m in Sources */ = {isa = PBXBuildFile; fileRef = E9CD2221177B2AEA0054ED3F /* NSManagedObjectContext+MagicalSaves.m */; };
		E9CD224A177B2AEA0054ED3F /* NSManagedObjectContext+MagicalThreading.m in Sources */ = {isa = PBXBuildFile; fileRef = E9CD2223177B2AEA0054ED3F /* NSManagedObjectContext+MagicalThreading.m */; };
		E9CD224B177B2AEA0054ED3F /* NSManagedObjectModel+MagicalRecord.m in Sources */ = {isa = PBXBuildFile; fileRef = E9CD2225177B2AEA0054ED3F /* NSManagedObjectModel+MagicalRecord.m */; };
		E9CD224C177B2AEA0054ED3F /* NSPersistentStore+MagicalRecord.m in Sources */ = {isa = PBXBuildFile; fileRef = E9CD2227177B2AEA0054ED3F /* NSPersistentStore+MagicalRecord.m */; };
		E9CD224D177B2AEA0054ED3F /* NSPersistentStoreCoordinator+MagicalRecord.m in Sources */ = {isa = PBXBuildFile; fileRef = E9CD2229177B2AEA0054ED3F /* NSPersistentStoreCoordinator+MagicalRecord.m */; };
		E9CD224E177B2AEA0054ED3F /* MagicalRecord+Actions.m in Sources */ = {isa = PBXBuildFile; fileRef = E9CD222C177B2AEA0054ED3F /* MagicalRecord+Actions.m */; };
		E9CD224F177B2AEA0054ED3F /* MagicalRecord+ErrorHandling.m in Sources */ = {isa = PBXBuildFile; fileRef = E9CD222E177B2AEA0054ED3F /* MagicalRecord+ErrorHandling.m */; };
		E9CD2250177B2AEA0054ED3F /* MagicalRecord+iCloud.m in Sources */ = {isa = PBXBuildFile; fileRef = E9CD2230177B2AEA0054ED3F /* MagicalRecord+iCloud.m */; };
		E9CD2251177B2AEA0054ED3F /* MagicalRecord+Options.m in Sources */ = {isa = PBXBuildFile; fileRef = E9CD2232177B2AEA0054ED3F /* MagicalRecord+Options.m */; };
		E9CD2252177B2AEA0054ED3F /* MagicalRecord+Setup.m in Sources */ = {isa = PBXBuildFile; fileRef = E9CD2234177B2AEA0054ED3F /* MagicalRecord+Setup.m */; };
		E9CD2253177B2AEA0054ED3F /* MagicalRecord+ShorthandSupport.m in Sources */ = {isa = PBXBuildFile; fileRef = E9CD2236177B2AEA0054ED3F /* MagicalRecord+ShorthandSupport.m */; };
		E9CD2254177B2AEA0054ED3F /* MagicalRecord.m in Sources */ = {isa = PBXBuildFile; fileRef = E9CD2238177B2AEA0054ED3F /* MagicalRecord.m */; };
		E9EE1FA41769E54E00D1F006 /* Model.xcdatamodeld in Sources */ = {isa = PBXBuildFile; fileRef = E9EE1FA21769E54E00D1F006 /* Model.xcdatamodeld */; };
		E9EE1FB9176A024B00D1F006 /* CoreData.framework in Frameworks */ = {isa = PBXBuildFile; fileRef = E9EE1FB8176A024B00D1F006 /* CoreData.framework */; };
/* End PBXBuildFile section */

/* Begin PBXFileReference section */
		D70241821746D7F1008954FD /* VaavudIcon114.png */ = {isa = PBXFileReference; lastKnownFileType = image.png; path = VaavudIcon114.png; sourceTree = "<group>"; };
		D70241841746D7F6008954FD /* VaavudIcon57.png */ = {isa = PBXFileReference; lastKnownFileType = image.png; path = VaavudIcon57.png; sourceTree = "<group>"; };
		D702418C17478B79008954FD /* CorePlot-CocoaTouch.h */ = {isa = PBXFileReference; fileEncoding = 4; lastKnownFileType = sourcecode.c.h; path = "CorePlot-CocoaTouch.h"; sourceTree = "<group>"; };
		D702418D17478B79008954FD /* CPTAnimation.h */ = {isa = PBXFileReference; fileEncoding = 4; lastKnownFileType = sourcecode.c.h; path = CPTAnimation.h; sourceTree = "<group>"; };
		D702418E17478B79008954FD /* CPTAnimationOperation.h */ = {isa = PBXFileReference; fileEncoding = 4; lastKnownFileType = sourcecode.c.h; path = CPTAnimationOperation.h; sourceTree = "<group>"; };
		D702418F17478B79008954FD /* CPTAnimationPeriod.h */ = {isa = PBXFileReference; fileEncoding = 4; lastKnownFileType = sourcecode.c.h; path = CPTAnimationPeriod.h; sourceTree = "<group>"; };
		D702419017478B79008954FD /* CPTAnnotation.h */ = {isa = PBXFileReference; fileEncoding = 4; lastKnownFileType = sourcecode.c.h; path = CPTAnnotation.h; sourceTree = "<group>"; };
		D702419117478B79008954FD /* CPTAnnotationHostLayer.h */ = {isa = PBXFileReference; fileEncoding = 4; lastKnownFileType = sourcecode.c.h; path = CPTAnnotationHostLayer.h; sourceTree = "<group>"; };
		D702419217478B79008954FD /* CPTAxis.h */ = {isa = PBXFileReference; fileEncoding = 4; lastKnownFileType = sourcecode.c.h; path = CPTAxis.h; sourceTree = "<group>"; };
		D702419317478B79008954FD /* CPTAxisLabel.h */ = {isa = PBXFileReference; fileEncoding = 4; lastKnownFileType = sourcecode.c.h; path = CPTAxisLabel.h; sourceTree = "<group>"; };
		D702419417478B79008954FD /* CPTAxisLabelGroup.h */ = {isa = PBXFileReference; fileEncoding = 4; lastKnownFileType = sourcecode.c.h; path = CPTAxisLabelGroup.h; sourceTree = "<group>"; };
		D702419517478B79008954FD /* CPTAxisSet.h */ = {isa = PBXFileReference; fileEncoding = 4; lastKnownFileType = sourcecode.c.h; path = CPTAxisSet.h; sourceTree = "<group>"; };
		D702419617478B79008954FD /* CPTAxisTitle.h */ = {isa = PBXFileReference; fileEncoding = 4; lastKnownFileType = sourcecode.c.h; path = CPTAxisTitle.h; sourceTree = "<group>"; };
		D702419717478B79008954FD /* CPTBarPlot.h */ = {isa = PBXFileReference; fileEncoding = 4; lastKnownFileType = sourcecode.c.h; path = CPTBarPlot.h; sourceTree = "<group>"; };
		D702419817478B79008954FD /* CPTBorderedLayer.h */ = {isa = PBXFileReference; fileEncoding = 4; lastKnownFileType = sourcecode.c.h; path = CPTBorderedLayer.h; sourceTree = "<group>"; };
		D702419917478B79008954FD /* CPTCalendarFormatter.h */ = {isa = PBXFileReference; fileEncoding = 4; lastKnownFileType = sourcecode.c.h; path = CPTCalendarFormatter.h; sourceTree = "<group>"; };
		D702419A17478B79008954FD /* CPTColor.h */ = {isa = PBXFileReference; fileEncoding = 4; lastKnownFileType = sourcecode.c.h; path = CPTColor.h; sourceTree = "<group>"; };
		D702419B17478B79008954FD /* CPTColorSpace.h */ = {isa = PBXFileReference; fileEncoding = 4; lastKnownFileType = sourcecode.c.h; path = CPTColorSpace.h; sourceTree = "<group>"; };
		D702419C17478B79008954FD /* CPTConstraints.h */ = {isa = PBXFileReference; fileEncoding = 4; lastKnownFileType = sourcecode.c.h; path = CPTConstraints.h; sourceTree = "<group>"; };
		D702419D17478B79008954FD /* CPTDataSourceTestCase.h */ = {isa = PBXFileReference; fileEncoding = 4; lastKnownFileType = sourcecode.c.h; path = CPTDataSourceTestCase.h; sourceTree = "<group>"; };
		D702419E17478B79008954FD /* CPTDefinitions.h */ = {isa = PBXFileReference; fileEncoding = 4; lastKnownFileType = sourcecode.c.h; path = CPTDefinitions.h; sourceTree = "<group>"; };
		D702419F17478B79008954FD /* CPTDerivedXYGraph.h */ = {isa = PBXFileReference; fileEncoding = 4; lastKnownFileType = sourcecode.c.h; path = CPTDerivedXYGraph.h; sourceTree = "<group>"; };
		D70241A017478B79008954FD /* CPTExceptions.h */ = {isa = PBXFileReference; fileEncoding = 4; lastKnownFileType = sourcecode.c.h; path = CPTExceptions.h; sourceTree = "<group>"; };
		D70241A117478B79008954FD /* CPTFill.h */ = {isa = PBXFileReference; fileEncoding = 4; lastKnownFileType = sourcecode.c.h; path = CPTFill.h; sourceTree = "<group>"; };
		D70241A217478B79008954FD /* CPTGradient.h */ = {isa = PBXFileReference; fileEncoding = 4; lastKnownFileType = sourcecode.c.h; path = CPTGradient.h; sourceTree = "<group>"; };
		D70241A317478B79008954FD /* CPTGraph.h */ = {isa = PBXFileReference; fileEncoding = 4; lastKnownFileType = sourcecode.c.h; path = CPTGraph.h; sourceTree = "<group>"; };
		D70241A417478B79008954FD /* CPTGraphHostingView.h */ = {isa = PBXFileReference; fileEncoding = 4; lastKnownFileType = sourcecode.c.h; path = CPTGraphHostingView.h; sourceTree = "<group>"; };
		D70241A517478B79008954FD /* CPTGridLineGroup.h */ = {isa = PBXFileReference; fileEncoding = 4; lastKnownFileType = sourcecode.c.h; path = CPTGridLineGroup.h; sourceTree = "<group>"; };
		D70241A617478B79008954FD /* CPTGridLines.h */ = {isa = PBXFileReference; fileEncoding = 4; lastKnownFileType = sourcecode.c.h; path = CPTGridLines.h; sourceTree = "<group>"; };
		D70241A717478B79008954FD /* CPTImage.h */ = {isa = PBXFileReference; fileEncoding = 4; lastKnownFileType = sourcecode.c.h; path = CPTImage.h; sourceTree = "<group>"; };
		D70241A817478B79008954FD /* CPTLayer.h */ = {isa = PBXFileReference; fileEncoding = 4; lastKnownFileType = sourcecode.c.h; path = CPTLayer.h; sourceTree = "<group>"; };
		D70241A917478B79008954FD /* CPTLayerAnnotation.h */ = {isa = PBXFileReference; fileEncoding = 4; lastKnownFileType = sourcecode.c.h; path = CPTLayerAnnotation.h; sourceTree = "<group>"; };
		D70241AA17478B79008954FD /* CPTLegend.h */ = {isa = PBXFileReference; fileEncoding = 4; lastKnownFileType = sourcecode.c.h; path = CPTLegend.h; sourceTree = "<group>"; };
		D70241AB17478B79008954FD /* CPTLegendEntry.h */ = {isa = PBXFileReference; fileEncoding = 4; lastKnownFileType = sourcecode.c.h; path = CPTLegendEntry.h; sourceTree = "<group>"; };
		D70241AC17478B79008954FD /* CPTLimitBand.h */ = {isa = PBXFileReference; fileEncoding = 4; lastKnownFileType = sourcecode.c.h; path = CPTLimitBand.h; sourceTree = "<group>"; };
		D70241AD17478B79008954FD /* CPTLineCap.h */ = {isa = PBXFileReference; fileEncoding = 4; lastKnownFileType = sourcecode.c.h; path = CPTLineCap.h; sourceTree = "<group>"; };
		D70241AE17478B79008954FD /* CPTLineStyle.h */ = {isa = PBXFileReference; fileEncoding = 4; lastKnownFileType = sourcecode.c.h; path = CPTLineStyle.h; sourceTree = "<group>"; };
		D70241AF17478B79008954FD /* CPTMutableLineStyle.h */ = {isa = PBXFileReference; fileEncoding = 4; lastKnownFileType = sourcecode.c.h; path = CPTMutableLineStyle.h; sourceTree = "<group>"; };
		D70241B017478B79008954FD /* CPTMutableNumericData+TypeConversion.h */ = {isa = PBXFileReference; fileEncoding = 4; lastKnownFileType = sourcecode.c.h; path = "CPTMutableNumericData+TypeConversion.h"; sourceTree = "<group>"; };
		D70241B117478B79008954FD /* CPTMutableNumericData.h */ = {isa = PBXFileReference; fileEncoding = 4; lastKnownFileType = sourcecode.c.h; path = CPTMutableNumericData.h; sourceTree = "<group>"; };
		D70241B217478B79008954FD /* CPTMutablePlotRange.h */ = {isa = PBXFileReference; fileEncoding = 4; lastKnownFileType = sourcecode.c.h; path = CPTMutablePlotRange.h; sourceTree = "<group>"; };
		D70241B317478B79008954FD /* CPTMutableShadow.h */ = {isa = PBXFileReference; fileEncoding = 4; lastKnownFileType = sourcecode.c.h; path = CPTMutableShadow.h; sourceTree = "<group>"; };
		D70241B417478B79008954FD /* CPTMutableTextStyle.h */ = {isa = PBXFileReference; fileEncoding = 4; lastKnownFileType = sourcecode.c.h; path = CPTMutableTextStyle.h; sourceTree = "<group>"; };
		D70241B517478B79008954FD /* CPTNumericData+TypeConversion.h */ = {isa = PBXFileReference; fileEncoding = 4; lastKnownFileType = sourcecode.c.h; path = "CPTNumericData+TypeConversion.h"; sourceTree = "<group>"; };
		D70241B617478B79008954FD /* CPTNumericData.h */ = {isa = PBXFileReference; fileEncoding = 4; lastKnownFileType = sourcecode.c.h; path = CPTNumericData.h; sourceTree = "<group>"; };
		D70241B717478B79008954FD /* CPTNumericDataType.h */ = {isa = PBXFileReference; fileEncoding = 4; lastKnownFileType = sourcecode.c.h; path = CPTNumericDataType.h; sourceTree = "<group>"; };
		D70241B817478B79008954FD /* CPTPathExtensions.h */ = {isa = PBXFileReference; fileEncoding = 4; lastKnownFileType = sourcecode.c.h; path = CPTPathExtensions.h; sourceTree = "<group>"; };
		D70241B917478B79008954FD /* CPTPieChart.h */ = {isa = PBXFileReference; fileEncoding = 4; lastKnownFileType = sourcecode.c.h; path = CPTPieChart.h; sourceTree = "<group>"; };
		D70241BA17478B79008954FD /* CPTPlatformSpecificCategories.h */ = {isa = PBXFileReference; fileEncoding = 4; lastKnownFileType = sourcecode.c.h; path = CPTPlatformSpecificCategories.h; sourceTree = "<group>"; };
		D70241BB17478B79008954FD /* CPTPlatformSpecificDefines.h */ = {isa = PBXFileReference; fileEncoding = 4; lastKnownFileType = sourcecode.c.h; path = CPTPlatformSpecificDefines.h; sourceTree = "<group>"; };
		D70241BC17478B79008954FD /* CPTPlatformSpecificFunctions.h */ = {isa = PBXFileReference; fileEncoding = 4; lastKnownFileType = sourcecode.c.h; path = CPTPlatformSpecificFunctions.h; sourceTree = "<group>"; };
		D70241BD17478B79008954FD /* CPTPlot.h */ = {isa = PBXFileReference; fileEncoding = 4; lastKnownFileType = sourcecode.c.h; path = CPTPlot.h; sourceTree = "<group>"; };
		D70241BE17478B79008954FD /* CPTPlotArea.h */ = {isa = PBXFileReference; fileEncoding = 4; lastKnownFileType = sourcecode.c.h; path = CPTPlotArea.h; sourceTree = "<group>"; };
		D70241BF17478B79008954FD /* CPTPlotAreaFrame.h */ = {isa = PBXFileReference; fileEncoding = 4; lastKnownFileType = sourcecode.c.h; path = CPTPlotAreaFrame.h; sourceTree = "<group>"; };
		D70241C017478B79008954FD /* CPTPlotGroup.h */ = {isa = PBXFileReference; fileEncoding = 4; lastKnownFileType = sourcecode.c.h; path = CPTPlotGroup.h; sourceTree = "<group>"; };
		D70241C117478B79008954FD /* CPTPlotRange.h */ = {isa = PBXFileReference; fileEncoding = 4; lastKnownFileType = sourcecode.c.h; path = CPTPlotRange.h; sourceTree = "<group>"; };
		D70241C217478B79008954FD /* CPTPlotSpace.h */ = {isa = PBXFileReference; fileEncoding = 4; lastKnownFileType = sourcecode.c.h; path = CPTPlotSpace.h; sourceTree = "<group>"; };
		D70241C317478B79008954FD /* CPTPlotSpaceAnnotation.h */ = {isa = PBXFileReference; fileEncoding = 4; lastKnownFileType = sourcecode.c.h; path = CPTPlotSpaceAnnotation.h; sourceTree = "<group>"; };
		D70241C417478B79008954FD /* CPTPlotSymbol.h */ = {isa = PBXFileReference; fileEncoding = 4; lastKnownFileType = sourcecode.c.h; path = CPTPlotSymbol.h; sourceTree = "<group>"; };
		D70241C517478B79008954FD /* CPTRangePlot.h */ = {isa = PBXFileReference; fileEncoding = 4; lastKnownFileType = sourcecode.c.h; path = CPTRangePlot.h; sourceTree = "<group>"; };
		D70241C617478B79008954FD /* CPTResponder.h */ = {isa = PBXFileReference; fileEncoding = 4; lastKnownFileType = sourcecode.c.h; path = CPTResponder.h; sourceTree = "<group>"; };
		D70241C717478B79008954FD /* CPTScatterPlot.h */ = {isa = PBXFileReference; fileEncoding = 4; lastKnownFileType = sourcecode.c.h; path = CPTScatterPlot.h; sourceTree = "<group>"; };
		D70241C817478B79008954FD /* CPTShadow.h */ = {isa = PBXFileReference; fileEncoding = 4; lastKnownFileType = sourcecode.c.h; path = CPTShadow.h; sourceTree = "<group>"; };
		D70241C917478B79008954FD /* CPTTestCase.h */ = {isa = PBXFileReference; fileEncoding = 4; lastKnownFileType = sourcecode.c.h; path = CPTTestCase.h; sourceTree = "<group>"; };
		D70241CA17478B79008954FD /* CPTTextLayer.h */ = {isa = PBXFileReference; fileEncoding = 4; lastKnownFileType = sourcecode.c.h; path = CPTTextLayer.h; sourceTree = "<group>"; };
		D70241CB17478B79008954FD /* CPTTextStyle.h */ = {isa = PBXFileReference; fileEncoding = 4; lastKnownFileType = sourcecode.c.h; path = CPTTextStyle.h; sourceTree = "<group>"; };
		D70241CC17478B79008954FD /* CPTTextStylePlatformSpecific.h */ = {isa = PBXFileReference; fileEncoding = 4; lastKnownFileType = sourcecode.c.h; path = CPTTextStylePlatformSpecific.h; sourceTree = "<group>"; };
		D70241CD17478B79008954FD /* CPTTheme.h */ = {isa = PBXFileReference; fileEncoding = 4; lastKnownFileType = sourcecode.c.h; path = CPTTheme.h; sourceTree = "<group>"; };
		D70241CE17478B79008954FD /* CPTTimeFormatter.h */ = {isa = PBXFileReference; fileEncoding = 4; lastKnownFileType = sourcecode.c.h; path = CPTTimeFormatter.h; sourceTree = "<group>"; };
		D70241CF17478B79008954FD /* CPTTradingRangePlot.h */ = {isa = PBXFileReference; fileEncoding = 4; lastKnownFileType = sourcecode.c.h; path = CPTTradingRangePlot.h; sourceTree = "<group>"; };
		D70241D017478B79008954FD /* CPTUtilities.h */ = {isa = PBXFileReference; fileEncoding = 4; lastKnownFileType = sourcecode.c.h; path = CPTUtilities.h; sourceTree = "<group>"; };
		D70241D117478B79008954FD /* CPTXYAxis.h */ = {isa = PBXFileReference; fileEncoding = 4; lastKnownFileType = sourcecode.c.h; path = CPTXYAxis.h; sourceTree = "<group>"; };
		D70241D217478B79008954FD /* CPTXYAxisSet.h */ = {isa = PBXFileReference; fileEncoding = 4; lastKnownFileType = sourcecode.c.h; path = CPTXYAxisSet.h; sourceTree = "<group>"; };
		D70241D317478B79008954FD /* CPTXYGraph.h */ = {isa = PBXFileReference; fileEncoding = 4; lastKnownFileType = sourcecode.c.h; path = CPTXYGraph.h; sourceTree = "<group>"; };
		D70241D417478B7A008954FD /* CPTXYPlotSpace.h */ = {isa = PBXFileReference; fileEncoding = 4; lastKnownFileType = sourcecode.c.h; path = CPTXYPlotSpace.h; sourceTree = "<group>"; };
		D70241D517478B7A008954FD /* mainpage.h */ = {isa = PBXFileReference; fileEncoding = 4; lastKnownFileType = sourcecode.c.h; path = mainpage.h; sourceTree = "<group>"; };
		D70241D617478B7A008954FD /* NSCoderExtensions.h */ = {isa = PBXFileReference; fileEncoding = 4; lastKnownFileType = sourcecode.c.h; path = NSCoderExtensions.h; sourceTree = "<group>"; };
		D70241D717478B7A008954FD /* NSDecimalNumberExtensions.h */ = {isa = PBXFileReference; fileEncoding = 4; lastKnownFileType = sourcecode.c.h; path = NSDecimalNumberExtensions.h; sourceTree = "<group>"; };
		D70241D817478B7A008954FD /* NSNumberExtensions.h */ = {isa = PBXFileReference; fileEncoding = 4; lastKnownFileType = sourcecode.c.h; path = NSNumberExtensions.h; sourceTree = "<group>"; };
		D70241D917478B7A008954FD /* libCorePlot-CocoaTouch.a */ = {isa = PBXFileReference; lastKnownFileType = archive.ar; path = "libCorePlot-CocoaTouch.a"; sourceTree = "<group>"; };
		D7092E881748FE9C00993235 /* vaavudDynamicsController.h */ = {isa = PBXFileReference; fileEncoding = 4; lastKnownFileType = sourcecode.c.h; path = vaavudDynamicsController.h; sourceTree = "<group>"; };
		D7092E891748FE9C00993235 /* vaavudDynamicsController.m */ = {isa = PBXFileReference; fileEncoding = 4; lastKnownFileType = sourcecode.c.objc; path = vaavudDynamicsController.m; sourceTree = "<group>"; };
		D71BE13517439AA000B38E34 /* vaavudFFT.h */ = {isa = PBXFileReference; fileEncoding = 4; lastKnownFileType = sourcecode.c.h; path = vaavudFFT.h; sourceTree = "<group>"; };
		D71BE13617439AA000B38E34 /* vaavudFFT.m */ = {isa = PBXFileReference; fileEncoding = 4; lastKnownFileType = sourcecode.c.objc; path = vaavudFFT.m; sourceTree = "<group>"; };
		D7409DA61769C1A900890CC9 /* startButton.png */ = {isa = PBXFileReference; lastKnownFileType = image.png; path = startButton.png; sourceTree = "<group>"; };
		D7409DA71769C1A900890CC9 /* startButton@2x.png */ = {isa = PBXFileReference; lastKnownFileType = image.png; path = "startButton@2x.png"; sourceTree = "<group>"; };
		D7409DA81769C1A900890CC9 /* stopButton.png */ = {isa = PBXFileReference; lastKnownFileType = image.png; path = stopButton.png; sourceTree = "<group>"; };
		D7409DA91769C1A900890CC9 /* stopButton@2x.png */ = {isa = PBXFileReference; lastKnownFileType = image.png; path = "stopButton@2x.png"; sourceTree = "<group>"; };
		D7A4F1C7173A8DDB00D1ACEE /* Vaavud.app */ = {isa = PBXFileReference; explicitFileType = wrapper.application; includeInIndex = 0; path = Vaavud.app; sourceTree = BUILT_PRODUCTS_DIR; };
		D7A4F1CA173A8DDB00D1ACEE /* UIKit.framework */ = {isa = PBXFileReference; lastKnownFileType = wrapper.framework; name = UIKit.framework; path = System/Library/Frameworks/UIKit.framework; sourceTree = SDKROOT; };
		D7A4F1CC173A8DDB00D1ACEE /* Foundation.framework */ = {isa = PBXFileReference; lastKnownFileType = wrapper.framework; name = Foundation.framework; path = System/Library/Frameworks/Foundation.framework; sourceTree = SDKROOT; };
		D7A4F1CE173A8DDB00D1ACEE /* CoreGraphics.framework */ = {isa = PBXFileReference; lastKnownFileType = wrapper.framework; name = CoreGraphics.framework; path = System/Library/Frameworks/CoreGraphics.framework; sourceTree = SDKROOT; };
		D7A4F1D2173A8DDB00D1ACEE /* Vaavud-Info.plist */ = {isa = PBXFileReference; lastKnownFileType = text.plist.xml; path = "Vaavud-Info.plist"; sourceTree = "<group>"; };
		D7A4F1D4173A8DDB00D1ACEE /* en */ = {isa = PBXFileReference; lastKnownFileType = text.plist.strings; name = en; path = en.lproj/InfoPlist.strings; sourceTree = "<group>"; };
		D7A4F1D6173A8DDB00D1ACEE /* main.m */ = {isa = PBXFileReference; lastKnownFileType = sourcecode.c.objc; path = main.m; sourceTree = "<group>"; };
		D7A4F1D8173A8DDB00D1ACEE /* Vaavud-Prefix.pch */ = {isa = PBXFileReference; lastKnownFileType = sourcecode.c.h; path = "Vaavud-Prefix.pch"; sourceTree = "<group>"; };
		D7A4F1D9173A8DDB00D1ACEE /* vaavudAppDelegate.h */ = {isa = PBXFileReference; lastKnownFileType = sourcecode.c.h; path = vaavudAppDelegate.h; sourceTree = "<group>"; };
		D7A4F1DA173A8DDB00D1ACEE /* vaavudAppDelegate.m */ = {isa = PBXFileReference; lastKnownFileType = sourcecode.c.objc; path = vaavudAppDelegate.m; sourceTree = "<group>"; };
		D7A4F1E3173A8DDB00D1ACEE /* en */ = {isa = PBXFileReference; lastKnownFileType = file.storyboard; name = en; path = en.lproj/MainStoryboard.storyboard; sourceTree = "<group>"; };
		D7A4F1E5173A8DDB00D1ACEE /* vaavudViewController.h */ = {isa = PBXFileReference; lastKnownFileType = sourcecode.c.h; path = vaavudViewController.h; sourceTree = "<group>"; };
		D7A4F1E6173A8DDB00D1ACEE /* vaavudViewController.m */ = {isa = PBXFileReference; lastKnownFileType = sourcecode.c.objc; path = vaavudViewController.m; sourceTree = "<group>"; };
		D7A4F1F0173A8FAB00D1ACEE /* VaavudCoreController.h */ = {isa = PBXFileReference; fileEncoding = 4; lastKnownFileType = sourcecode.c.h; path = VaavudCoreController.h; sourceTree = "<group>"; };
		D7A4F1F1173A8FAB00D1ACEE /* VaavudCoreController.m */ = {isa = PBXFileReference; fileEncoding = 4; lastKnownFileType = sourcecode.c.objc; path = VaavudCoreController.m; sourceTree = "<group>"; };
		D7A4F1F3173A9FC200D1ACEE /* CoreMotion.framework */ = {isa = PBXFileReference; lastKnownFileType = wrapper.framework; name = CoreMotion.framework; path = System/Library/Frameworks/CoreMotion.framework; sourceTree = SDKROOT; };
		D7A4F1F5173AA16700D1ACEE /* Constants.h */ = {isa = PBXFileReference; lastKnownFileType = sourcecode.c.h; path = Constants.h; sourceTree = "<group>"; };
		D7B5BD4A17574E8C0069F739 /* VaavudTransparent100px.png */ = {isa = PBXFileReference; lastKnownFileType = image.png; path = VaavudTransparent100px.png; sourceTree = "<group>"; };
		D7B5BD4C17574E970069F739 /* VaavudTransparent100px@2x.png */ = {isa = PBXFileReference; lastKnownFileType = image.png; path = "VaavudTransparent100px@2x.png"; sourceTree = "<group>"; };
		D7B5BD4F175775EB0069F739 /* vaavudGraphHostingView.h */ = {isa = PBXFileReference; fileEncoding = 4; lastKnownFileType = sourcecode.c.h; path = vaavudGraphHostingView.h; sourceTree = "<group>"; };
		D7B5BD50175775EB0069F739 /* vaavudGraphHostingView.m */ = {isa = PBXFileReference; fileEncoding = 4; lastKnownFileType = sourcecode.c.objc; path = vaavudGraphHostingView.m; sourceTree = "<group>"; };
		D7B5BD521757A23C0069F739 /* CoreLocation.framework */ = {isa = PBXFileReference; lastKnownFileType = wrapper.framework; name = CoreLocation.framework; path = System/Library/Frameworks/CoreLocation.framework; sourceTree = SDKROOT; };
		D7C860ED173AD08F005E9946 /* QuartzCore.framework */ = {isa = PBXFileReference; lastKnownFileType = wrapper.framework; name = QuartzCore.framework; path = System/Library/Frameworks/QuartzCore.framework; sourceTree = SDKROOT; };
		D7C860F8173B061E005E9946 /* VaavudMagneticFieldDataManager.h */ = {isa = PBXFileReference; fileEncoding = 4; lastKnownFileType = sourcecode.c.h; path = VaavudMagneticFieldDataManager.h; sourceTree = "<group>"; };
		D7C860F9173B061E005E9946 /* VaavudMagneticFieldDataManager.m */ = {isa = PBXFileReference; fileEncoding = 4; lastKnownFileType = sourcecode.c.objc; path = VaavudMagneticFieldDataManager.m; sourceTree = "<group>"; };
		D7DA72401743C1CD00DFE962 /* Accelerate.framework */ = {isa = PBXFileReference; lastKnownFileType = wrapper.framework; name = Accelerate.framework; path = System/Library/Frameworks/Accelerate.framework; sourceTree = SDKROOT; };
		E90F76CC1771EB2A00F51A4F /* ServerUploadManager.h */ = {isa = PBXFileReference; fileEncoding = 4; lastKnownFileType = sourcecode.c.h; path = ServerUploadManager.h; sourceTree = "<group>"; };
		E90F76CD1771EB2B00F51A4F /* ServerUploadManager.m */ = {isa = PBXFileReference; fileEncoding = 4; lastKnownFileType = sourcecode.c.objc; path = ServerUploadManager.m; sourceTree = "<group>"; };
		E93338F5178C561B006E2314 /* ModelManager.h */ = {isa = PBXFileReference; fileEncoding = 4; lastKnownFileType = sourcecode.c.h; path = ModelManager.h; sourceTree = "<group>"; };
		E93338F6178C561B006E2314 /* ModelManager.m */ = {isa = PBXFileReference; fileEncoding = 4; lastKnownFileType = sourcecode.c.objc; path = ModelManager.m; sourceTree = "<group>"; };
		E93C86581781BE56005E4212 /* LocationManager.h */ = {isa = PBXFileReference; fileEncoding = 4; lastKnownFileType = sourcecode.c.h; path = LocationManager.h; sourceTree = "<group>"; };
		E93C86591781BE56005E4212 /* LocationManager.m */ = {isa = PBXFileReference; fileEncoding = 4; lastKnownFileType = sourcecode.c.objc; path = LocationManager.m; sourceTree = "<group>"; };
		E93C86611781C764005E4212 /* Property+Util.h */ = {isa = PBXFileReference; fileEncoding = 4; lastKnownFileType = sourcecode.c.h; path = "Property+Util.h"; sourceTree = "<group>"; };
		E93C86621781C764005E4212 /* Property+Util.m */ = {isa = PBXFileReference; fileEncoding = 4; lastKnownFileType = sourcecode.c.objc; path = "Property+Util.m"; sourceTree = "<group>"; };
		E93C86671781C88B005E4212 /* Property.h */ = {isa = PBXFileReference; fileEncoding = 4; lastKnownFileType = sourcecode.c.h; path = Property.h; sourceTree = "<group>"; };
		E93C86681781C88B005E4212 /* Property.m */ = {isa = PBXFileReference; fileEncoding = 4; lastKnownFileType = sourcecode.c.objc; path = Property.m; sourceTree = "<group>"; };
		E93C866D1781D69A005E4212 /* MeasurementSession+Util.h */ = {isa = PBXFileReference; fileEncoding = 4; lastKnownFileType = sourcecode.c.h; path = "MeasurementSession+Util.h"; sourceTree = "<group>"; };
		E93C866E1781D69A005E4212 /* MeasurementSession+Util.m */ = {isa = PBXFileReference; fileEncoding = 4; lastKnownFileType = sourcecode.c.objc; path = "MeasurementSession+Util.m"; sourceTree = "<group>"; };
		E93C86701781D727005E4212 /* MeasurementPoint+Util.h */ = {isa = PBXFileReference; fileEncoding = 4; lastKnownFileType = sourcecode.c.h; path = "MeasurementPoint+Util.h"; sourceTree = "<group>"; };
		E93C86711781D727005E4212 /* MeasurementPoint+Util.m */ = {isa = PBXFileReference; fileEncoding = 4; lastKnownFileType = sourcecode.c.objc; path = "MeasurementPoint+Util.m"; sourceTree = "<group>"; };
		E94CBB5C177DB3050089D440 /* UUIDUtil.h */ = {isa = PBXFileReference; fileEncoding = 4; lastKnownFileType = sourcecode.c.h; path = UUIDUtil.h; sourceTree = "<group>"; };
		E94CBB5D177DB3050089D440 /* UUIDUtil.m */ = {isa = PBXFileReference; fileEncoding = 4; lastKnownFileType = sourcecode.c.objc; path = UUIDUtil.m; sourceTree = "<group>"; };
		E995F0B0177C55A80011BF07 /* DictionarySerializationUtil.h */ = {isa = PBXFileReference; fileEncoding = 4; lastKnownFileType = sourcecode.c.h; path = DictionarySerializationUtil.h; sourceTree = "<group>"; };
		E995F0B1177C55A80011BF07 /* DictionarySerializationUtil.m */ = {isa = PBXFileReference; fileEncoding = 4; lastKnownFileType = sourcecode.c.objc; path = DictionarySerializationUtil.m; sourceTree = "<group>"; };
		E995F0B6177C7A2A0011BF07 /* MeasurementPoint.h */ = {isa = PBXFileReference; fileEncoding = 4; lastKnownFileType = sourcecode.c.h; path = MeasurementPoint.h; sourceTree = "<group>"; };
		E995F0B7177C7A2A0011BF07 /* MeasurementPoint.m */ = {isa = PBXFileReference; fileEncoding = 4; lastKnownFileType = sourcecode.c.objc; path = MeasurementPoint.m; sourceTree = "<group>"; };
		E99F8F6F178EC5AD0090402C /* UnitUtil.h */ = {isa = PBXFileReference; fileEncoding = 4; lastKnownFileType = sourcecode.c.h; path = UnitUtil.h; sourceTree = "<group>"; };
		E99F8F70178EC5AD0090402C /* UnitUtil.m */ = {isa = PBXFileReference; fileEncoding = 4; lastKnownFileType = sourcecode.c.objc; path = UnitUtil.m; sourceTree = "<group>"; };
		E99F8F75178F085F0090402C /* MeasurementSession.h */ = {isa = PBXFileReference; fileEncoding = 4; lastKnownFileType = sourcecode.c.h; path = MeasurementSession.h; sourceTree = "<group>"; };
		E99F8F76178F085F0090402C /* MeasurementSession.m */ = {isa = PBXFileReference; fileEncoding = 4; lastKnownFileType = sourcecode.c.objc; path = MeasurementSession.m; sourceTree = "<group>"; };
		E9B47A011794217200E8A82E /* Terms.h */ = {isa = PBXFileReference; fileEncoding = 4; lastKnownFileType = sourcecode.c.h; path = Terms.h; sourceTree = "<group>"; };
		E9B47A021794217200E8A82E /* Terms.m */ = {isa = PBXFileReference; fileEncoding = 4; lastKnownFileType = sourcecode.c.objc; path = Terms.m; sourceTree = "<group>"; };
		E9B47A081794315100E8A82E /* TermsViewController.h */ = {isa = PBXFileReference; fileEncoding = 4; lastKnownFileType = sourcecode.c.h; path = TermsViewController.h; sourceTree = "<group>"; };
		E9B47A091794315100E8A82E /* TermsViewController.m */ = {isa = PBXFileReference; fileEncoding = 4; lastKnownFileType = sourcecode.c.objc; path = TermsViewController.m; sourceTree = "<group>"; };
		E9B47A0D179599E500E8A82E /* Default-568h@2x.png */ = {isa = PBXFileReference; lastKnownFileType = image.png; name = "Default-568h@2x.png"; path = "../Default-568h@2x.png"; sourceTree = "<group>"; };
		E9B47A1117959AC900E8A82E /* Default@2x.png */ = {isa = PBXFileReference; lastKnownFileType = image.png; name = "Default@2x.png"; path = "../Default@2x.png"; sourceTree = "<group>"; };
		E9B47A1317959AFB00E8A82E /* Default.png */ = {isa = PBXFileReference; lastKnownFileType = image.png; name = Default.png; path = ../Default.png; sourceTree = "<group>"; };
		E9B627AE17708E63004678D5 /* AFHTTPClient.h */ = {isa = PBXFileReference; fileEncoding = 4; lastKnownFileType = sourcecode.c.h; path = AFHTTPClient.h; sourceTree = "<group>"; };
		E9B627AF17708E63004678D5 /* AFHTTPClient.m */ = {isa = PBXFileReference; fileEncoding = 4; lastKnownFileType = sourcecode.c.objc; path = AFHTTPClient.m; sourceTree = "<group>"; };
		E9B627B017708E63004678D5 /* AFHTTPRequestOperation.h */ = {isa = PBXFileReference; fileEncoding = 4; lastKnownFileType = sourcecode.c.h; path = AFHTTPRequestOperation.h; sourceTree = "<group>"; };
		E9B627B117708E63004678D5 /* AFHTTPRequestOperation.m */ = {isa = PBXFileReference; fileEncoding = 4; lastKnownFileType = sourcecode.c.objc; path = AFHTTPRequestOperation.m; sourceTree = "<group>"; };
		E9B627B217708E63004678D5 /* AFImageRequestOperation.h */ = {isa = PBXFileReference; fileEncoding = 4; lastKnownFileType = sourcecode.c.h; path = AFImageRequestOperation.h; sourceTree = "<group>"; };
		E9B627B317708E63004678D5 /* AFImageRequestOperation.m */ = {isa = PBXFileReference; fileEncoding = 4; lastKnownFileType = sourcecode.c.objc; path = AFImageRequestOperation.m; sourceTree = "<group>"; };
		E9B627B417708E63004678D5 /* AFJSONRequestOperation.h */ = {isa = PBXFileReference; fileEncoding = 4; lastKnownFileType = sourcecode.c.h; path = AFJSONRequestOperation.h; sourceTree = "<group>"; };
		E9B627B517708E63004678D5 /* AFJSONRequestOperation.m */ = {isa = PBXFileReference; fileEncoding = 4; lastKnownFileType = sourcecode.c.objc; path = AFJSONRequestOperation.m; sourceTree = "<group>"; };
		E9B627B617708E63004678D5 /* AFNetworkActivityIndicatorManager.h */ = {isa = PBXFileReference; fileEncoding = 4; lastKnownFileType = sourcecode.c.h; path = AFNetworkActivityIndicatorManager.h; sourceTree = "<group>"; };
		E9B627B717708E63004678D5 /* AFNetworkActivityIndicatorManager.m */ = {isa = PBXFileReference; fileEncoding = 4; lastKnownFileType = sourcecode.c.objc; path = AFNetworkActivityIndicatorManager.m; sourceTree = "<group>"; };
		E9B627B817708E63004678D5 /* AFNetworking.h */ = {isa = PBXFileReference; fileEncoding = 4; lastKnownFileType = sourcecode.c.h; path = AFNetworking.h; sourceTree = "<group>"; };
		E9B627B917708E63004678D5 /* AFPropertyListRequestOperation.h */ = {isa = PBXFileReference; fileEncoding = 4; lastKnownFileType = sourcecode.c.h; path = AFPropertyListRequestOperation.h; sourceTree = "<group>"; };
		E9B627BA17708E63004678D5 /* AFPropertyListRequestOperation.m */ = {isa = PBXFileReference; fileEncoding = 4; lastKnownFileType = sourcecode.c.objc; path = AFPropertyListRequestOperation.m; sourceTree = "<group>"; };
		E9B627BB17708E63004678D5 /* AFURLConnectionOperation.h */ = {isa = PBXFileReference; fileEncoding = 4; lastKnownFileType = sourcecode.c.h; path = AFURLConnectionOperation.h; sourceTree = "<group>"; };
		E9B627BC17708E63004678D5 /* AFURLConnectionOperation.m */ = {isa = PBXFileReference; fileEncoding = 4; lastKnownFileType = sourcecode.c.objc; path = AFURLConnectionOperation.m; sourceTree = "<group>"; };
		E9B627BD17708E63004678D5 /* AFXMLRequestOperation.h */ = {isa = PBXFileReference; fileEncoding = 4; lastKnownFileType = sourcecode.c.h; path = AFXMLRequestOperation.h; sourceTree = "<group>"; };
		E9B627BE17708E63004678D5 /* AFXMLRequestOperation.m */ = {isa = PBXFileReference; fileEncoding = 4; lastKnownFileType = sourcecode.c.objc; path = AFXMLRequestOperation.m; sourceTree = "<group>"; };
		E9B627BF17708E63004678D5 /* UIImageView+AFNetworking.h */ = {isa = PBXFileReference; fileEncoding = 4; lastKnownFileType = sourcecode.c.h; path = "UIImageView+AFNetworking.h"; sourceTree = "<group>"; };
		E9B627C017708E63004678D5 /* UIImageView+AFNetworking.m */ = {isa = PBXFileReference; fileEncoding = 4; lastKnownFileType = sourcecode.c.objc; path = "UIImageView+AFNetworking.m"; sourceTree = "<group>"; };
		E9B627CA177092EF004678D5 /* SystemConfiguration.framework */ = {isa = PBXFileReference; lastKnownFileType = wrapper.framework; name = SystemConfiguration.framework; path = System/Library/Frameworks/SystemConfiguration.framework; sourceTree = SDKROOT; };
		E9B627CC1770930D004678D5 /* MobileCoreServices.framework */ = {isa = PBXFileReference; lastKnownFileType = wrapper.framework; name = MobileCoreServices.framework; path = System/Library/Frameworks/MobileCoreServices.framework; sourceTree = SDKROOT; };
		E9B627CF177096D6004678D5 /* VaavudAPIHTTPClient.h */ = {isa = PBXFileReference; fileEncoding = 4; lastKnownFileType = sourcecode.c.h; path = VaavudAPIHTTPClient.h; sourceTree = "<group>"; };
		E9B627D0177096D6004678D5 /* VaavudAPIHTTPClient.m */ = {isa = PBXFileReference; fileEncoding = 4; lastKnownFileType = sourcecode.c.objc; path = VaavudAPIHTTPClient.m; sourceTree = "<group>"; };
		E9BB7A0B178DE2D9002E746F /* QueryStringUtil.h */ = {isa = PBXFileReference; fileEncoding = 4; lastKnownFileType = sourcecode.c.h; path = QueryStringUtil.h; sourceTree = "<group>"; };
		E9BB7A0C178DE2D9002E746F /* QueryStringUtil.m */ = {isa = PBXFileReference; fileEncoding = 4; lastKnownFileType = sourcecode.c.objc; path = QueryStringUtil.m; sourceTree = "<group>"; };
		E9CD2202177B2AEA0054ED3F /* MagicalImportFunctions.h */ = {isa = PBXFileReference; fileEncoding = 4; lastKnownFileType = sourcecode.c.h; path = MagicalImportFunctions.h; sourceTree = "<group>"; };
		E9CD2203177B2AEA0054ED3F /* MagicalImportFunctions.m */ = {isa = PBXFileReference; fileEncoding = 4; lastKnownFileType = sourcecode.c.objc; path = MagicalImportFunctions.m; sourceTree = "<group>"; };
		E9CD2204177B2AEA0054ED3F /* NSAttributeDescription+MagicalDataImport.h */ = {isa = PBXFileReference; fileEncoding = 4; lastKnownFileType = sourcecode.c.h; path = "NSAttributeDescription+MagicalDataImport.h"; sourceTree = "<group>"; };
		E9CD2205177B2AEA0054ED3F /* NSAttributeDescription+MagicalDataImport.m */ = {isa = PBXFileReference; fileEncoding = 4; lastKnownFileType = sourcecode.c.objc; path = "NSAttributeDescription+MagicalDataImport.m"; sourceTree = "<group>"; };
		E9CD2206177B2AEA0054ED3F /* NSEntityDescription+MagicalDataImport.h */ = {isa = PBXFileReference; fileEncoding = 4; lastKnownFileType = sourcecode.c.h; path = "NSEntityDescription+MagicalDataImport.h"; sourceTree = "<group>"; };
		E9CD2207177B2AEA0054ED3F /* NSEntityDescription+MagicalDataImport.m */ = {isa = PBXFileReference; fileEncoding = 4; lastKnownFileType = sourcecode.c.objc; path = "NSEntityDescription+MagicalDataImport.m"; sourceTree = "<group>"; };
		E9CD2208177B2AEA0054ED3F /* NSNumber+MagicalDataImport.h */ = {isa = PBXFileReference; fileEncoding = 4; lastKnownFileType = sourcecode.c.h; path = "NSNumber+MagicalDataImport.h"; sourceTree = "<group>"; };
		E9CD2209177B2AEA0054ED3F /* NSNumber+MagicalDataImport.m */ = {isa = PBXFileReference; fileEncoding = 4; lastKnownFileType = sourcecode.c.objc; path = "NSNumber+MagicalDataImport.m"; sourceTree = "<group>"; };
		E9CD220A177B2AEA0054ED3F /* NSObject+MagicalDataImport.h */ = {isa = PBXFileReference; fileEncoding = 4; lastKnownFileType = sourcecode.c.h; path = "NSObject+MagicalDataImport.h"; sourceTree = "<group>"; };
		E9CD220B177B2AEA0054ED3F /* NSObject+MagicalDataImport.m */ = {isa = PBXFileReference; fileEncoding = 4; lastKnownFileType = sourcecode.c.objc; path = "NSObject+MagicalDataImport.m"; sourceTree = "<group>"; };
		E9CD220C177B2AEA0054ED3F /* NSRelationshipDescription+MagicalDataImport.h */ = {isa = PBXFileReference; fileEncoding = 4; lastKnownFileType = sourcecode.c.h; path = "NSRelationshipDescription+MagicalDataImport.h"; sourceTree = "<group>"; };
		E9CD220D177B2AEA0054ED3F /* NSRelationshipDescription+MagicalDataImport.m */ = {isa = PBXFileReference; fileEncoding = 4; lastKnownFileType = sourcecode.c.objc; path = "NSRelationshipDescription+MagicalDataImport.m"; sourceTree = "<group>"; };
		E9CD220E177B2AEA0054ED3F /* NSString+MagicalDataImport.h */ = {isa = PBXFileReference; fileEncoding = 4; lastKnownFileType = sourcecode.c.h; path = "NSString+MagicalDataImport.h"; sourceTree = "<group>"; };
		E9CD220F177B2AEA0054ED3F /* NSString+MagicalDataImport.m */ = {isa = PBXFileReference; fileEncoding = 4; lastKnownFileType = sourcecode.c.objc; path = "NSString+MagicalDataImport.m"; sourceTree = "<group>"; };
		E9CD2211177B2AEA0054ED3F /* NSManagedObject+MagicalAggregation.h */ = {isa = PBXFileReference; fileEncoding = 4; lastKnownFileType = sourcecode.c.h; path = "NSManagedObject+MagicalAggregation.h"; sourceTree = "<group>"; };
		E9CD2212177B2AEA0054ED3F /* NSManagedObject+MagicalAggregation.m */ = {isa = PBXFileReference; fileEncoding = 4; lastKnownFileType = sourcecode.c.objc; path = "NSManagedObject+MagicalAggregation.m"; sourceTree = "<group>"; };
		E9CD2213177B2AEA0054ED3F /* NSManagedObject+MagicalDataImport.h */ = {isa = PBXFileReference; fileEncoding = 4; lastKnownFileType = sourcecode.c.h; path = "NSManagedObject+MagicalDataImport.h"; sourceTree = "<group>"; };
		E9CD2214177B2AEA0054ED3F /* NSManagedObject+MagicalDataImport.m */ = {isa = PBXFileReference; fileEncoding = 4; lastKnownFileType = sourcecode.c.objc; path = "NSManagedObject+MagicalDataImport.m"; sourceTree = "<group>"; };
		E9CD2215177B2AEA0054ED3F /* NSManagedObject+MagicalFinders.h */ = {isa = PBXFileReference; fileEncoding = 4; lastKnownFileType = sourcecode.c.h; path = "NSManagedObject+MagicalFinders.h"; sourceTree = "<group>"; };
		E9CD2216177B2AEA0054ED3F /* NSManagedObject+MagicalFinders.m */ = {isa = PBXFileReference; fileEncoding = 4; lastKnownFileType = sourcecode.c.objc; path = "NSManagedObject+MagicalFinders.m"; sourceTree = "<group>"; };
		E9CD2217177B2AEA0054ED3F /* NSManagedObject+MagicalRecord.h */ = {isa = PBXFileReference; fileEncoding = 4; lastKnownFileType = sourcecode.c.h; path = "NSManagedObject+MagicalRecord.h"; sourceTree = "<group>"; };
		E9CD2218177B2AEA0054ED3F /* NSManagedObject+MagicalRecord.m */ = {isa = PBXFileReference; fileEncoding = 4; lastKnownFileType = sourcecode.c.objc; path = "NSManagedObject+MagicalRecord.m"; sourceTree = "<group>"; };
		E9CD2219177B2AEA0054ED3F /* NSManagedObject+MagicalRequests.h */ = {isa = PBXFileReference; fileEncoding = 4; lastKnownFileType = sourcecode.c.h; path = "NSManagedObject+MagicalRequests.h"; sourceTree = "<group>"; };
		E9CD221A177B2AEA0054ED3F /* NSManagedObject+MagicalRequests.m */ = {isa = PBXFileReference; fileEncoding = 4; lastKnownFileType = sourcecode.c.objc; path = "NSManagedObject+MagicalRequests.m"; sourceTree = "<group>"; };
		E9CD221C177B2AEA0054ED3F /* NSManagedObjectContext+MagicalObserving.h */ = {isa = PBXFileReference; fileEncoding = 4; lastKnownFileType = sourcecode.c.h; path = "NSManagedObjectContext+MagicalObserving.h"; sourceTree = "<group>"; };
		E9CD221D177B2AEA0054ED3F /* NSManagedObjectContext+MagicalObserving.m */ = {isa = PBXFileReference; fileEncoding = 4; lastKnownFileType = sourcecode.c.objc; path = "NSManagedObjectContext+MagicalObserving.m"; sourceTree = "<group>"; };
		E9CD221E177B2AEA0054ED3F /* NSManagedObjectContext+MagicalRecord.h */ = {isa = PBXFileReference; fileEncoding = 4; lastKnownFileType = sourcecode.c.h; path = "NSManagedObjectContext+MagicalRecord.h"; sourceTree = "<group>"; };
		E9CD221F177B2AEA0054ED3F /* NSManagedObjectContext+MagicalRecord.m */ = {isa = PBXFileReference; fileEncoding = 4; lastKnownFileType = sourcecode.c.objc; path = "NSManagedObjectContext+MagicalRecord.m"; sourceTree = "<group>"; };
		E9CD2220177B2AEA0054ED3F /* NSManagedObjectContext+MagicalSaves.h */ = {isa = PBXFileReference; fileEncoding = 4; lastKnownFileType = sourcecode.c.h; path = "NSManagedObjectContext+MagicalSaves.h"; sourceTree = "<group>"; };
		E9CD2221177B2AEA0054ED3F /* NSManagedObjectContext+MagicalSaves.m */ = {isa = PBXFileReference; fileEncoding = 4; lastKnownFileType = sourcecode.c.objc; path = "NSManagedObjectContext+MagicalSaves.m"; sourceTree = "<group>"; };
		E9CD2222177B2AEA0054ED3F /* NSManagedObjectContext+MagicalThreading.h */ = {isa = PBXFileReference; fileEncoding = 4; lastKnownFileType = sourcecode.c.h; path = "NSManagedObjectContext+MagicalThreading.h"; sourceTree = "<group>"; };
		E9CD2223177B2AEA0054ED3F /* NSManagedObjectContext+MagicalThreading.m */ = {isa = PBXFileReference; fileEncoding = 4; lastKnownFileType = sourcecode.c.objc; path = "NSManagedObjectContext+MagicalThreading.m"; sourceTree = "<group>"; };
		E9CD2224177B2AEA0054ED3F /* NSManagedObjectModel+MagicalRecord.h */ = {isa = PBXFileReference; fileEncoding = 4; lastKnownFileType = sourcecode.c.h; path = "NSManagedObjectModel+MagicalRecord.h"; sourceTree = "<group>"; };
		E9CD2225177B2AEA0054ED3F /* NSManagedObjectModel+MagicalRecord.m */ = {isa = PBXFileReference; fileEncoding = 4; lastKnownFileType = sourcecode.c.objc; path = "NSManagedObjectModel+MagicalRecord.m"; sourceTree = "<group>"; };
		E9CD2226177B2AEA0054ED3F /* NSPersistentStore+MagicalRecord.h */ = {isa = PBXFileReference; fileEncoding = 4; lastKnownFileType = sourcecode.c.h; path = "NSPersistentStore+MagicalRecord.h"; sourceTree = "<group>"; };
		E9CD2227177B2AEA0054ED3F /* NSPersistentStore+MagicalRecord.m */ = {isa = PBXFileReference; fileEncoding = 4; lastKnownFileType = sourcecode.c.objc; path = "NSPersistentStore+MagicalRecord.m"; sourceTree = "<group>"; };
		E9CD2228177B2AEA0054ED3F /* NSPersistentStoreCoordinator+MagicalRecord.h */ = {isa = PBXFileReference; fileEncoding = 4; lastKnownFileType = sourcecode.c.h; path = "NSPersistentStoreCoordinator+MagicalRecord.h"; sourceTree = "<group>"; };
		E9CD2229177B2AEA0054ED3F /* NSPersistentStoreCoordinator+MagicalRecord.m */ = {isa = PBXFileReference; fileEncoding = 4; lastKnownFileType = sourcecode.c.objc; path = "NSPersistentStoreCoordinator+MagicalRecord.m"; sourceTree = "<group>"; };
		E9CD222B177B2AEA0054ED3F /* MagicalRecord+Actions.h */ = {isa = PBXFileReference; fileEncoding = 4; lastKnownFileType = sourcecode.c.h; path = "MagicalRecord+Actions.h"; sourceTree = "<group>"; };
		E9CD222C177B2AEA0054ED3F /* MagicalRecord+Actions.m */ = {isa = PBXFileReference; fileEncoding = 4; lastKnownFileType = sourcecode.c.objc; path = "MagicalRecord+Actions.m"; sourceTree = "<group>"; };
		E9CD222D177B2AEA0054ED3F /* MagicalRecord+ErrorHandling.h */ = {isa = PBXFileReference; fileEncoding = 4; lastKnownFileType = sourcecode.c.h; path = "MagicalRecord+ErrorHandling.h"; sourceTree = "<group>"; };
		E9CD222E177B2AEA0054ED3F /* MagicalRecord+ErrorHandling.m */ = {isa = PBXFileReference; fileEncoding = 4; lastKnownFileType = sourcecode.c.objc; path = "MagicalRecord+ErrorHandling.m"; sourceTree = "<group>"; };
		E9CD222F177B2AEA0054ED3F /* MagicalRecord+iCloud.h */ = {isa = PBXFileReference; fileEncoding = 4; lastKnownFileType = sourcecode.c.h; path = "MagicalRecord+iCloud.h"; sourceTree = "<group>"; };
		E9CD2230177B2AEA0054ED3F /* MagicalRecord+iCloud.m */ = {isa = PBXFileReference; fileEncoding = 4; lastKnownFileType = sourcecode.c.objc; path = "MagicalRecord+iCloud.m"; sourceTree = "<group>"; };
		E9CD2231177B2AEA0054ED3F /* MagicalRecord+Options.h */ = {isa = PBXFileReference; fileEncoding = 4; lastKnownFileType = sourcecode.c.h; path = "MagicalRecord+Options.h"; sourceTree = "<group>"; };
		E9CD2232177B2AEA0054ED3F /* MagicalRecord+Options.m */ = {isa = PBXFileReference; fileEncoding = 4; lastKnownFileType = sourcecode.c.objc; path = "MagicalRecord+Options.m"; sourceTree = "<group>"; };
		E9CD2233177B2AEA0054ED3F /* MagicalRecord+Setup.h */ = {isa = PBXFileReference; fileEncoding = 4; lastKnownFileType = sourcecode.c.h; path = "MagicalRecord+Setup.h"; sourceTree = "<group>"; };
		E9CD2234177B2AEA0054ED3F /* MagicalRecord+Setup.m */ = {isa = PBXFileReference; fileEncoding = 4; lastKnownFileType = sourcecode.c.objc; path = "MagicalRecord+Setup.m"; sourceTree = "<group>"; };
		E9CD2235177B2AEA0054ED3F /* MagicalRecord+ShorthandSupport.h */ = {isa = PBXFileReference; fileEncoding = 4; lastKnownFileType = sourcecode.c.h; path = "MagicalRecord+ShorthandSupport.h"; sourceTree = "<group>"; };
		E9CD2236177B2AEA0054ED3F /* MagicalRecord+ShorthandSupport.m */ = {isa = PBXFileReference; fileEncoding = 4; lastKnownFileType = sourcecode.c.objc; path = "MagicalRecord+ShorthandSupport.m"; sourceTree = "<group>"; };
		E9CD2237177B2AEA0054ED3F /* MagicalRecord.h */ = {isa = PBXFileReference; fileEncoding = 4; lastKnownFileType = sourcecode.c.h; path = MagicalRecord.h; sourceTree = "<group>"; };
		E9CD2238177B2AEA0054ED3F /* MagicalRecord.m */ = {isa = PBXFileReference; fileEncoding = 4; lastKnownFileType = sourcecode.c.objc; path = MagicalRecord.m; sourceTree = "<group>"; };
		E9CD2239177B2AEA0054ED3F /* MagicalRecordShorthand.h */ = {isa = PBXFileReference; fileEncoding = 4; lastKnownFileType = sourcecode.c.h; path = MagicalRecordShorthand.h; sourceTree = "<group>"; };
		E9CD223A177B2AEA0054ED3F /* CoreData+MagicalRecord.h */ = {isa = PBXFileReference; fileEncoding = 4; lastKnownFileType = sourcecode.c.h; path = "CoreData+MagicalRecord.h"; sourceTree = "<group>"; };
		E9EE1FA31769E54E00D1F006 /* Model.xcdatamodel */ = {isa = PBXFileReference; lastKnownFileType = wrapper.xcdatamodel; path = Model.xcdatamodel; sourceTree = "<group>"; };
		E9EE1FAE1769F08400D1F006 /* SharedSingleton.h */ = {isa = PBXFileReference; lastKnownFileType = sourcecode.c.h; path = SharedSingleton.h; sourceTree = "<group>"; };
		E9EE1FB8176A024B00D1F006 /* CoreData.framework */ = {isa = PBXFileReference; lastKnownFileType = wrapper.framework; name = CoreData.framework; path = System/Library/Frameworks/CoreData.framework; sourceTree = SDKROOT; };
/* End PBXFileReference section */

/* Begin PBXFrameworksBuildPhase section */
		D7A4F1C4173A8DDB00D1ACEE /* Frameworks */ = {
			isa = PBXFrameworksBuildPhase;
			buildActionMask = 2147483647;
			files = (
				E9B627CD1770930D004678D5 /* MobileCoreServices.framework in Frameworks */,
				E9B627CB177092EF004678D5 /* SystemConfiguration.framework in Frameworks */,
				E9EE1FB9176A024B00D1F006 /* CoreData.framework in Frameworks */,
				D7B5BD531757A23C0069F739 /* CoreLocation.framework in Frameworks */,
				D7DA72411743C1CD00DFE962 /* Accelerate.framework in Frameworks */,
				D7C860EE173AD08F005E9946 /* QuartzCore.framework in Frameworks */,
				D7A4F1F4173A9FC200D1ACEE /* CoreMotion.framework in Frameworks */,
				D7A4F1CB173A8DDB00D1ACEE /* UIKit.framework in Frameworks */,
				D7A4F1CD173A8DDB00D1ACEE /* Foundation.framework in Frameworks */,
				D7A4F1CF173A8DDB00D1ACEE /* CoreGraphics.framework in Frameworks */,
				D70241DA17478B7A008954FD /* libCorePlot-CocoaTouch.a in Frameworks */,
			);
			runOnlyForDeploymentPostprocessing = 0;
		};
/* End PBXFrameworksBuildPhase section */

/* Begin PBXGroup section */
		D702418A17478B16008954FD /* CorePlot */ = {
			isa = PBXGroup;
			children = (
				D702418B17478B79008954FD /* CorePlotHeaders */,
				D70241D917478B7A008954FD /* libCorePlot-CocoaTouch.a */,
			);
			name = CorePlot;
			path = ..;
			sourceTree = "<group>";
		};
		D702418B17478B79008954FD /* CorePlotHeaders */ = {
			isa = PBXGroup;
			children = (
				D702418C17478B79008954FD /* CorePlot-CocoaTouch.h */,
				D702418D17478B79008954FD /* CPTAnimation.h */,
				D702418E17478B79008954FD /* CPTAnimationOperation.h */,
				D702418F17478B79008954FD /* CPTAnimationPeriod.h */,
				D702419017478B79008954FD /* CPTAnnotation.h */,
				D702419117478B79008954FD /* CPTAnnotationHostLayer.h */,
				D702419217478B79008954FD /* CPTAxis.h */,
				D702419317478B79008954FD /* CPTAxisLabel.h */,
				D702419417478B79008954FD /* CPTAxisLabelGroup.h */,
				D702419517478B79008954FD /* CPTAxisSet.h */,
				D702419617478B79008954FD /* CPTAxisTitle.h */,
				D702419717478B79008954FD /* CPTBarPlot.h */,
				D702419817478B79008954FD /* CPTBorderedLayer.h */,
				D702419917478B79008954FD /* CPTCalendarFormatter.h */,
				D702419A17478B79008954FD /* CPTColor.h */,
				D702419B17478B79008954FD /* CPTColorSpace.h */,
				D702419C17478B79008954FD /* CPTConstraints.h */,
				D702419D17478B79008954FD /* CPTDataSourceTestCase.h */,
				D702419E17478B79008954FD /* CPTDefinitions.h */,
				D702419F17478B79008954FD /* CPTDerivedXYGraph.h */,
				D70241A017478B79008954FD /* CPTExceptions.h */,
				D70241A117478B79008954FD /* CPTFill.h */,
				D70241A217478B79008954FD /* CPTGradient.h */,
				D70241A317478B79008954FD /* CPTGraph.h */,
				D70241A417478B79008954FD /* CPTGraphHostingView.h */,
				D70241A517478B79008954FD /* CPTGridLineGroup.h */,
				D70241A617478B79008954FD /* CPTGridLines.h */,
				D70241A717478B79008954FD /* CPTImage.h */,
				D70241A817478B79008954FD /* CPTLayer.h */,
				D70241A917478B79008954FD /* CPTLayerAnnotation.h */,
				D70241AA17478B79008954FD /* CPTLegend.h */,
				D70241AB17478B79008954FD /* CPTLegendEntry.h */,
				D70241AC17478B79008954FD /* CPTLimitBand.h */,
				D70241AD17478B79008954FD /* CPTLineCap.h */,
				D70241AE17478B79008954FD /* CPTLineStyle.h */,
				D70241AF17478B79008954FD /* CPTMutableLineStyle.h */,
				D70241B017478B79008954FD /* CPTMutableNumericData+TypeConversion.h */,
				D70241B117478B79008954FD /* CPTMutableNumericData.h */,
				D70241B217478B79008954FD /* CPTMutablePlotRange.h */,
				D70241B317478B79008954FD /* CPTMutableShadow.h */,
				D70241B417478B79008954FD /* CPTMutableTextStyle.h */,
				D70241B517478B79008954FD /* CPTNumericData+TypeConversion.h */,
				D70241B617478B79008954FD /* CPTNumericData.h */,
				D70241B717478B79008954FD /* CPTNumericDataType.h */,
				D70241B817478B79008954FD /* CPTPathExtensions.h */,
				D70241B917478B79008954FD /* CPTPieChart.h */,
				D70241BA17478B79008954FD /* CPTPlatformSpecificCategories.h */,
				D70241BB17478B79008954FD /* CPTPlatformSpecificDefines.h */,
				D70241BC17478B79008954FD /* CPTPlatformSpecificFunctions.h */,
				D70241BD17478B79008954FD /* CPTPlot.h */,
				D70241BE17478B79008954FD /* CPTPlotArea.h */,
				D70241BF17478B79008954FD /* CPTPlotAreaFrame.h */,
				D70241C017478B79008954FD /* CPTPlotGroup.h */,
				D70241C117478B79008954FD /* CPTPlotRange.h */,
				D70241C217478B79008954FD /* CPTPlotSpace.h */,
				D70241C317478B79008954FD /* CPTPlotSpaceAnnotation.h */,
				D70241C417478B79008954FD /* CPTPlotSymbol.h */,
				D70241C517478B79008954FD /* CPTRangePlot.h */,
				D70241C617478B79008954FD /* CPTResponder.h */,
				D70241C717478B79008954FD /* CPTScatterPlot.h */,
				D70241C817478B79008954FD /* CPTShadow.h */,
				D70241C917478B79008954FD /* CPTTestCase.h */,
				D70241CA17478B79008954FD /* CPTTextLayer.h */,
				D70241CB17478B79008954FD /* CPTTextStyle.h */,
				D70241CC17478B79008954FD /* CPTTextStylePlatformSpecific.h */,
				D70241CD17478B79008954FD /* CPTTheme.h */,
				D70241CE17478B79008954FD /* CPTTimeFormatter.h */,
				D70241CF17478B79008954FD /* CPTTradingRangePlot.h */,
				D70241D017478B79008954FD /* CPTUtilities.h */,
				D70241D117478B79008954FD /* CPTXYAxis.h */,
				D70241D217478B79008954FD /* CPTXYAxisSet.h */,
				D70241D317478B79008954FD /* CPTXYGraph.h */,
				D70241D417478B7A008954FD /* CPTXYPlotSpace.h */,
				D70241D517478B7A008954FD /* mainpage.h */,
				D70241D617478B7A008954FD /* NSCoderExtensions.h */,
				D70241D717478B7A008954FD /* NSDecimalNumberExtensions.h */,
				D70241D817478B7A008954FD /* NSNumberExtensions.h */,
			);
			path = CorePlotHeaders;
			sourceTree = "<group>";
		};
		D7A4F1BE173A8DDB00D1ACEE = {
			isa = PBXGroup;
			children = (
				E9EE1FA21769E54E00D1F006 /* Model.xcdatamodeld */,
				D7A4F1D0173A8DDB00D1ACEE /* Classes */,
				D7A4F1C9173A8DDB00D1ACEE /* Frameworks */,
				E98853C7176868BE00F78128 /* Images */,
				D7A4F1C8173A8DDB00D1ACEE /* Products */,
				D7A4F1D1173A8DDB00D1ACEE /* Supporting Files */,
			);
			sourceTree = "<group>";
		};
		D7A4F1C8173A8DDB00D1ACEE /* Products */ = {
			isa = PBXGroup;
			children = (
				D7A4F1C7173A8DDB00D1ACEE /* Vaavud.app */,
			);
			name = Products;
			sourceTree = "<group>";
		};
		D7A4F1C9173A8DDB00D1ACEE /* Frameworks */ = {
			isa = PBXGroup;
			children = (
				D7DA72401743C1CD00DFE962 /* Accelerate.framework */,
				E9EE1FB8176A024B00D1F006 /* CoreData.framework */,
				D7A4F1CE173A8DDB00D1ACEE /* CoreGraphics.framework */,
				D7B5BD521757A23C0069F739 /* CoreLocation.framework */,
				D7A4F1F3173A9FC200D1ACEE /* CoreMotion.framework */,
				D7A4F1CC173A8DDB00D1ACEE /* Foundation.framework */,
				E9B627CC1770930D004678D5 /* MobileCoreServices.framework */,
				D7C860ED173AD08F005E9946 /* QuartzCore.framework */,
				E9B627CA177092EF004678D5 /* SystemConfiguration.framework */,
				D7A4F1CA173A8DDB00D1ACEE /* UIKit.framework */,
			);
			name = Frameworks;
			sourceTree = "<group>";
		};
		D7A4F1D0173A8DDB00D1ACEE /* Classes */ = {
			isa = PBXGroup;
			children = (
				D7A4F1E2173A8DDB00D1ACEE /* MainStoryboard.storyboard */,
				E9EE1FA51769EC7F00D1F006 /* Model */,
				E9B627CE177096A4004678D5 /* Network */,
				E9DBD3BA17688E9C00CCDA57 /* ThirdParty */,
				E9EE1FAD1769F01800D1F006 /* Util */,
				D7A4F1D9173A8DDB00D1ACEE /* vaavudAppDelegate.h */,
				D7A4F1DA173A8DDB00D1ACEE /* vaavudAppDelegate.m */,
				D7A4F1EF173A8F4600D1ACEE /* VaavudCoreFiles */,
				D7B5BD4E175775BA0069F739 /* VaavudViewFiles */,
			);
			name = Classes;
			path = VaavudCore;
			sourceTree = "<group>";
		};
		D7A4F1D1173A8DDB00D1ACEE /* Supporting Files */ = {
			isa = PBXGroup;
			children = (
				E9B47A1317959AFB00E8A82E /* Default.png */,
				E9B47A1117959AC900E8A82E /* Default@2x.png */,
				E9B47A0D179599E500E8A82E /* Default-568h@2x.png */,
				D7409DA61769C1A900890CC9 /* startButton.png */,
				D7409DA71769C1A900890CC9 /* startButton@2x.png */,
				D7409DA81769C1A900890CC9 /* stopButton.png */,
				D7409DA91769C1A900890CC9 /* stopButton@2x.png */,
				D7B5BD4C17574E970069F739 /* VaavudTransparent100px@2x.png */,
				D7B5BD4A17574E8C0069F739 /* VaavudTransparent100px.png */,
				D7A4F1D2173A8DDB00D1ACEE /* Vaavud-Info.plist */,
				D7A4F1D3173A8DDB00D1ACEE /* InfoPlist.strings */,
				D7A4F1D6173A8DDB00D1ACEE /* main.m */,
				D7A4F1D8173A8DDB00D1ACEE /* Vaavud-Prefix.pch */,
			);
			name = "Supporting Files";
			path = VaavudCore;
			sourceTree = "<group>";
		};
		D7A4F1EF173A8F4600D1ACEE /* VaavudCoreFiles */ = {
			isa = PBXGroup;
			children = (
				D7A4F1F5173AA16700D1ACEE /* Constants.h */,
				D7A4F1F0173A8FAB00D1ACEE /* VaavudCoreController.h */,
				D7A4F1F1173A8FAB00D1ACEE /* VaavudCoreController.m */,
				D7092E881748FE9C00993235 /* vaavudDynamicsController.h */,
				D7092E891748FE9C00993235 /* vaavudDynamicsController.m */,
				D71BE13517439AA000B38E34 /* vaavudFFT.h */,
				D71BE13617439AA000B38E34 /* vaavudFFT.m */,
				D7C860F8173B061E005E9946 /* VaavudMagneticFieldDataManager.h */,
				D7C860F9173B061E005E9946 /* VaavudMagneticFieldDataManager.m */,
			);
			name = VaavudCoreFiles;
			sourceTree = "<group>";
		};
		D7B5BD4E175775BA0069F739 /* VaavudViewFiles */ = {
			isa = PBXGroup;
			children = (
				D7B5BD4F175775EB0069F739 /* vaavudGraphHostingView.h */,
				D7B5BD50175775EB0069F739 /* vaavudGraphHostingView.m */,
				D7A4F1E5173A8DDB00D1ACEE /* vaavudViewController.h */,
				D7A4F1E6173A8DDB00D1ACEE /* vaavudViewController.m */,
				E9B47A011794217200E8A82E /* Terms.h */,
				E9B47A021794217200E8A82E /* Terms.m */,
				E9B47A081794315100E8A82E /* TermsViewController.h */,
				E9B47A091794315100E8A82E /* TermsViewController.m */,
			);
			name = VaavudViewFiles;
			sourceTree = "<group>";
		};
		E98853C7176868BE00F78128 /* Images */ = {
			isa = PBXGroup;
			children = (
				D70241841746D7F6008954FD /* VaavudIcon57.png */,
				D70241821746D7F1008954FD /* VaavudIcon114.png */,
			);
			name = Images;
			sourceTree = "<group>";
		};
		E9B627AD17708E63004678D5 /* AFNetworking */ = {
			isa = PBXGroup;
			children = (
				E9B627AE17708E63004678D5 /* AFHTTPClient.h */,
				E9B627AF17708E63004678D5 /* AFHTTPClient.m */,
				E9B627B017708E63004678D5 /* AFHTTPRequestOperation.h */,
				E9B627B117708E63004678D5 /* AFHTTPRequestOperation.m */,
				E9B627B217708E63004678D5 /* AFImageRequestOperation.h */,
				E9B627B317708E63004678D5 /* AFImageRequestOperation.m */,
				E9B627B417708E63004678D5 /* AFJSONRequestOperation.h */,
				E9B627B517708E63004678D5 /* AFJSONRequestOperation.m */,
				E9B627B617708E63004678D5 /* AFNetworkActivityIndicatorManager.h */,
				E9B627B717708E63004678D5 /* AFNetworkActivityIndicatorManager.m */,
				E9B627B817708E63004678D5 /* AFNetworking.h */,
				E9B627B917708E63004678D5 /* AFPropertyListRequestOperation.h */,
				E9B627BA17708E63004678D5 /* AFPropertyListRequestOperation.m */,
				E9B627BB17708E63004678D5 /* AFURLConnectionOperation.h */,
				E9B627BC17708E63004678D5 /* AFURLConnectionOperation.m */,
				E9B627BD17708E63004678D5 /* AFXMLRequestOperation.h */,
				E9B627BE17708E63004678D5 /* AFXMLRequestOperation.m */,
				E9B627BF17708E63004678D5 /* UIImageView+AFNetworking.h */,
				E9B627C017708E63004678D5 /* UIImageView+AFNetworking.m */,
			);
			name = AFNetworking;
			path = ../AFNetworking;
			sourceTree = "<group>";
		};
		E9B627CE177096A4004678D5 /* Network */ = {
			isa = PBXGroup;
			children = (
				E90F76CC1771EB2A00F51A4F /* ServerUploadManager.h */,
				E90F76CD1771EB2B00F51A4F /* ServerUploadManager.m */,
				E9B627CF177096D6004678D5 /* VaavudAPIHTTPClient.h */,
				E9B627D0177096D6004678D5 /* VaavudAPIHTTPClient.m */,
			);
			name = Network;
			sourceTree = "<group>";
		};
		E9CD21FF177B2AEA0054ED3F /* MagicalRecord */ = {
			isa = PBXGroup;
			children = (
				E9CD2200177B2AEA0054ED3F /* Categories */,
				E9CD222A177B2AEA0054ED3F /* Core */,
				E9CD223A177B2AEA0054ED3F /* CoreData+MagicalRecord.h */,
			);
			name = MagicalRecord;
			path = ../MagicalRecord;
			sourceTree = "<group>";
		};
		E9CD2200177B2AEA0054ED3F /* Categories */ = {
			isa = PBXGroup;
			children = (
				E9CD2201177B2AEA0054ED3F /* DataImport */,
				E9CD2210177B2AEA0054ED3F /* NSManagedObject */,
				E9CD221B177B2AEA0054ED3F /* NSManagedObjectContext */,
				E9CD2224177B2AEA0054ED3F /* NSManagedObjectModel+MagicalRecord.h */,
				E9CD2225177B2AEA0054ED3F /* NSManagedObjectModel+MagicalRecord.m */,
				E9CD2226177B2AEA0054ED3F /* NSPersistentStore+MagicalRecord.h */,
				E9CD2227177B2AEA0054ED3F /* NSPersistentStore+MagicalRecord.m */,
				E9CD2228177B2AEA0054ED3F /* NSPersistentStoreCoordinator+MagicalRecord.h */,
				E9CD2229177B2AEA0054ED3F /* NSPersistentStoreCoordinator+MagicalRecord.m */,
			);
			path = Categories;
			sourceTree = "<group>";
		};
		E9CD2201177B2AEA0054ED3F /* DataImport */ = {
			isa = PBXGroup;
			children = (
				E9CD2202177B2AEA0054ED3F /* MagicalImportFunctions.h */,
				E9CD2203177B2AEA0054ED3F /* MagicalImportFunctions.m */,
				E9CD2204177B2AEA0054ED3F /* NSAttributeDescription+MagicalDataImport.h */,
				E9CD2205177B2AEA0054ED3F /* NSAttributeDescription+MagicalDataImport.m */,
				E9CD2206177B2AEA0054ED3F /* NSEntityDescription+MagicalDataImport.h */,
				E9CD2207177B2AEA0054ED3F /* NSEntityDescription+MagicalDataImport.m */,
				E9CD2208177B2AEA0054ED3F /* NSNumber+MagicalDataImport.h */,
				E9CD2209177B2AEA0054ED3F /* NSNumber+MagicalDataImport.m */,
				E9CD220A177B2AEA0054ED3F /* NSObject+MagicalDataImport.h */,
				E9CD220B177B2AEA0054ED3F /* NSObject+MagicalDataImport.m */,
				E9CD220C177B2AEA0054ED3F /* NSRelationshipDescription+MagicalDataImport.h */,
				E9CD220D177B2AEA0054ED3F /* NSRelationshipDescription+MagicalDataImport.m */,
				E9CD220E177B2AEA0054ED3F /* NSString+MagicalDataImport.h */,
				E9CD220F177B2AEA0054ED3F /* NSString+MagicalDataImport.m */,
			);
			path = DataImport;
			sourceTree = "<group>";
		};
		E9CD2210177B2AEA0054ED3F /* NSManagedObject */ = {
			isa = PBXGroup;
			children = (
				E9CD2211177B2AEA0054ED3F /* NSManagedObject+MagicalAggregation.h */,
				E9CD2212177B2AEA0054ED3F /* NSManagedObject+MagicalAggregation.m */,
				E9CD2213177B2AEA0054ED3F /* NSManagedObject+MagicalDataImport.h */,
				E9CD2214177B2AEA0054ED3F /* NSManagedObject+MagicalDataImport.m */,
				E9CD2215177B2AEA0054ED3F /* NSManagedObject+MagicalFinders.h */,
				E9CD2216177B2AEA0054ED3F /* NSManagedObject+MagicalFinders.m */,
				E9CD2217177B2AEA0054ED3F /* NSManagedObject+MagicalRecord.h */,
				E9CD2218177B2AEA0054ED3F /* NSManagedObject+MagicalRecord.m */,
				E9CD2219177B2AEA0054ED3F /* NSManagedObject+MagicalRequests.h */,
				E9CD221A177B2AEA0054ED3F /* NSManagedObject+MagicalRequests.m */,
			);
			path = NSManagedObject;
			sourceTree = "<group>";
		};
		E9CD221B177B2AEA0054ED3F /* NSManagedObjectContext */ = {
			isa = PBXGroup;
			children = (
				E9CD221C177B2AEA0054ED3F /* NSManagedObjectContext+MagicalObserving.h */,
				E9CD221D177B2AEA0054ED3F /* NSManagedObjectContext+MagicalObserving.m */,
				E9CD221E177B2AEA0054ED3F /* NSManagedObjectContext+MagicalRecord.h */,
				E9CD221F177B2AEA0054ED3F /* NSManagedObjectContext+MagicalRecord.m */,
				E9CD2220177B2AEA0054ED3F /* NSManagedObjectContext+MagicalSaves.h */,
				E9CD2221177B2AEA0054ED3F /* NSManagedObjectContext+MagicalSaves.m */,
				E9CD2222177B2AEA0054ED3F /* NSManagedObjectContext+MagicalThreading.h */,
				E9CD2223177B2AEA0054ED3F /* NSManagedObjectContext+MagicalThreading.m */,
			);
			path = NSManagedObjectContext;
			sourceTree = "<group>";
		};
		E9CD222A177B2AEA0054ED3F /* Core */ = {
			isa = PBXGroup;
			children = (
				E9CD222B177B2AEA0054ED3F /* MagicalRecord+Actions.h */,
				E9CD222C177B2AEA0054ED3F /* MagicalRecord+Actions.m */,
				E9CD222D177B2AEA0054ED3F /* MagicalRecord+ErrorHandling.h */,
				E9CD222E177B2AEA0054ED3F /* MagicalRecord+ErrorHandling.m */,
				E9CD222F177B2AEA0054ED3F /* MagicalRecord+iCloud.h */,
				E9CD2230177B2AEA0054ED3F /* MagicalRecord+iCloud.m */,
				E9CD2231177B2AEA0054ED3F /* MagicalRecord+Options.h */,
				E9CD2232177B2AEA0054ED3F /* MagicalRecord+Options.m */,
				E9CD2233177B2AEA0054ED3F /* MagicalRecord+Setup.h */,
				E9CD2234177B2AEA0054ED3F /* MagicalRecord+Setup.m */,
				E9CD2235177B2AEA0054ED3F /* MagicalRecord+ShorthandSupport.h */,
				E9CD2236177B2AEA0054ED3F /* MagicalRecord+ShorthandSupport.m */,
				E9CD2237177B2AEA0054ED3F /* MagicalRecord.h */,
				E9CD2238177B2AEA0054ED3F /* MagicalRecord.m */,
				E9CD2239177B2AEA0054ED3F /* MagicalRecordShorthand.h */,
			);
			path = Core;
			sourceTree = "<group>";
		};
		E9DBD3BA17688E9C00CCDA57 /* ThirdParty */ = {
			isa = PBXGroup;
			children = (
				E9B627AD17708E63004678D5 /* AFNetworking */,
				D702418A17478B16008954FD /* CorePlot */,
				E9CD21FF177B2AEA0054ED3F /* MagicalRecord */,
			);
			name = ThirdParty;
			sourceTree = "<group>";
		};
		E9EE1FA51769EC7F00D1F006 /* Model */ = {
			isa = PBXGroup;
			children = (
				E9EE1FA61769EC9200D1F006 /* Data */,
				E93338F5178C561B006E2314 /* ModelManager.h */,
				E93338F6178C561B006E2314 /* ModelManager.m */,
			);
			name = Model;
			sourceTree = "<group>";
		};
		E9EE1FA61769EC9200D1F006 /* Data */ = {
			isa = PBXGroup;
			children = (
				E93C86701781D727005E4212 /* MeasurementPoint+Util.h */,
				E93C86711781D727005E4212 /* MeasurementPoint+Util.m */,
				E995F0B6177C7A2A0011BF07 /* MeasurementPoint.h */,
				E995F0B7177C7A2A0011BF07 /* MeasurementPoint.m */,
				E93C866D1781D69A005E4212 /* MeasurementSession+Util.h */,
				E93C866E1781D69A005E4212 /* MeasurementSession+Util.m */,
				E99F8F75178F085F0090402C /* MeasurementSession.h */,
				E99F8F76178F085F0090402C /* MeasurementSession.m */,
				E93C86611781C764005E4212 /* Property+Util.h */,
				E93C86621781C764005E4212 /* Property+Util.m */,
				E93C86671781C88B005E4212 /* Property.h */,
				E93C86681781C88B005E4212 /* Property.m */,
			);
			name = Data;
			sourceTree = "<group>";
		};
		E9EE1FAD1769F01800D1F006 /* Util */ = {
			isa = PBXGroup;
			children = (
				E995F0B0177C55A80011BF07 /* DictionarySerializationUtil.h */,
				E995F0B1177C55A80011BF07 /* DictionarySerializationUtil.m */,
				E93C86581781BE56005E4212 /* LocationManager.h */,
				E93C86591781BE56005E4212 /* LocationManager.m */,
				E9BB7A0B178DE2D9002E746F /* QueryStringUtil.h */,
				E9BB7A0C178DE2D9002E746F /* QueryStringUtil.m */,
				E9EE1FAE1769F08400D1F006 /* SharedSingleton.h */,
				E99F8F6F178EC5AD0090402C /* UnitUtil.h */,
				E99F8F70178EC5AD0090402C /* UnitUtil.m */,
				E94CBB5C177DB3050089D440 /* UUIDUtil.h */,
				E94CBB5D177DB3050089D440 /* UUIDUtil.m */,
			);
			name = Util;
			sourceTree = "<group>";
		};
/* End PBXGroup section */

/* Begin PBXNativeTarget section */
		D7A4F1C6173A8DDB00D1ACEE /* Vaavud */ = {
			isa = PBXNativeTarget;
			buildConfigurationList = D7A4F1EA173A8DDB00D1ACEE /* Build configuration list for PBXNativeTarget "Vaavud" */;
			buildPhases = (
				D7A4F1C3173A8DDB00D1ACEE /* Sources */,
				D7A4F1C4173A8DDB00D1ACEE /* Frameworks */,
				D7A4F1C5173A8DDB00D1ACEE /* Resources */,
			);
			buildRules = (
			);
			dependencies = (
			);
			name = Vaavud;
			productName = VaavudCore;
			productReference = D7A4F1C7173A8DDB00D1ACEE /* Vaavud.app */;
			productType = "com.apple.product-type.application";
		};
/* End PBXNativeTarget section */

/* Begin PBXProject section */
		D7A4F1BF173A8DDB00D1ACEE /* Project object */ = {
			isa = PBXProject;
			attributes = {
				CLASSPREFIX = vaavud;
				LastUpgradeCheck = 0460;
				ORGANIZATIONNAME = "Andreas Okholm";
			};
			buildConfigurationList = D7A4F1C2173A8DDB00D1ACEE /* Build configuration list for PBXProject "Vaavud" */;
			compatibilityVersion = "Xcode 3.2";
			developmentRegion = English;
			hasScannedForEncodings = 0;
			knownRegions = (
				en,
			);
			mainGroup = D7A4F1BE173A8DDB00D1ACEE;
			productRefGroup = D7A4F1C8173A8DDB00D1ACEE /* Products */;
			projectDirPath = "";
			projectRoot = "";
			targets = (
				D7A4F1C6173A8DDB00D1ACEE /* Vaavud */,
			);
		};
/* End PBXProject section */

/* Begin PBXResourcesBuildPhase section */
		D7A4F1C5173A8DDB00D1ACEE /* Resources */ = {
			isa = PBXResourcesBuildPhase;
			buildActionMask = 2147483647;
			files = (
				D7A4F1D5173A8DDB00D1ACEE /* InfoPlist.strings in Resources */,
				D7A4F1E4173A8DDB00D1ACEE /* MainStoryboard.storyboard in Resources */,
				D70241831746D7F1008954FD /* VaavudIcon114.png in Resources */,
				D70241851746D7F6008954FD /* VaavudIcon57.png in Resources */,
				D7B5BD4B17574E8C0069F739 /* VaavudTransparent100px.png in Resources */,
				D7B5BD4D17574E970069F739 /* VaavudTransparent100px@2x.png in Resources */,
				D7409DAA1769C1A900890CC9 /* startButton.png in Resources */,
				D7409DAB1769C1A900890CC9 /* startButton@2x.png in Resources */,
				D7409DAC1769C1A900890CC9 /* stopButton.png in Resources */,
				D7409DAD1769C1A900890CC9 /* stopButton@2x.png in Resources */,
				E9B47A0E179599E500E8A82E /* Default-568h@2x.png in Resources */,
				E9B47A1417959AFB00E8A82E /* Default.png in Resources */,
				E9B47A1517959F3600E8A82E /* Default@2x.png in Resources */,
			);
			runOnlyForDeploymentPostprocessing = 0;
		};
/* End PBXResourcesBuildPhase section */

/* Begin PBXSourcesBuildPhase section */
		D7A4F1C3173A8DDB00D1ACEE /* Sources */ = {
			isa = PBXSourcesBuildPhase;
			buildActionMask = 2147483647;
			files = (
				D7A4F1D7173A8DDB00D1ACEE /* main.m in Sources */,
				D7A4F1DB173A8DDB00D1ACEE /* vaavudAppDelegate.m in Sources */,
				D7A4F1E7173A8DDB00D1ACEE /* vaavudViewController.m in Sources */,
				D7A4F1F2173A8FAB00D1ACEE /* VaavudCoreController.m in Sources */,
				D7C860FA173B061E005E9946 /* VaavudMagneticFieldDataManager.m in Sources */,
				D71BE13717439AA000B38E34 /* vaavudFFT.m in Sources */,
				D7092E8A1748FE9C00993235 /* vaavudDynamicsController.m in Sources */,
				D7B5BD51175775EB0069F739 /* vaavudGraphHostingView.m in Sources */,
				E9EE1FA41769E54E00D1F006 /* Model.xcdatamodeld in Sources */,
				E9B627C117708E63004678D5 /* AFHTTPClient.m in Sources */,
				E9B627C217708E63004678D5 /* AFHTTPRequestOperation.m in Sources */,
				E9B627C317708E63004678D5 /* AFImageRequestOperation.m in Sources */,
				E9B627C417708E63004678D5 /* AFJSONRequestOperation.m in Sources */,
				E9B627C517708E63004678D5 /* AFNetworkActivityIndicatorManager.m in Sources */,
				E9B627C617708E63004678D5 /* AFPropertyListRequestOperation.m in Sources */,
				E9B627C717708E63004678D5 /* AFURLConnectionOperation.m in Sources */,
				E9B627C817708E63004678D5 /* AFXMLRequestOperation.m in Sources */,
				E9B627C917708E63004678D5 /* UIImageView+AFNetworking.m in Sources */,
				E9B627D1177096D6004678D5 /* VaavudAPIHTTPClient.m in Sources */,
				E90F76CE1771EB2B00F51A4F /* ServerUploadManager.m in Sources */,
				E9CD223B177B2AEA0054ED3F /* MagicalImportFunctions.m in Sources */,
				E9CD223C177B2AEA0054ED3F /* NSAttributeDescription+MagicalDataImport.m in Sources */,
				E9CD223D177B2AEA0054ED3F /* NSEntityDescription+MagicalDataImport.m in Sources */,
				E9CD223E177B2AEA0054ED3F /* NSNumber+MagicalDataImport.m in Sources */,
				E9CD223F177B2AEA0054ED3F /* NSObject+MagicalDataImport.m in Sources */,
				E9CD2240177B2AEA0054ED3F /* NSRelationshipDescription+MagicalDataImport.m in Sources */,
				E9CD2241177B2AEA0054ED3F /* NSString+MagicalDataImport.m in Sources */,
				E9CD2242177B2AEA0054ED3F /* NSManagedObject+MagicalAggregation.m in Sources */,
				E9CD2243177B2AEA0054ED3F /* NSManagedObject+MagicalDataImport.m in Sources */,
				E9CD2244177B2AEA0054ED3F /* NSManagedObject+MagicalFinders.m in Sources */,
				E9CD2245177B2AEA0054ED3F /* NSManagedObject+MagicalRecord.m in Sources */,
				E9CD2246177B2AEA0054ED3F /* NSManagedObject+MagicalRequests.m in Sources */,
				E9CD2247177B2AEA0054ED3F /* NSManagedObjectContext+MagicalObserving.m in Sources */,
				E9CD2248177B2AEA0054ED3F /* NSManagedObjectContext+MagicalRecord.m in Sources */,
				E9CD2249177B2AEA0054ED3F /* NSManagedObjectContext+MagicalSaves.m in Sources */,
				E9CD224A177B2AEA0054ED3F /* NSManagedObjectContext+MagicalThreading.m in Sources */,
				E9CD224B177B2AEA0054ED3F /* NSManagedObjectModel+MagicalRecord.m in Sources */,
				E9CD224C177B2AEA0054ED3F /* NSPersistentStore+MagicalRecord.m in Sources */,
				E9CD224D177B2AEA0054ED3F /* NSPersistentStoreCoordinator+MagicalRecord.m in Sources */,
				E9CD224E177B2AEA0054ED3F /* MagicalRecord+Actions.m in Sources */,
				E9CD224F177B2AEA0054ED3F /* MagicalRecord+ErrorHandling.m in Sources */,
				E9CD2250177B2AEA0054ED3F /* MagicalRecord+iCloud.m in Sources */,
				E9CD2251177B2AEA0054ED3F /* MagicalRecord+Options.m in Sources */,
				E9CD2252177B2AEA0054ED3F /* MagicalRecord+Setup.m in Sources */,
				E9CD2253177B2AEA0054ED3F /* MagicalRecord+ShorthandSupport.m in Sources */,
				E9CD2254177B2AEA0054ED3F /* MagicalRecord.m in Sources */,
				E995F0B2177C55A80011BF07 /* DictionarySerializationUtil.m in Sources */,
				E995F0B8177C7A2A0011BF07 /* MeasurementPoint.m in Sources */,
				E94CBB5E177DB3050089D440 /* UUIDUtil.m in Sources */,
				E93C865A1781BE56005E4212 /* LocationManager.m in Sources */,
				E93C86631781C764005E4212 /* Property+Util.m in Sources */,
				E93C86691781C88B005E4212 /* Property.m in Sources */,
				E93C866F1781D69A005E4212 /* MeasurementSession+Util.m in Sources */,
				E93C86721781D727005E4212 /* MeasurementPoint+Util.m in Sources */,
				E93338F7178C561B006E2314 /* ModelManager.m in Sources */,
				E9BB7A0D178DE2D9002E746F /* QueryStringUtil.m in Sources */,
				E99F8F71178EC5AD0090402C /* UnitUtil.m in Sources */,
				E99F8F77178F085F0090402C /* MeasurementSession.m in Sources */,
				E9B47A031794217200E8A82E /* Terms.m in Sources */,
				E9B47A0A1794315100E8A82E /* TermsViewController.m in Sources */,
			);
			runOnlyForDeploymentPostprocessing = 0;
		};
/* End PBXSourcesBuildPhase section */

/* Begin PBXVariantGroup section */
		D7A4F1D3173A8DDB00D1ACEE /* InfoPlist.strings */ = {
			isa = PBXVariantGroup;
			children = (
				D7A4F1D4173A8DDB00D1ACEE /* en */,
			);
			name = InfoPlist.strings;
			sourceTree = "<group>";
		};
		D7A4F1E2173A8DDB00D1ACEE /* MainStoryboard.storyboard */ = {
			isa = PBXVariantGroup;
			children = (
				D7A4F1E3173A8DDB00D1ACEE /* en */,
			);
			name = MainStoryboard.storyboard;
			sourceTree = "<group>";
		};
/* End PBXVariantGroup section */

/* Begin XCBuildConfiguration section */
		D7A4F1E8173A8DDB00D1ACEE /* Debug */ = {
			isa = XCBuildConfiguration;
			buildSettings = {
				ALWAYS_SEARCH_USER_PATHS = NO;
				CLANG_CXX_LANGUAGE_STANDARD = "gnu++0x";
				CLANG_CXX_LIBRARY = "libc++";
				CLANG_ENABLE_OBJC_ARC = YES;
				CLANG_WARN_CONSTANT_CONVERSION = YES;
				CLANG_WARN_EMPTY_BODY = YES;
				CLANG_WARN_ENUM_CONVERSION = YES;
				CLANG_WARN_INT_CONVERSION = YES;
				CLANG_WARN__DUPLICATE_METHOD_MATCH = YES;
				"CODE_SIGN_IDENTITY[sdk=iphoneos*]" = "iPhone Developer";
				COPY_PHASE_STRIP = NO;
				GCC_C_LANGUAGE_STANDARD = gnu99;
				GCC_DYNAMIC_NO_PIC = NO;
				GCC_OPTIMIZATION_LEVEL = 0;
				GCC_PREPROCESSOR_DEFINITIONS = (
					"DEBUG=1",
					"$(inherited)",
				);
				GCC_SYMBOLS_PRIVATE_EXTERN = NO;
				GCC_WARN_ABOUT_RETURN_TYPE = YES;
				GCC_WARN_UNINITIALIZED_AUTOS = YES;
				GCC_WARN_UNUSED_VARIABLE = YES;
				IPHONEOS_DEPLOYMENT_TARGET = 6.1;
				ONLY_ACTIVE_ARCH = YES;
				SDKROOT = iphoneos;
			};
			name = Debug;
		};
		D7A4F1E9173A8DDB00D1ACEE /* Release */ = {
			isa = XCBuildConfiguration;
			buildSettings = {
				ALWAYS_SEARCH_USER_PATHS = NO;
				CLANG_CXX_LANGUAGE_STANDARD = "gnu++0x";
				CLANG_CXX_LIBRARY = "libc++";
				CLANG_ENABLE_OBJC_ARC = YES;
				CLANG_WARN_CONSTANT_CONVERSION = YES;
				CLANG_WARN_EMPTY_BODY = YES;
				CLANG_WARN_ENUM_CONVERSION = YES;
				CLANG_WARN_INT_CONVERSION = YES;
				CLANG_WARN__DUPLICATE_METHOD_MATCH = YES;
				"CODE_SIGN_IDENTITY[sdk=iphoneos*]" = "iPhone Developer";
				COPY_PHASE_STRIP = YES;
				GCC_C_LANGUAGE_STANDARD = gnu99;
				GCC_WARN_ABOUT_RETURN_TYPE = YES;
				GCC_WARN_UNINITIALIZED_AUTOS = YES;
				GCC_WARN_UNUSED_VARIABLE = YES;
				IPHONEOS_DEPLOYMENT_TARGET = 6.1;
				OTHER_CFLAGS = "-DNS_BLOCK_ASSERTIONS=1";
				SDKROOT = iphoneos;
				VALIDATE_PRODUCT = YES;
			};
			name = Release;
		};
		D7A4F1EB173A8DDB00D1ACEE /* Debug */ = {
			isa = XCBuildConfiguration;
			buildSettings = {
				CODE_SIGN_IDENTITY = "iPhone Distribution";
				GCC_PRECOMPILE_PREFIX_HEADER = YES;
				GCC_PREFIX_HEADER = "VaavudCore/Vaavud-Prefix.pch";
				INFOPLIST_FILE = "VaavudCore/Vaavud-Info.plist";
				IPHONEOS_DEPLOYMENT_TARGET = 6.0;
				LIBRARY_SEARCH_PATHS = (
					"$(inherited)",
					"\"$(SRCROOT)\"",
				);
				OTHER_LDFLAGS = "-ObjC";
				PRODUCT_NAME = Vaavud;
				PROVISIONING_PROFILE = "";
				TARGETED_DEVICE_FAMILY = 1;
				WRAPPER_EXTENSION = app;
			};
			name = Debug;
		};
		D7A4F1EC173A8DDB00D1ACEE /* Release */ = {
			isa = XCBuildConfiguration;
			buildSettings = {
				CODE_SIGN_IDENTITY = "iPhone Distribution";
				GCC_PRECOMPILE_PREFIX_HEADER = YES;
				GCC_PREFIX_HEADER = "VaavudCore/Vaavud-Prefix.pch";
				INFOPLIST_FILE = "VaavudCore/Vaavud-Info.plist";
				IPHONEOS_DEPLOYMENT_TARGET = 6.0;
				LIBRARY_SEARCH_PATHS = (
					"$(inherited)",
					"\"$(SRCROOT)\"",
				);
				OTHER_LDFLAGS = "-ObjC";
				PRODUCT_NAME = Vaavud;
				PROVISIONING_PROFILE = "";
				TARGETED_DEVICE_FAMILY = 1;
				WRAPPER_EXTENSION = app;
			};
			name = Release;
		};
/* End XCBuildConfiguration section */

/* Begin XCConfigurationList section */
		D7A4F1C2173A8DDB00D1ACEE /* Build configuration list for PBXProject "Vaavud" */ = {
			isa = XCConfigurationList;
			buildConfigurations = (
				D7A4F1E8173A8DDB00D1ACEE /* Debug */,
				D7A4F1E9173A8DDB00D1ACEE /* Release */,
			);
			defaultConfigurationIsVisible = 0;
			defaultConfigurationName = Release;
		};
		D7A4F1EA173A8DDB00D1ACEE /* Build configuration list for PBXNativeTarget "Vaavud" */ = {
			isa = XCConfigurationList;
			buildConfigurations = (
				D7A4F1EB173A8DDB00D1ACEE /* Debug */,
				D7A4F1EC173A8DDB00D1ACEE /* Release */,
			);
			defaultConfigurationIsVisible = 0;
			defaultConfigurationName = Release;
		};
/* End XCConfigurationList section */

/* Begin XCVersionGroup section */
		E9EE1FA21769E54E00D1F006 /* Model.xcdatamodeld */ = {
			isa = XCVersionGroup;
			children = (
				E9EE1FA31769E54E00D1F006 /* Model.xcdatamodel */,
			);
			currentVersion = E9EE1FA31769E54E00D1F006 /* Model.xcdatamodel */;
			path = Model.xcdatamodeld;
			sourceTree = "<group>";
			versionGroupType = wrapper.xcdatamodel;
		};
/* End XCVersionGroup section */
	};
	rootObject = D7A4F1BF173A8DDB00D1ACEE /* Project object */;
}
